
Microsoft Visual Studio Solution File, Format Version 12.00
# Visual Studio Version 16
VisualStudioVersion = 16.0.30114.105
MinimumVisualStudioVersion = 10.0.40219.1
Project("{FAE04EC0-301F-11D3-BF4B-00C04F79EFBC}") = "Penguin.Cms.Modules.Email.Local", "Penguin.Cms.Modules.Email.Local.csproj", "{0E9D19B0-5284-4A00-A9E6-076513190996}"
EndProject
Project("{FAE04EC0-301F-11D3-BF4B-00C04F79EFBC}") = "Penguin.Web.Email.Templating.Local", "..\Penguin.Web.Email.Templating\Penguin.Web.Email.Templating.Local.csproj", "{0E8F1A90-FDCB-4E5F-9E9C-A77223BF1553}"
EndProject
Project("{FAE04EC0-301F-11D3-BF4B-00C04F79EFBC}") = "Penguin.Web.Mvc.Abstractions.Local", "..\Penguin.Web.Mvc.Abstractions\Penguin.Web.Mvc.Abstractions.Local.csproj", "{E5431EEB-BFCA-425F-8CFD-59D68203C563}"
EndProject
Project("{FAE04EC0-301F-11D3-BF4B-00C04F79EFBC}") = "Penguin.DependencyInjection.Abstractions.Local", "..\Penguin.DependencyInjection.Abstractions\Penguin.DependencyInjection.Abstractions.Local.csproj", "{41D8A5D5-5155-4617-9814-4AB089F8696C}"
EndProject
Project("{FAE04EC0-301F-11D3-BF4B-00C04F79EFBC}") = "Penguin.Email.Templating.Abstractions.Local", "..\Penguin.Email.Templating.Abstractions\Penguin.Email.Templating.Abstractions.Local.csproj", "{978EDEF3-3109-407C-B2DA-3949A05C28F6}"
EndProject
Project("{FAE04EC0-301F-11D3-BF4B-00C04F79EFBC}") = "Penguin.Email.Abstractions.Local", "..\Penguin.Email.Abstractions\Penguin.Email.Abstractions.Local.csproj", "{5F2A37FC-4ED6-4509-807C-EF725B8CF774}"
EndProject
Project("{FAE04EC0-301F-11D3-BF4B-00C04F79EFBC}") = "Penguin.Files.Abstractions.Local", "..\Penguin.Files.Abstractions\Penguin.Files.Abstractions.Local.csproj", "{B623C52D-7C67-400D-A4AA-F9AAD0D5E54D}"
EndProject
Project("{FAE04EC0-301F-11D3-BF4B-00C04F79EFBC}") = "Penguin.Templating.Abstractions.Local", "..\Penguin.Templating.Abstractions\Penguin.Templating.Abstractions.Local.csproj", "{A5A65D31-D9D4-4421-A5CF-4A7A8777FCD9}"
EndProject
Project("{FAE04EC0-301F-11D3-BF4B-00C04F79EFBC}") = "Penguin.Web.Templating.Local", "..\Penguin.Web.Templating\Penguin.Web.Templating.Local.csproj", "{A9FC290A-7D88-47DB-8DE5-09AE3D9C5ADC}"
EndProject
Project("{FAE04EC0-301F-11D3-BF4B-00C04F79EFBC}") = "Penguin.Reflection.Extensions.Local", "..\Penguin.Reflection.Extensions\Penguin.Reflection.Extensions.Local.csproj", "{E538DDBF-B7F7-4C4D-9655-433C8BBB4932}"
EndProject
Project("{FAE04EC0-301F-11D3-BF4B-00C04F79EFBC}") = "Penguin.Reflection.Abstractions.Local", "..\Penguin.Reflection.Abstractions\Penguin.Reflection.Abstractions.Local.csproj", "{212E9137-CE2D-44A6-A76D-4DCA42FC3B0E}"
EndProject
Project("{FAE04EC0-301F-11D3-BF4B-00C04F79EFBC}") = "Penguin.Extensions.String.Local", "..\Penguin.Extensions.String\Penguin.Extensions.String.Local.csproj", "{EB29FC7C-27D9-4744-AD8B-3E004C36D129}"
EndProject
Project("{FAE04EC0-301F-11D3-BF4B-00C04F79EFBC}") = "Penguin.Cms.Email.DependencyInjection.Local", "..\Penguin.Cms.Email.DependencyInjection\Penguin.Cms.Email.DependencyInjection.Local.csproj", "{5A03DADD-CA9E-46EA-964E-D8BDA0B69BC9}"
EndProject
Project("{FAE04EC0-301F-11D3-BF4B-00C04F79EFBC}") = "Penguin.Email.Templating.Local", "..\Penguin.Email.Templating\Penguin.Email.Templating.Local.csproj", "{9F1AE212-80FB-487B-969B-DC82203E83BE}"
EndProject
Project("{FAE04EC0-301F-11D3-BF4B-00C04F79EFBC}") = "Penguin.DependencyInjection.Local", "..\Penguin.DependencyInjection\Penguin.DependencyInjection.Local.csproj", "{7C0D4DBC-5B23-45C9-B465-F0AF8A996090}"
EndProject
Project("{FAE04EC0-301F-11D3-BF4B-00C04F79EFBC}") = "Penguin.Reflection.Local", "..\Penguin.Reflection\Penguin.Reflection.Local.csproj", "{B918C473-2820-4C03-8FD0-0292CE056CC1}"
EndProject
Project("{FAE04EC0-301F-11D3-BF4B-00C04F79EFBC}") = "Penguin.Debugging.Local", "..\Penguin.Debugging\Penguin.Debugging.Local.csproj", "{9FFFC8B0-2A20-4F60-A2A8-F7BF3147DBC2}"
EndProject
Project("{FAE04EC0-301F-11D3-BF4B-00C04F79EFBC}") = "Penguin.Extensions.Exceptions.Local", "..\Penguin.Extensions.Exceptions\Penguin.Extensions.Exceptions.Local.csproj", "{27025211-206B-40D6-9729-4BCA8A0905B3}"
EndProject
Project("{FAE04EC0-301F-11D3-BF4B-00C04F79EFBC}") = "Penguin.Cms.Email.Templating.Repositories.Local", "..\Penguin.Cms.Email.Templating.Repositories\Penguin.Cms.Email.Templating.Repositories.Local.csproj", "{D33D47E1-520D-4AF0-B2CF-23FDBEEC1578}"
EndProject
Project("{FAE04EC0-301F-11D3-BF4B-00C04F79EFBC}") = "Penguin.Cms.Email.Templating.Local", "..\Penguin.Cms.Email.Templating\Penguin.Cms.Email.Templating.Local.csproj", "{789E3713-2B2F-4308-A3E8-81D41AABF2FE}"
EndProject
Project("{FAE04EC0-301F-11D3-BF4B-00C04F79EFBC}") = "Penguin.Cms.Email.Abstractions.Local", "..\Penguin.Cms.Email.Abstractions\Penguin.Cms.Email.Abstractions.Local.csproj", "{4B0E42D6-B6CD-407F-ABC4-8418F10C4282}"
EndProject
Project("{FAE04EC0-301F-11D3-BF4B-00C04F79EFBC}") = "Penguin.Cms.Abstractions.Local", "..\Penguin.Cms.Abstractions\Penguin.Cms.Abstractions.Local.csproj", "{96668450-440E-4D85-8AD8-57D5A36875E5}"
EndProject
Project("{FAE04EC0-301F-11D3-BF4B-00C04F79EFBC}") = "Penguin.Persistence.Abstractions.Local", "..\Penguin.Persistence.Abstractions\Penguin.Persistence.Abstractions.Local.csproj", "{8F69B07A-266C-4AF4-91A8-0A42444C44B0}"
EndProject
Project("{FAE04EC0-301F-11D3-BF4B-00C04F79EFBC}") = "Penguin.Entities.Abstractions.Local", "..\Penguin.Entities.Abstractions\Penguin.Entities.Abstractions.Local.csproj", "{8F4D8ADD-272A-4971-8A71-4EF02855F710}"
EndProject
Project("{FAE04EC0-301F-11D3-BF4B-00C04F79EFBC}") = "Penguin.Cms.Entities.Local", "..\Penguin.Cms.Entities\Penguin.Cms.Entities.Local.csproj", "{C14B7614-9675-4FCA-B976-1740843B5950}"
EndProject
Project("{FAE04EC0-301F-11D3-BF4B-00C04F79EFBC}") = "Penguin.Cms.Email.Local", "..\Penguin.Cms.Email\Penguin.Cms.Email.Local.csproj", "{4E2FD5A8-A55B-4B2B-BDB6-B354146348E5}"
EndProject
Project("{FAE04EC0-301F-11D3-BF4B-00C04F79EFBC}") = "Penguin.Email.Local", "..\Penguin.Email\Penguin.Email.Local.csproj", "{C5384D07-B2C0-416B-93AF-F6614D04450E}"
EndProject
Project("{FAE04EC0-301F-11D3-BF4B-00C04F79EFBC}") = "Penguin.Web.Data.Local", "..\Penguin.Web.Data\Penguin.Web.Data.Local.csproj", "{65BA07AF-943E-4351-9B99-75B87AD18DB3}"
EndProject
Project("{FAE04EC0-301F-11D3-BF4B-00C04F79EFBC}") = "Penguin.Configuration.Abstractions.Local", "..\Penguin.Configuration.Abstractions\Penguin.Configuration.Abstractions.Local.csproj", "{D2A72383-3BE4-4B4E-94ED-D193B9842AE0}"
EndProject
Project("{FAE04EC0-301F-11D3-BF4B-00C04F79EFBC}") = "Penguin.Cms.Files.Local", "..\Penguin.Cms.Files\Penguin.Cms.Files.Local.csproj", "{FBDBDC71-F365-4764-92DE-1DD531FFB097}"
EndProject
Project("{FAE04EC0-301F-11D3-BF4B-00C04F79EFBC}") = "Penguin.Cms.Repositories.Local", "..\Penguin.Cms.Repositories\Penguin.Cms.Repositories.Local.csproj", "{907A1829-B0F9-4D95-B20F-7F1FB559DEAB}"
EndProject
Project("{FAE04EC0-301F-11D3-BF4B-00C04F79EFBC}") = "Penguin.Persistence.Repositories.Local", "..\Penguin.Persistence.Repositories\Penguin.Persistence.Repositories.Local.csproj", "{ADB7B30C-2C8F-43D6-A04E-C95D15599E06}"
EndProject
Project("{FAE04EC0-301F-11D3-BF4B-00C04F79EFBC}") = "Penguin.Messaging.Persistence.Local", "..\Penguin.Messaging.Persistence\Penguin.Messaging.Persistence.Local.csproj", "{FC03EA71-6B9E-4FA0-B0E6-2DBCFBCD7A5C}"
EndProject
Project("{FAE04EC0-301F-11D3-BF4B-00C04F79EFBC}") = "Penguin.Messaging.Abstractions.Local", "..\Penguin.Messaging.Abstractions\Penguin.Messaging.Abstractions.Local.csproj", "{8AAB2A84-6FD7-4D5F-B9D0-B615A1611B46}"
EndProject
Project("{FAE04EC0-301F-11D3-BF4B-00C04F79EFBC}") = "Penguin.Messaging.Core.Local", "..\Penguin.Messaging.Core\Penguin.Messaging.Core.Local.csproj", "{5705D43A-3B4B-4696-B236-D30146FC033C}"
EndProject
Project("{FAE04EC0-301F-11D3-BF4B-00C04F79EFBC}") = "Penguin.Cms.Modules.Dynamic.Local", "..\Penguin.Cms.Modules.Dynamic\Penguin.Cms.Modules.Dynamic.Local.csproj", "{4A492F53-484B-493D-B0F2-80C285CC29E2}"
EndProject
Project("{FAE04EC0-301F-11D3-BF4B-00C04F79EFBC}") = "Penguin.Shared.Objects.Local", "..\Penguin.Shared.Objects\Penguin.Shared.Objects.Local.csproj", "{70223264-67F5-4238-8A51-8F4972D9BC18}"
EndProject
Project("{FAE04EC0-301F-11D3-BF4B-00C04F79EFBC}") = "Penguin.Cms.Errors.Local", "..\Penguin.Cms.Errors\Penguin.Cms.Errors.Local.csproj", "{21D771CB-C528-47B4-846C-BE0DFC7C150D}"
EndProject
Project("{FAE04EC0-301F-11D3-BF4B-00C04F79EFBC}") = "Penguin.Auditing.Abstractions.Local", "..\Penguin.Auditing.Abstractions\Penguin.Auditing.Abstractions.Local.csproj", "{1EEC5F2D-0AFB-49EE-90B7-DD2017C8E1EA}"
EndProject
Project("{FAE04EC0-301F-11D3-BF4B-00C04F79EFBC}") = "Penguin.Web.Dynamic.Local", "..\Penguin.Web.Dynamic\Penguin.Web.Dynamic.Local.csproj", "{5A26171A-EC39-4C64-845A-4CC32F9B1414}"
EndProject
Project("{FAE04EC0-301F-11D3-BF4B-00C04F79EFBC}") = "Penguin.Extensions.Collections.Local", "..\Penguin.Extensions.Collections\Penguin.Extensions.Collections.Local.csproj", "{72773D27-8344-469C-B579-D55A6679D16A}"
EndProject
Project("{FAE04EC0-301F-11D3-BF4B-00C04F79EFBC}") = "Penguin.Reflection.Serialization.Local", "..\Penguin.Reflection.Serialization\Penguin.Reflection.Serialization.Local.csproj", "{27CC6593-0AC7-4FC2-BD29-4507095FA22E}"
EndProject
Project("{FAE04EC0-301F-11D3-BF4B-00C04F79EFBC}") = "Penguin.Reflection.Serialization.Abstractions.Local", "..\Penguin.Reflection.Serialization.Abstractions\Penguin.Reflection.Serialization.Abstractions.Local.csproj", "{BC221040-F7BB-4581-8E07-9F2F4DB9538C}"
EndProject
Project("{FAE04EC0-301F-11D3-BF4B-00C04F79EFBC}") = "Penguin.Cms.Modules.Admin.Local", "..\Penguin.Cms.Modules.Admin\Penguin.Cms.Modules.Admin.Local.csproj", "{FC808EA2-B1FD-4B10-A129-455CB3CAB12C}"
EndProject
Project("{FAE04EC0-301F-11D3-BF4B-00C04F79EFBC}") = "Penguin.Web.Security.Local", "..\Penguin.Web.Security\Penguin.Web.Security.Local.csproj", "{969A73FB-26BF-4D99-B3E2-F7E41D0A7C80}"
EndProject
Project("{FAE04EC0-301F-11D3-BF4B-00C04F79EFBC}") = "Penguin.Security.Abstractions.Local", "..\Penguin.Security.Abstractions\Penguin.Security.Abstractions.Local.csproj", "{263098FB-2B08-494F-AE8F-8CAE28CF7006}"
EndProject
Project("{FAE04EC0-301F-11D3-BF4B-00C04F79EFBC}") = "Penguin.Cms.Modules.Core.Local", "..\Penguin.Cms.Modules.Core\Penguin.Cms.Modules.Core.Local.csproj", "{58A46B14-3E1A-41B5-8BB4-EBE965B63ABB}"
EndProject
Project("{FAE04EC0-301F-11D3-BF4B-00C04F79EFBC}") = "Penguin.Navigation.Abstractions.Local", "..\Penguin.Navigation.Abstractions\Penguin.Navigation.Abstractions.Local.csproj", "{48351EDA-B263-4212-A079-3CA249EA3997}"
EndProject
Project("{FAE04EC0-301F-11D3-BF4B-00C04F79EFBC}") = "Penguin.Cms.Core.Local", "..\Penguin.Cms.Core\Penguin.Cms.Core.Local.csproj", "{D3532701-7A1D-4E0F-BD94-A6C02703360F}"
EndProject
Project("{FAE04EC0-301F-11D3-BF4B-00C04F79EFBC}") = "Penguin.Cms.Web.Local", "..\Penguin.Cms.Web\Penguin.Cms.Web.Local.csproj", "{03174D0C-FF31-44FC-9B33-A5CDE1BE4724}"
EndProject
Project("{FAE04EC0-301F-11D3-BF4B-00C04F79EFBC}") = "Penguin.Web.Mvc.Local", "..\Penguin.Web.Mvc\Penguin.Web.Mvc.Local.csproj", "{54011EAF-9CDA-47BF-BECB-3F44311F5CEE}"
EndProject
Project("{FAE04EC0-301F-11D3-BF4B-00C04F79EFBC}") = "Penguin.Web.Abstractions.Local", "..\Penguin.Web.Abstractions\Penguin.Web.Abstractions.Local.csproj", "{B96E2689-2A9A-4B85-8DC2-990657256F7B}"
EndProject
Project("{FAE04EC0-301F-11D3-BF4B-00C04F79EFBC}") = "Penguin.Configuration.Local", "..\Penguin.Configuration\Penguin.Configuration.Local.csproj", "{99565D6A-DA72-4501-828A-FEBF385EF08A}"
EndProject
Project("{FAE04EC0-301F-11D3-BF4B-00C04F79EFBC}") = "Penguin.Messaging.Application.Local", "..\Penguin.Messaging.Application\Penguin.Messaging.Application.Local.csproj", "{FABEA41C-B392-4D85-A7EE-8E8FEAA7770E}"
EndProject
Project("{FAE04EC0-301F-11D3-BF4B-00C04F79EFBC}") = "Penguin.Testing.Local", "..\Penguin.Testing\Penguin.Testing.Local.csproj", "{1D9D8BA1-2B22-4D5F-8018-14471B62CF47}"
EndProject
Project("{FAE04EC0-301F-11D3-BF4B-00C04F79EFBC}") = "Penguin.Web.Errors.Local", "..\Penguin.Web.Errors\Penguin.Web.Errors.Local.csproj", "{6D68BAEF-AA71-41E0-833C-B0124F914ED0}"
EndProject
Project("{FAE04EC0-301F-11D3-BF4B-00C04F79EFBC}") = "Penguin.Files.Local", "..\Penguin.Files\Penguin.Files.Local.csproj", "{8B770AD0-148A-4667-98B5-D87A352B32CD}"
EndProject
Project("{FAE04EC0-301F-11D3-BF4B-00C04F79EFBC}") = "Penguin.Web.DependencyInjection.Local", "..\Penguin.Web.DependencyInjection\Penguin.Web.DependencyInjection.Local.csproj", "{80C95AB7-2780-4C5A-8647-0087589B14A9}"
EndProject
Project("{FAE04EC0-301F-11D3-BF4B-00C04F79EFBC}") = "Penguin.Web.Testing.Local", "..\Penguin.Web.Testing\Penguin.Web.Testing.Local.csproj", "{B4B68514-BB21-4942-B4B9-E6A0DD5E2541}"
EndProject
Project("{FAE04EC0-301F-11D3-BF4B-00C04F79EFBC}") = "Penguin.Reflection.Serialization.Extensions.Local", "..\Penguin.Reflection.Serialization.Extensions\Penguin.Reflection.Serialization.Extensions.Local.csproj", "{360636B5-D396-4ABA-916D-C818CA59A8F1}"
EndProject
Project("{FAE04EC0-301F-11D3-BF4B-00C04F79EFBC}") = "Penguin.Persistence.Database.Local", "..\Penguin.Persistence.Database\Penguin.Persistence.Database.Local.csproj", "{CE49C96A-6153-4DE7-B4FD-E8FF0AC4E95E}"
EndProject
Project("{FAE04EC0-301F-11D3-BF4B-00C04F79EFBC}") = "Penguin.Threading.BackgroundWorker.Local", "..\Penguin.Threading.BackgroundWorker\Penguin.Threading.BackgroundWorker.Local.csproj", "{A4D777E1-9B91-4F06-8F7F-E56DBC449F07}"
EndProject
Project("{FAE04EC0-301F-11D3-BF4B-00C04F79EFBC}") = "Penguin.Json.Local", "..\Penguin.Json\Penguin.Json.Local.csproj", "{6E68ADF7-7D13-4827-8C77-4B3397EF88B6}"
EndProject
Project("{FAE04EC0-301F-11D3-BF4B-00C04F79EFBC}") = "Penguin.SystemExtensions.Abstractions.Local", "..\Penguin.SystemExtensions.Abstractions\Penguin.SystemExtensions.Abstractions.Local.csproj", "{89C45FA4-443C-48B8-A220-25FC51630288}"
EndProject
Project("{FAE04EC0-301F-11D3-BF4B-00C04F79EFBC}") = "Penguin.Json.Abstractions.Local", "..\Penguin.Json.Abstractions\Penguin.Json.Abstractions.Local.csproj", "{39A330EE-ADB1-49D7-A97D-BEAA09D63517}"
EndProject
Global
	GlobalSection(SolutionConfigurationPlatforms) = preSolution
		Debug|Any CPU = Debug|Any CPU
		Debug|x64 = Debug|x64
		Debug|x86 = Debug|x86
		Release|Any CPU = Release|Any CPU
		Release|x64 = Release|x64
		Release|x86 = Release|x86
	EndGlobalSection
	GlobalSection(SolutionProperties) = preSolution
		HideSolutionNode = FALSE
	EndGlobalSection
	GlobalSection(ProjectConfigurationPlatforms) = postSolution
		{0E9D19B0-5284-4A00-A9E6-076513190996}.Debug|Any CPU.ActiveCfg = Debug|Any CPU
		{0E9D19B0-5284-4A00-A9E6-076513190996}.Debug|Any CPU.Build.0 = Debug|Any CPU
		{0E9D19B0-5284-4A00-A9E6-076513190996}.Debug|x64.ActiveCfg = Debug|Any CPU
		{0E9D19B0-5284-4A00-A9E6-076513190996}.Debug|x64.Build.0 = Debug|Any CPU
		{0E9D19B0-5284-4A00-A9E6-076513190996}.Debug|x86.ActiveCfg = Debug|Any CPU
		{0E9D19B0-5284-4A00-A9E6-076513190996}.Debug|x86.Build.0 = Debug|Any CPU
		{0E9D19B0-5284-4A00-A9E6-076513190996}.Release|Any CPU.ActiveCfg = Release|Any CPU
		{0E9D19B0-5284-4A00-A9E6-076513190996}.Release|Any CPU.Build.0 = Release|Any CPU
		{0E9D19B0-5284-4A00-A9E6-076513190996}.Release|x64.ActiveCfg = Release|Any CPU
		{0E9D19B0-5284-4A00-A9E6-076513190996}.Release|x64.Build.0 = Release|Any CPU
		{0E9D19B0-5284-4A00-A9E6-076513190996}.Release|x86.ActiveCfg = Release|Any CPU
		{0E9D19B0-5284-4A00-A9E6-076513190996}.Release|x86.Build.0 = Release|Any CPU
		{0E8F1A90-FDCB-4E5F-9E9C-A77223BF1553}.Debug|Any CPU.ActiveCfg = Debug|Any CPU
		{0E8F1A90-FDCB-4E5F-9E9C-A77223BF1553}.Debug|Any CPU.Build.0 = Debug|Any CPU
		{0E8F1A90-FDCB-4E5F-9E9C-A77223BF1553}.Debug|x64.ActiveCfg = Debug|Any CPU
		{0E8F1A90-FDCB-4E5F-9E9C-A77223BF1553}.Debug|x64.Build.0 = Debug|Any CPU
		{0E8F1A90-FDCB-4E5F-9E9C-A77223BF1553}.Debug|x86.ActiveCfg = Debug|Any CPU
		{0E8F1A90-FDCB-4E5F-9E9C-A77223BF1553}.Debug|x86.Build.0 = Debug|Any CPU
		{0E8F1A90-FDCB-4E5F-9E9C-A77223BF1553}.Release|Any CPU.ActiveCfg = Release|Any CPU
		{0E8F1A90-FDCB-4E5F-9E9C-A77223BF1553}.Release|Any CPU.Build.0 = Release|Any CPU
		{0E8F1A90-FDCB-4E5F-9E9C-A77223BF1553}.Release|x64.ActiveCfg = Release|Any CPU
		{0E8F1A90-FDCB-4E5F-9E9C-A77223BF1553}.Release|x64.Build.0 = Release|Any CPU
		{0E8F1A90-FDCB-4E5F-9E9C-A77223BF1553}.Release|x86.ActiveCfg = Release|Any CPU
		{0E8F1A90-FDCB-4E5F-9E9C-A77223BF1553}.Release|x86.Build.0 = Release|Any CPU
		{E5431EEB-BFCA-425F-8CFD-59D68203C563}.Debug|Any CPU.ActiveCfg = Debug|Any CPU
		{E5431EEB-BFCA-425F-8CFD-59D68203C563}.Debug|Any CPU.Build.0 = Debug|Any CPU
		{E5431EEB-BFCA-425F-8CFD-59D68203C563}.Debug|x64.ActiveCfg = Debug|Any CPU
		{E5431EEB-BFCA-425F-8CFD-59D68203C563}.Debug|x64.Build.0 = Debug|Any CPU
		{E5431EEB-BFCA-425F-8CFD-59D68203C563}.Debug|x86.ActiveCfg = Debug|Any CPU
		{E5431EEB-BFCA-425F-8CFD-59D68203C563}.Debug|x86.Build.0 = Debug|Any CPU
		{E5431EEB-BFCA-425F-8CFD-59D68203C563}.Release|Any CPU.ActiveCfg = Release|Any CPU
		{E5431EEB-BFCA-425F-8CFD-59D68203C563}.Release|Any CPU.Build.0 = Release|Any CPU
		{E5431EEB-BFCA-425F-8CFD-59D68203C563}.Release|x64.ActiveCfg = Release|Any CPU
		{E5431EEB-BFCA-425F-8CFD-59D68203C563}.Release|x64.Build.0 = Release|Any CPU
		{E5431EEB-BFCA-425F-8CFD-59D68203C563}.Release|x86.ActiveCfg = Release|Any CPU
		{E5431EEB-BFCA-425F-8CFD-59D68203C563}.Release|x86.Build.0 = Release|Any CPU
		{41D8A5D5-5155-4617-9814-4AB089F8696C}.Debug|Any CPU.ActiveCfg = Debug|Any CPU
		{41D8A5D5-5155-4617-9814-4AB089F8696C}.Debug|Any CPU.Build.0 = Debug|Any CPU
		{41D8A5D5-5155-4617-9814-4AB089F8696C}.Debug|x64.ActiveCfg = Debug|Any CPU
		{41D8A5D5-5155-4617-9814-4AB089F8696C}.Debug|x64.Build.0 = Debug|Any CPU
		{41D8A5D5-5155-4617-9814-4AB089F8696C}.Debug|x86.ActiveCfg = Debug|Any CPU
		{41D8A5D5-5155-4617-9814-4AB089F8696C}.Debug|x86.Build.0 = Debug|Any CPU
		{41D8A5D5-5155-4617-9814-4AB089F8696C}.Release|Any CPU.ActiveCfg = Release|Any CPU
		{41D8A5D5-5155-4617-9814-4AB089F8696C}.Release|Any CPU.Build.0 = Release|Any CPU
		{41D8A5D5-5155-4617-9814-4AB089F8696C}.Release|x64.ActiveCfg = Release|Any CPU
		{41D8A5D5-5155-4617-9814-4AB089F8696C}.Release|x64.Build.0 = Release|Any CPU
		{41D8A5D5-5155-4617-9814-4AB089F8696C}.Release|x86.ActiveCfg = Release|Any CPU
		{41D8A5D5-5155-4617-9814-4AB089F8696C}.Release|x86.Build.0 = Release|Any CPU
		{978EDEF3-3109-407C-B2DA-3949A05C28F6}.Debug|Any CPU.ActiveCfg = Debug|Any CPU
		{978EDEF3-3109-407C-B2DA-3949A05C28F6}.Debug|Any CPU.Build.0 = Debug|Any CPU
		{978EDEF3-3109-407C-B2DA-3949A05C28F6}.Debug|x64.ActiveCfg = Debug|Any CPU
		{978EDEF3-3109-407C-B2DA-3949A05C28F6}.Debug|x64.Build.0 = Debug|Any CPU
		{978EDEF3-3109-407C-B2DA-3949A05C28F6}.Debug|x86.ActiveCfg = Debug|Any CPU
		{978EDEF3-3109-407C-B2DA-3949A05C28F6}.Debug|x86.Build.0 = Debug|Any CPU
		{978EDEF3-3109-407C-B2DA-3949A05C28F6}.Release|Any CPU.ActiveCfg = Release|Any CPU
		{978EDEF3-3109-407C-B2DA-3949A05C28F6}.Release|Any CPU.Build.0 = Release|Any CPU
		{978EDEF3-3109-407C-B2DA-3949A05C28F6}.Release|x64.ActiveCfg = Release|Any CPU
		{978EDEF3-3109-407C-B2DA-3949A05C28F6}.Release|x64.Build.0 = Release|Any CPU
		{978EDEF3-3109-407C-B2DA-3949A05C28F6}.Release|x86.ActiveCfg = Release|Any CPU
		{978EDEF3-3109-407C-B2DA-3949A05C28F6}.Release|x86.Build.0 = Release|Any CPU
		{5F2A37FC-4ED6-4509-807C-EF725B8CF774}.Debug|Any CPU.ActiveCfg = Debug|Any CPU
		{5F2A37FC-4ED6-4509-807C-EF725B8CF774}.Debug|Any CPU.Build.0 = Debug|Any CPU
		{5F2A37FC-4ED6-4509-807C-EF725B8CF774}.Debug|x64.ActiveCfg = Debug|Any CPU
		{5F2A37FC-4ED6-4509-807C-EF725B8CF774}.Debug|x64.Build.0 = Debug|Any CPU
		{5F2A37FC-4ED6-4509-807C-EF725B8CF774}.Debug|x86.ActiveCfg = Debug|Any CPU
		{5F2A37FC-4ED6-4509-807C-EF725B8CF774}.Debug|x86.Build.0 = Debug|Any CPU
		{5F2A37FC-4ED6-4509-807C-EF725B8CF774}.Release|Any CPU.ActiveCfg = Release|Any CPU
		{5F2A37FC-4ED6-4509-807C-EF725B8CF774}.Release|Any CPU.Build.0 = Release|Any CPU
		{5F2A37FC-4ED6-4509-807C-EF725B8CF774}.Release|x64.ActiveCfg = Release|Any CPU
		{5F2A37FC-4ED6-4509-807C-EF725B8CF774}.Release|x64.Build.0 = Release|Any CPU
		{5F2A37FC-4ED6-4509-807C-EF725B8CF774}.Release|x86.ActiveCfg = Release|Any CPU
		{5F2A37FC-4ED6-4509-807C-EF725B8CF774}.Release|x86.Build.0 = Release|Any CPU
		{B623C52D-7C67-400D-A4AA-F9AAD0D5E54D}.Debug|Any CPU.ActiveCfg = Debug|Any CPU
		{B623C52D-7C67-400D-A4AA-F9AAD0D5E54D}.Debug|Any CPU.Build.0 = Debug|Any CPU
		{B623C52D-7C67-400D-A4AA-F9AAD0D5E54D}.Debug|x64.ActiveCfg = Debug|Any CPU
		{B623C52D-7C67-400D-A4AA-F9AAD0D5E54D}.Debug|x64.Build.0 = Debug|Any CPU
		{B623C52D-7C67-400D-A4AA-F9AAD0D5E54D}.Debug|x86.ActiveCfg = Debug|Any CPU
		{B623C52D-7C67-400D-A4AA-F9AAD0D5E54D}.Debug|x86.Build.0 = Debug|Any CPU
		{B623C52D-7C67-400D-A4AA-F9AAD0D5E54D}.Release|Any CPU.ActiveCfg = Release|Any CPU
		{B623C52D-7C67-400D-A4AA-F9AAD0D5E54D}.Release|Any CPU.Build.0 = Release|Any CPU
		{B623C52D-7C67-400D-A4AA-F9AAD0D5E54D}.Release|x64.ActiveCfg = Release|Any CPU
		{B623C52D-7C67-400D-A4AA-F9AAD0D5E54D}.Release|x64.Build.0 = Release|Any CPU
		{B623C52D-7C67-400D-A4AA-F9AAD0D5E54D}.Release|x86.ActiveCfg = Release|Any CPU
		{B623C52D-7C67-400D-A4AA-F9AAD0D5E54D}.Release|x86.Build.0 = Release|Any CPU
		{A5A65D31-D9D4-4421-A5CF-4A7A8777FCD9}.Debug|Any CPU.ActiveCfg = Debug|Any CPU
		{A5A65D31-D9D4-4421-A5CF-4A7A8777FCD9}.Debug|Any CPU.Build.0 = Debug|Any CPU
		{A5A65D31-D9D4-4421-A5CF-4A7A8777FCD9}.Debug|x64.ActiveCfg = Debug|Any CPU
		{A5A65D31-D9D4-4421-A5CF-4A7A8777FCD9}.Debug|x64.Build.0 = Debug|Any CPU
		{A5A65D31-D9D4-4421-A5CF-4A7A8777FCD9}.Debug|x86.ActiveCfg = Debug|Any CPU
		{A5A65D31-D9D4-4421-A5CF-4A7A8777FCD9}.Debug|x86.Build.0 = Debug|Any CPU
		{A5A65D31-D9D4-4421-A5CF-4A7A8777FCD9}.Release|Any CPU.ActiveCfg = Release|Any CPU
		{A5A65D31-D9D4-4421-A5CF-4A7A8777FCD9}.Release|Any CPU.Build.0 = Release|Any CPU
		{A5A65D31-D9D4-4421-A5CF-4A7A8777FCD9}.Release|x64.ActiveCfg = Release|Any CPU
		{A5A65D31-D9D4-4421-A5CF-4A7A8777FCD9}.Release|x64.Build.0 = Release|Any CPU
		{A5A65D31-D9D4-4421-A5CF-4A7A8777FCD9}.Release|x86.ActiveCfg = Release|Any CPU
		{A5A65D31-D9D4-4421-A5CF-4A7A8777FCD9}.Release|x86.Build.0 = Release|Any CPU
		{A9FC290A-7D88-47DB-8DE5-09AE3D9C5ADC}.Debug|Any CPU.ActiveCfg = Debug|Any CPU
		{A9FC290A-7D88-47DB-8DE5-09AE3D9C5ADC}.Debug|Any CPU.Build.0 = Debug|Any CPU
		{A9FC290A-7D88-47DB-8DE5-09AE3D9C5ADC}.Debug|x64.ActiveCfg = Debug|Any CPU
		{A9FC290A-7D88-47DB-8DE5-09AE3D9C5ADC}.Debug|x64.Build.0 = Debug|Any CPU
		{A9FC290A-7D88-47DB-8DE5-09AE3D9C5ADC}.Debug|x86.ActiveCfg = Debug|Any CPU
		{A9FC290A-7D88-47DB-8DE5-09AE3D9C5ADC}.Debug|x86.Build.0 = Debug|Any CPU
		{A9FC290A-7D88-47DB-8DE5-09AE3D9C5ADC}.Release|Any CPU.ActiveCfg = Release|Any CPU
		{A9FC290A-7D88-47DB-8DE5-09AE3D9C5ADC}.Release|Any CPU.Build.0 = Release|Any CPU
		{A9FC290A-7D88-47DB-8DE5-09AE3D9C5ADC}.Release|x64.ActiveCfg = Release|Any CPU
		{A9FC290A-7D88-47DB-8DE5-09AE3D9C5ADC}.Release|x64.Build.0 = Release|Any CPU
		{A9FC290A-7D88-47DB-8DE5-09AE3D9C5ADC}.Release|x86.ActiveCfg = Release|Any CPU
		{A9FC290A-7D88-47DB-8DE5-09AE3D9C5ADC}.Release|x86.Build.0 = Release|Any CPU
		{E538DDBF-B7F7-4C4D-9655-433C8BBB4932}.Debug|Any CPU.ActiveCfg = Debug|Any CPU
		{E538DDBF-B7F7-4C4D-9655-433C8BBB4932}.Debug|Any CPU.Build.0 = Debug|Any CPU
		{E538DDBF-B7F7-4C4D-9655-433C8BBB4932}.Debug|x64.ActiveCfg = Debug|Any CPU
		{E538DDBF-B7F7-4C4D-9655-433C8BBB4932}.Debug|x64.Build.0 = Debug|Any CPU
		{E538DDBF-B7F7-4C4D-9655-433C8BBB4932}.Debug|x86.ActiveCfg = Debug|Any CPU
		{E538DDBF-B7F7-4C4D-9655-433C8BBB4932}.Debug|x86.Build.0 = Debug|Any CPU
		{E538DDBF-B7F7-4C4D-9655-433C8BBB4932}.Release|Any CPU.ActiveCfg = Release|Any CPU
		{E538DDBF-B7F7-4C4D-9655-433C8BBB4932}.Release|Any CPU.Build.0 = Release|Any CPU
		{E538DDBF-B7F7-4C4D-9655-433C8BBB4932}.Release|x64.ActiveCfg = Release|Any CPU
		{E538DDBF-B7F7-4C4D-9655-433C8BBB4932}.Release|x64.Build.0 = Release|Any CPU
		{E538DDBF-B7F7-4C4D-9655-433C8BBB4932}.Release|x86.ActiveCfg = Release|Any CPU
		{E538DDBF-B7F7-4C4D-9655-433C8BBB4932}.Release|x86.Build.0 = Release|Any CPU
		{212E9137-CE2D-44A6-A76D-4DCA42FC3B0E}.Debug|Any CPU.ActiveCfg = Debug|Any CPU
		{212E9137-CE2D-44A6-A76D-4DCA42FC3B0E}.Debug|Any CPU.Build.0 = Debug|Any CPU
		{212E9137-CE2D-44A6-A76D-4DCA42FC3B0E}.Debug|x64.ActiveCfg = Debug|Any CPU
		{212E9137-CE2D-44A6-A76D-4DCA42FC3B0E}.Debug|x64.Build.0 = Debug|Any CPU
		{212E9137-CE2D-44A6-A76D-4DCA42FC3B0E}.Debug|x86.ActiveCfg = Debug|Any CPU
		{212E9137-CE2D-44A6-A76D-4DCA42FC3B0E}.Debug|x86.Build.0 = Debug|Any CPU
		{212E9137-CE2D-44A6-A76D-4DCA42FC3B0E}.Release|Any CPU.ActiveCfg = Release|Any CPU
		{212E9137-CE2D-44A6-A76D-4DCA42FC3B0E}.Release|Any CPU.Build.0 = Release|Any CPU
		{212E9137-CE2D-44A6-A76D-4DCA42FC3B0E}.Release|x64.ActiveCfg = Release|Any CPU
		{212E9137-CE2D-44A6-A76D-4DCA42FC3B0E}.Release|x64.Build.0 = Release|Any CPU
		{212E9137-CE2D-44A6-A76D-4DCA42FC3B0E}.Release|x86.ActiveCfg = Release|Any CPU
		{212E9137-CE2D-44A6-A76D-4DCA42FC3B0E}.Release|x86.Build.0 = Release|Any CPU
		{EB29FC7C-27D9-4744-AD8B-3E004C36D129}.Debug|Any CPU.ActiveCfg = Debug|Any CPU
		{EB29FC7C-27D9-4744-AD8B-3E004C36D129}.Debug|Any CPU.Build.0 = Debug|Any CPU
		{EB29FC7C-27D9-4744-AD8B-3E004C36D129}.Debug|x64.ActiveCfg = Debug|Any CPU
		{EB29FC7C-27D9-4744-AD8B-3E004C36D129}.Debug|x64.Build.0 = Debug|Any CPU
		{EB29FC7C-27D9-4744-AD8B-3E004C36D129}.Debug|x86.ActiveCfg = Debug|Any CPU
		{EB29FC7C-27D9-4744-AD8B-3E004C36D129}.Debug|x86.Build.0 = Debug|Any CPU
		{EB29FC7C-27D9-4744-AD8B-3E004C36D129}.Release|Any CPU.ActiveCfg = Release|Any CPU
		{EB29FC7C-27D9-4744-AD8B-3E004C36D129}.Release|Any CPU.Build.0 = Release|Any CPU
		{EB29FC7C-27D9-4744-AD8B-3E004C36D129}.Release|x64.ActiveCfg = Release|Any CPU
		{EB29FC7C-27D9-4744-AD8B-3E004C36D129}.Release|x64.Build.0 = Release|Any CPU
		{EB29FC7C-27D9-4744-AD8B-3E004C36D129}.Release|x86.ActiveCfg = Release|Any CPU
		{EB29FC7C-27D9-4744-AD8B-3E004C36D129}.Release|x86.Build.0 = Release|Any CPU
		{5A03DADD-CA9E-46EA-964E-D8BDA0B69BC9}.Debug|Any CPU.ActiveCfg = Debug|Any CPU
		{5A03DADD-CA9E-46EA-964E-D8BDA0B69BC9}.Debug|Any CPU.Build.0 = Debug|Any CPU
		{5A03DADD-CA9E-46EA-964E-D8BDA0B69BC9}.Debug|x64.ActiveCfg = Debug|Any CPU
		{5A03DADD-CA9E-46EA-964E-D8BDA0B69BC9}.Debug|x64.Build.0 = Debug|Any CPU
		{5A03DADD-CA9E-46EA-964E-D8BDA0B69BC9}.Debug|x86.ActiveCfg = Debug|Any CPU
		{5A03DADD-CA9E-46EA-964E-D8BDA0B69BC9}.Debug|x86.Build.0 = Debug|Any CPU
		{5A03DADD-CA9E-46EA-964E-D8BDA0B69BC9}.Release|Any CPU.ActiveCfg = Release|Any CPU
		{5A03DADD-CA9E-46EA-964E-D8BDA0B69BC9}.Release|Any CPU.Build.0 = Release|Any CPU
		{5A03DADD-CA9E-46EA-964E-D8BDA0B69BC9}.Release|x64.ActiveCfg = Release|Any CPU
		{5A03DADD-CA9E-46EA-964E-D8BDA0B69BC9}.Release|x64.Build.0 = Release|Any CPU
		{5A03DADD-CA9E-46EA-964E-D8BDA0B69BC9}.Release|x86.ActiveCfg = Release|Any CPU
		{5A03DADD-CA9E-46EA-964E-D8BDA0B69BC9}.Release|x86.Build.0 = Release|Any CPU
		{9F1AE212-80FB-487B-969B-DC82203E83BE}.Debug|Any CPU.ActiveCfg = Debug|Any CPU
		{9F1AE212-80FB-487B-969B-DC82203E83BE}.Debug|Any CPU.Build.0 = Debug|Any CPU
		{9F1AE212-80FB-487B-969B-DC82203E83BE}.Debug|x64.ActiveCfg = Debug|Any CPU
		{9F1AE212-80FB-487B-969B-DC82203E83BE}.Debug|x64.Build.0 = Debug|Any CPU
		{9F1AE212-80FB-487B-969B-DC82203E83BE}.Debug|x86.ActiveCfg = Debug|Any CPU
		{9F1AE212-80FB-487B-969B-DC82203E83BE}.Debug|x86.Build.0 = Debug|Any CPU
		{9F1AE212-80FB-487B-969B-DC82203E83BE}.Release|Any CPU.ActiveCfg = Release|Any CPU
		{9F1AE212-80FB-487B-969B-DC82203E83BE}.Release|Any CPU.Build.0 = Release|Any CPU
		{9F1AE212-80FB-487B-969B-DC82203E83BE}.Release|x64.ActiveCfg = Release|Any CPU
		{9F1AE212-80FB-487B-969B-DC82203E83BE}.Release|x64.Build.0 = Release|Any CPU
		{9F1AE212-80FB-487B-969B-DC82203E83BE}.Release|x86.ActiveCfg = Release|Any CPU
		{9F1AE212-80FB-487B-969B-DC82203E83BE}.Release|x86.Build.0 = Release|Any CPU
		{7C0D4DBC-5B23-45C9-B465-F0AF8A996090}.Debug|Any CPU.ActiveCfg = Debug|Any CPU
		{7C0D4DBC-5B23-45C9-B465-F0AF8A996090}.Debug|Any CPU.Build.0 = Debug|Any CPU
		{7C0D4DBC-5B23-45C9-B465-F0AF8A996090}.Debug|x64.ActiveCfg = Debug|Any CPU
		{7C0D4DBC-5B23-45C9-B465-F0AF8A996090}.Debug|x64.Build.0 = Debug|Any CPU
		{7C0D4DBC-5B23-45C9-B465-F0AF8A996090}.Debug|x86.ActiveCfg = Debug|Any CPU
		{7C0D4DBC-5B23-45C9-B465-F0AF8A996090}.Debug|x86.Build.0 = Debug|Any CPU
		{7C0D4DBC-5B23-45C9-B465-F0AF8A996090}.Release|Any CPU.ActiveCfg = Release|Any CPU
		{7C0D4DBC-5B23-45C9-B465-F0AF8A996090}.Release|Any CPU.Build.0 = Release|Any CPU
		{7C0D4DBC-5B23-45C9-B465-F0AF8A996090}.Release|x64.ActiveCfg = Release|Any CPU
		{7C0D4DBC-5B23-45C9-B465-F0AF8A996090}.Release|x64.Build.0 = Release|Any CPU
		{7C0D4DBC-5B23-45C9-B465-F0AF8A996090}.Release|x86.ActiveCfg = Release|Any CPU
		{7C0D4DBC-5B23-45C9-B465-F0AF8A996090}.Release|x86.Build.0 = Release|Any CPU
		{B918C473-2820-4C03-8FD0-0292CE056CC1}.Debug|Any CPU.ActiveCfg = Debug|Any CPU
		{B918C473-2820-4C03-8FD0-0292CE056CC1}.Debug|Any CPU.Build.0 = Debug|Any CPU
		{B918C473-2820-4C03-8FD0-0292CE056CC1}.Debug|x64.ActiveCfg = Debug|Any CPU
		{B918C473-2820-4C03-8FD0-0292CE056CC1}.Debug|x64.Build.0 = Debug|Any CPU
		{B918C473-2820-4C03-8FD0-0292CE056CC1}.Debug|x86.ActiveCfg = Debug|Any CPU
		{B918C473-2820-4C03-8FD0-0292CE056CC1}.Debug|x86.Build.0 = Debug|Any CPU
		{B918C473-2820-4C03-8FD0-0292CE056CC1}.Release|Any CPU.ActiveCfg = Release|Any CPU
		{B918C473-2820-4C03-8FD0-0292CE056CC1}.Release|Any CPU.Build.0 = Release|Any CPU
		{B918C473-2820-4C03-8FD0-0292CE056CC1}.Release|x64.ActiveCfg = Release|Any CPU
		{B918C473-2820-4C03-8FD0-0292CE056CC1}.Release|x64.Build.0 = Release|Any CPU
		{B918C473-2820-4C03-8FD0-0292CE056CC1}.Release|x86.ActiveCfg = Release|Any CPU
		{B918C473-2820-4C03-8FD0-0292CE056CC1}.Release|x86.Build.0 = Release|Any CPU
		{9FFFC8B0-2A20-4F60-A2A8-F7BF3147DBC2}.Debug|Any CPU.ActiveCfg = Debug|Any CPU
		{9FFFC8B0-2A20-4F60-A2A8-F7BF3147DBC2}.Debug|Any CPU.Build.0 = Debug|Any CPU
		{9FFFC8B0-2A20-4F60-A2A8-F7BF3147DBC2}.Debug|x64.ActiveCfg = Debug|Any CPU
		{9FFFC8B0-2A20-4F60-A2A8-F7BF3147DBC2}.Debug|x64.Build.0 = Debug|Any CPU
		{9FFFC8B0-2A20-4F60-A2A8-F7BF3147DBC2}.Debug|x86.ActiveCfg = Debug|Any CPU
		{9FFFC8B0-2A20-4F60-A2A8-F7BF3147DBC2}.Debug|x86.Build.0 = Debug|Any CPU
		{9FFFC8B0-2A20-4F60-A2A8-F7BF3147DBC2}.Release|Any CPU.ActiveCfg = Release|Any CPU
		{9FFFC8B0-2A20-4F60-A2A8-F7BF3147DBC2}.Release|Any CPU.Build.0 = Release|Any CPU
		{9FFFC8B0-2A20-4F60-A2A8-F7BF3147DBC2}.Release|x64.ActiveCfg = Release|Any CPU
		{9FFFC8B0-2A20-4F60-A2A8-F7BF3147DBC2}.Release|x64.Build.0 = Release|Any CPU
		{9FFFC8B0-2A20-4F60-A2A8-F7BF3147DBC2}.Release|x86.ActiveCfg = Release|Any CPU
		{9FFFC8B0-2A20-4F60-A2A8-F7BF3147DBC2}.Release|x86.Build.0 = Release|Any CPU
		{27025211-206B-40D6-9729-4BCA8A0905B3}.Debug|Any CPU.ActiveCfg = Debug|Any CPU
		{27025211-206B-40D6-9729-4BCA8A0905B3}.Debug|Any CPU.Build.0 = Debug|Any CPU
		{27025211-206B-40D6-9729-4BCA8A0905B3}.Debug|x64.ActiveCfg = Debug|Any CPU
		{27025211-206B-40D6-9729-4BCA8A0905B3}.Debug|x64.Build.0 = Debug|Any CPU
		{27025211-206B-40D6-9729-4BCA8A0905B3}.Debug|x86.ActiveCfg = Debug|Any CPU
		{27025211-206B-40D6-9729-4BCA8A0905B3}.Debug|x86.Build.0 = Debug|Any CPU
		{27025211-206B-40D6-9729-4BCA8A0905B3}.Release|Any CPU.ActiveCfg = Release|Any CPU
		{27025211-206B-40D6-9729-4BCA8A0905B3}.Release|Any CPU.Build.0 = Release|Any CPU
		{27025211-206B-40D6-9729-4BCA8A0905B3}.Release|x64.ActiveCfg = Release|Any CPU
		{27025211-206B-40D6-9729-4BCA8A0905B3}.Release|x64.Build.0 = Release|Any CPU
		{27025211-206B-40D6-9729-4BCA8A0905B3}.Release|x86.ActiveCfg = Release|Any CPU
		{27025211-206B-40D6-9729-4BCA8A0905B3}.Release|x86.Build.0 = Release|Any CPU
		{D33D47E1-520D-4AF0-B2CF-23FDBEEC1578}.Debug|Any CPU.ActiveCfg = Debug|Any CPU
		{D33D47E1-520D-4AF0-B2CF-23FDBEEC1578}.Debug|Any CPU.Build.0 = Debug|Any CPU
		{D33D47E1-520D-4AF0-B2CF-23FDBEEC1578}.Debug|x64.ActiveCfg = Debug|Any CPU
		{D33D47E1-520D-4AF0-B2CF-23FDBEEC1578}.Debug|x64.Build.0 = Debug|Any CPU
		{D33D47E1-520D-4AF0-B2CF-23FDBEEC1578}.Debug|x86.ActiveCfg = Debug|Any CPU
		{D33D47E1-520D-4AF0-B2CF-23FDBEEC1578}.Debug|x86.Build.0 = Debug|Any CPU
		{D33D47E1-520D-4AF0-B2CF-23FDBEEC1578}.Release|Any CPU.ActiveCfg = Release|Any CPU
		{D33D47E1-520D-4AF0-B2CF-23FDBEEC1578}.Release|Any CPU.Build.0 = Release|Any CPU
		{D33D47E1-520D-4AF0-B2CF-23FDBEEC1578}.Release|x64.ActiveCfg = Release|Any CPU
		{D33D47E1-520D-4AF0-B2CF-23FDBEEC1578}.Release|x64.Build.0 = Release|Any CPU
		{D33D47E1-520D-4AF0-B2CF-23FDBEEC1578}.Release|x86.ActiveCfg = Release|Any CPU
		{D33D47E1-520D-4AF0-B2CF-23FDBEEC1578}.Release|x86.Build.0 = Release|Any CPU
		{789E3713-2B2F-4308-A3E8-81D41AABF2FE}.Debug|Any CPU.ActiveCfg = Debug|Any CPU
		{789E3713-2B2F-4308-A3E8-81D41AABF2FE}.Debug|Any CPU.Build.0 = Debug|Any CPU
		{789E3713-2B2F-4308-A3E8-81D41AABF2FE}.Debug|x64.ActiveCfg = Debug|Any CPU
		{789E3713-2B2F-4308-A3E8-81D41AABF2FE}.Debug|x64.Build.0 = Debug|Any CPU
		{789E3713-2B2F-4308-A3E8-81D41AABF2FE}.Debug|x86.ActiveCfg = Debug|Any CPU
		{789E3713-2B2F-4308-A3E8-81D41AABF2FE}.Debug|x86.Build.0 = Debug|Any CPU
		{789E3713-2B2F-4308-A3E8-81D41AABF2FE}.Release|Any CPU.ActiveCfg = Release|Any CPU
		{789E3713-2B2F-4308-A3E8-81D41AABF2FE}.Release|Any CPU.Build.0 = Release|Any CPU
		{789E3713-2B2F-4308-A3E8-81D41AABF2FE}.Release|x64.ActiveCfg = Release|Any CPU
		{789E3713-2B2F-4308-A3E8-81D41AABF2FE}.Release|x64.Build.0 = Release|Any CPU
		{789E3713-2B2F-4308-A3E8-81D41AABF2FE}.Release|x86.ActiveCfg = Release|Any CPU
		{789E3713-2B2F-4308-A3E8-81D41AABF2FE}.Release|x86.Build.0 = Release|Any CPU
		{4B0E42D6-B6CD-407F-ABC4-8418F10C4282}.Debug|Any CPU.ActiveCfg = Debug|Any CPU
		{4B0E42D6-B6CD-407F-ABC4-8418F10C4282}.Debug|Any CPU.Build.0 = Debug|Any CPU
		{4B0E42D6-B6CD-407F-ABC4-8418F10C4282}.Debug|x64.ActiveCfg = Debug|Any CPU
		{4B0E42D6-B6CD-407F-ABC4-8418F10C4282}.Debug|x64.Build.0 = Debug|Any CPU
		{4B0E42D6-B6CD-407F-ABC4-8418F10C4282}.Debug|x86.ActiveCfg = Debug|Any CPU
		{4B0E42D6-B6CD-407F-ABC4-8418F10C4282}.Debug|x86.Build.0 = Debug|Any CPU
		{4B0E42D6-B6CD-407F-ABC4-8418F10C4282}.Release|Any CPU.ActiveCfg = Release|Any CPU
		{4B0E42D6-B6CD-407F-ABC4-8418F10C4282}.Release|Any CPU.Build.0 = Release|Any CPU
		{4B0E42D6-B6CD-407F-ABC4-8418F10C4282}.Release|x64.ActiveCfg = Release|Any CPU
		{4B0E42D6-B6CD-407F-ABC4-8418F10C4282}.Release|x64.Build.0 = Release|Any CPU
		{4B0E42D6-B6CD-407F-ABC4-8418F10C4282}.Release|x86.ActiveCfg = Release|Any CPU
		{4B0E42D6-B6CD-407F-ABC4-8418F10C4282}.Release|x86.Build.0 = Release|Any CPU
		{96668450-440E-4D85-8AD8-57D5A36875E5}.Debug|Any CPU.ActiveCfg = Debug|Any CPU
		{96668450-440E-4D85-8AD8-57D5A36875E5}.Debug|Any CPU.Build.0 = Debug|Any CPU
		{96668450-440E-4D85-8AD8-57D5A36875E5}.Debug|x64.ActiveCfg = Debug|Any CPU
		{96668450-440E-4D85-8AD8-57D5A36875E5}.Debug|x64.Build.0 = Debug|Any CPU
		{96668450-440E-4D85-8AD8-57D5A36875E5}.Debug|x86.ActiveCfg = Debug|Any CPU
		{96668450-440E-4D85-8AD8-57D5A36875E5}.Debug|x86.Build.0 = Debug|Any CPU
		{96668450-440E-4D85-8AD8-57D5A36875E5}.Release|Any CPU.ActiveCfg = Release|Any CPU
		{96668450-440E-4D85-8AD8-57D5A36875E5}.Release|Any CPU.Build.0 = Release|Any CPU
		{96668450-440E-4D85-8AD8-57D5A36875E5}.Release|x64.ActiveCfg = Release|Any CPU
		{96668450-440E-4D85-8AD8-57D5A36875E5}.Release|x64.Build.0 = Release|Any CPU
		{96668450-440E-4D85-8AD8-57D5A36875E5}.Release|x86.ActiveCfg = Release|Any CPU
		{96668450-440E-4D85-8AD8-57D5A36875E5}.Release|x86.Build.0 = Release|Any CPU
		{8F69B07A-266C-4AF4-91A8-0A42444C44B0}.Debug|Any CPU.ActiveCfg = Debug|Any CPU
		{8F69B07A-266C-4AF4-91A8-0A42444C44B0}.Debug|Any CPU.Build.0 = Debug|Any CPU
		{8F69B07A-266C-4AF4-91A8-0A42444C44B0}.Debug|x64.ActiveCfg = Debug|Any CPU
		{8F69B07A-266C-4AF4-91A8-0A42444C44B0}.Debug|x64.Build.0 = Debug|Any CPU
		{8F69B07A-266C-4AF4-91A8-0A42444C44B0}.Debug|x86.ActiveCfg = Debug|Any CPU
		{8F69B07A-266C-4AF4-91A8-0A42444C44B0}.Debug|x86.Build.0 = Debug|Any CPU
		{8F69B07A-266C-4AF4-91A8-0A42444C44B0}.Release|Any CPU.ActiveCfg = Release|Any CPU
		{8F69B07A-266C-4AF4-91A8-0A42444C44B0}.Release|Any CPU.Build.0 = Release|Any CPU
		{8F69B07A-266C-4AF4-91A8-0A42444C44B0}.Release|x64.ActiveCfg = Release|Any CPU
		{8F69B07A-266C-4AF4-91A8-0A42444C44B0}.Release|x64.Build.0 = Release|Any CPU
		{8F69B07A-266C-4AF4-91A8-0A42444C44B0}.Release|x86.ActiveCfg = Release|Any CPU
		{8F69B07A-266C-4AF4-91A8-0A42444C44B0}.Release|x86.Build.0 = Release|Any CPU
		{8F4D8ADD-272A-4971-8A71-4EF02855F710}.Debug|Any CPU.ActiveCfg = Debug|Any CPU
		{8F4D8ADD-272A-4971-8A71-4EF02855F710}.Debug|Any CPU.Build.0 = Debug|Any CPU
		{8F4D8ADD-272A-4971-8A71-4EF02855F710}.Debug|x64.ActiveCfg = Debug|Any CPU
		{8F4D8ADD-272A-4971-8A71-4EF02855F710}.Debug|x64.Build.0 = Debug|Any CPU
		{8F4D8ADD-272A-4971-8A71-4EF02855F710}.Debug|x86.ActiveCfg = Debug|Any CPU
		{8F4D8ADD-272A-4971-8A71-4EF02855F710}.Debug|x86.Build.0 = Debug|Any CPU
		{8F4D8ADD-272A-4971-8A71-4EF02855F710}.Release|Any CPU.ActiveCfg = Release|Any CPU
		{8F4D8ADD-272A-4971-8A71-4EF02855F710}.Release|Any CPU.Build.0 = Release|Any CPU
		{8F4D8ADD-272A-4971-8A71-4EF02855F710}.Release|x64.ActiveCfg = Release|Any CPU
		{8F4D8ADD-272A-4971-8A71-4EF02855F710}.Release|x64.Build.0 = Release|Any CPU
		{8F4D8ADD-272A-4971-8A71-4EF02855F710}.Release|x86.ActiveCfg = Release|Any CPU
		{8F4D8ADD-272A-4971-8A71-4EF02855F710}.Release|x86.Build.0 = Release|Any CPU
		{C14B7614-9675-4FCA-B976-1740843B5950}.Debug|Any CPU.ActiveCfg = Debug|Any CPU
		{C14B7614-9675-4FCA-B976-1740843B5950}.Debug|Any CPU.Build.0 = Debug|Any CPU
		{C14B7614-9675-4FCA-B976-1740843B5950}.Debug|x64.ActiveCfg = Debug|Any CPU
		{C14B7614-9675-4FCA-B976-1740843B5950}.Debug|x64.Build.0 = Debug|Any CPU
		{C14B7614-9675-4FCA-B976-1740843B5950}.Debug|x86.ActiveCfg = Debug|Any CPU
		{C14B7614-9675-4FCA-B976-1740843B5950}.Debug|x86.Build.0 = Debug|Any CPU
		{C14B7614-9675-4FCA-B976-1740843B5950}.Release|Any CPU.ActiveCfg = Release|Any CPU
		{C14B7614-9675-4FCA-B976-1740843B5950}.Release|Any CPU.Build.0 = Release|Any CPU
		{C14B7614-9675-4FCA-B976-1740843B5950}.Release|x64.ActiveCfg = Release|Any CPU
		{C14B7614-9675-4FCA-B976-1740843B5950}.Release|x64.Build.0 = Release|Any CPU
		{C14B7614-9675-4FCA-B976-1740843B5950}.Release|x86.ActiveCfg = Release|Any CPU
		{C14B7614-9675-4FCA-B976-1740843B5950}.Release|x86.Build.0 = Release|Any CPU
		{4E2FD5A8-A55B-4B2B-BDB6-B354146348E5}.Debug|Any CPU.ActiveCfg = Debug|Any CPU
		{4E2FD5A8-A55B-4B2B-BDB6-B354146348E5}.Debug|Any CPU.Build.0 = Debug|Any CPU
		{4E2FD5A8-A55B-4B2B-BDB6-B354146348E5}.Debug|x64.ActiveCfg = Debug|Any CPU
		{4E2FD5A8-A55B-4B2B-BDB6-B354146348E5}.Debug|x64.Build.0 = Debug|Any CPU
		{4E2FD5A8-A55B-4B2B-BDB6-B354146348E5}.Debug|x86.ActiveCfg = Debug|Any CPU
		{4E2FD5A8-A55B-4B2B-BDB6-B354146348E5}.Debug|x86.Build.0 = Debug|Any CPU
		{4E2FD5A8-A55B-4B2B-BDB6-B354146348E5}.Release|Any CPU.ActiveCfg = Release|Any CPU
		{4E2FD5A8-A55B-4B2B-BDB6-B354146348E5}.Release|Any CPU.Build.0 = Release|Any CPU
		{4E2FD5A8-A55B-4B2B-BDB6-B354146348E5}.Release|x64.ActiveCfg = Release|Any CPU
		{4E2FD5A8-A55B-4B2B-BDB6-B354146348E5}.Release|x64.Build.0 = Release|Any CPU
		{4E2FD5A8-A55B-4B2B-BDB6-B354146348E5}.Release|x86.ActiveCfg = Release|Any CPU
		{4E2FD5A8-A55B-4B2B-BDB6-B354146348E5}.Release|x86.Build.0 = Release|Any CPU
		{C5384D07-B2C0-416B-93AF-F6614D04450E}.Debug|Any CPU.ActiveCfg = Debug|Any CPU
		{C5384D07-B2C0-416B-93AF-F6614D04450E}.Debug|Any CPU.Build.0 = Debug|Any CPU
		{C5384D07-B2C0-416B-93AF-F6614D04450E}.Debug|x64.ActiveCfg = Debug|Any CPU
		{C5384D07-B2C0-416B-93AF-F6614D04450E}.Debug|x64.Build.0 = Debug|Any CPU
		{C5384D07-B2C0-416B-93AF-F6614D04450E}.Debug|x86.ActiveCfg = Debug|Any CPU
		{C5384D07-B2C0-416B-93AF-F6614D04450E}.Debug|x86.Build.0 = Debug|Any CPU
		{C5384D07-B2C0-416B-93AF-F6614D04450E}.Release|Any CPU.ActiveCfg = Release|Any CPU
		{C5384D07-B2C0-416B-93AF-F6614D04450E}.Release|Any CPU.Build.0 = Release|Any CPU
		{C5384D07-B2C0-416B-93AF-F6614D04450E}.Release|x64.ActiveCfg = Release|Any CPU
		{C5384D07-B2C0-416B-93AF-F6614D04450E}.Release|x64.Build.0 = Release|Any CPU
		{C5384D07-B2C0-416B-93AF-F6614D04450E}.Release|x86.ActiveCfg = Release|Any CPU
		{C5384D07-B2C0-416B-93AF-F6614D04450E}.Release|x86.Build.0 = Release|Any CPU
		{65BA07AF-943E-4351-9B99-75B87AD18DB3}.Debug|Any CPU.ActiveCfg = Debug|Any CPU
		{65BA07AF-943E-4351-9B99-75B87AD18DB3}.Debug|Any CPU.Build.0 = Debug|Any CPU
		{65BA07AF-943E-4351-9B99-75B87AD18DB3}.Debug|x64.ActiveCfg = Debug|Any CPU
		{65BA07AF-943E-4351-9B99-75B87AD18DB3}.Debug|x64.Build.0 = Debug|Any CPU
		{65BA07AF-943E-4351-9B99-75B87AD18DB3}.Debug|x86.ActiveCfg = Debug|Any CPU
		{65BA07AF-943E-4351-9B99-75B87AD18DB3}.Debug|x86.Build.0 = Debug|Any CPU
		{65BA07AF-943E-4351-9B99-75B87AD18DB3}.Release|Any CPU.ActiveCfg = Release|Any CPU
		{65BA07AF-943E-4351-9B99-75B87AD18DB3}.Release|Any CPU.Build.0 = Release|Any CPU
		{65BA07AF-943E-4351-9B99-75B87AD18DB3}.Release|x64.ActiveCfg = Release|Any CPU
		{65BA07AF-943E-4351-9B99-75B87AD18DB3}.Release|x64.Build.0 = Release|Any CPU
		{65BA07AF-943E-4351-9B99-75B87AD18DB3}.Release|x86.ActiveCfg = Release|Any CPU
		{65BA07AF-943E-4351-9B99-75B87AD18DB3}.Release|x86.Build.0 = Release|Any CPU
		{D2A72383-3BE4-4B4E-94ED-D193B9842AE0}.Debug|Any CPU.ActiveCfg = Debug|Any CPU
		{D2A72383-3BE4-4B4E-94ED-D193B9842AE0}.Debug|Any CPU.Build.0 = Debug|Any CPU
		{D2A72383-3BE4-4B4E-94ED-D193B9842AE0}.Debug|x64.ActiveCfg = Debug|Any CPU
		{D2A72383-3BE4-4B4E-94ED-D193B9842AE0}.Debug|x64.Build.0 = Debug|Any CPU
		{D2A72383-3BE4-4B4E-94ED-D193B9842AE0}.Debug|x86.ActiveCfg = Debug|Any CPU
		{D2A72383-3BE4-4B4E-94ED-D193B9842AE0}.Debug|x86.Build.0 = Debug|Any CPU
		{D2A72383-3BE4-4B4E-94ED-D193B9842AE0}.Release|Any CPU.ActiveCfg = Release|Any CPU
		{D2A72383-3BE4-4B4E-94ED-D193B9842AE0}.Release|Any CPU.Build.0 = Release|Any CPU
		{D2A72383-3BE4-4B4E-94ED-D193B9842AE0}.Release|x64.ActiveCfg = Release|Any CPU
		{D2A72383-3BE4-4B4E-94ED-D193B9842AE0}.Release|x64.Build.0 = Release|Any CPU
		{D2A72383-3BE4-4B4E-94ED-D193B9842AE0}.Release|x86.ActiveCfg = Release|Any CPU
		{D2A72383-3BE4-4B4E-94ED-D193B9842AE0}.Release|x86.Build.0 = Release|Any CPU
		{FBDBDC71-F365-4764-92DE-1DD531FFB097}.Debug|Any CPU.ActiveCfg = Debug|Any CPU
		{FBDBDC71-F365-4764-92DE-1DD531FFB097}.Debug|Any CPU.Build.0 = Debug|Any CPU
		{FBDBDC71-F365-4764-92DE-1DD531FFB097}.Debug|x64.ActiveCfg = Debug|Any CPU
		{FBDBDC71-F365-4764-92DE-1DD531FFB097}.Debug|x64.Build.0 = Debug|Any CPU
		{FBDBDC71-F365-4764-92DE-1DD531FFB097}.Debug|x86.ActiveCfg = Debug|Any CPU
		{FBDBDC71-F365-4764-92DE-1DD531FFB097}.Debug|x86.Build.0 = Debug|Any CPU
		{FBDBDC71-F365-4764-92DE-1DD531FFB097}.Release|Any CPU.ActiveCfg = Release|Any CPU
		{FBDBDC71-F365-4764-92DE-1DD531FFB097}.Release|Any CPU.Build.0 = Release|Any CPU
		{FBDBDC71-F365-4764-92DE-1DD531FFB097}.Release|x64.ActiveCfg = Release|Any CPU
		{FBDBDC71-F365-4764-92DE-1DD531FFB097}.Release|x64.Build.0 = Release|Any CPU
		{FBDBDC71-F365-4764-92DE-1DD531FFB097}.Release|x86.ActiveCfg = Release|Any CPU
		{FBDBDC71-F365-4764-92DE-1DD531FFB097}.Release|x86.Build.0 = Release|Any CPU
		{907A1829-B0F9-4D95-B20F-7F1FB559DEAB}.Debug|Any CPU.ActiveCfg = Debug|Any CPU
		{907A1829-B0F9-4D95-B20F-7F1FB559DEAB}.Debug|Any CPU.Build.0 = Debug|Any CPU
		{907A1829-B0F9-4D95-B20F-7F1FB559DEAB}.Debug|x64.ActiveCfg = Debug|Any CPU
		{907A1829-B0F9-4D95-B20F-7F1FB559DEAB}.Debug|x64.Build.0 = Debug|Any CPU
		{907A1829-B0F9-4D95-B20F-7F1FB559DEAB}.Debug|x86.ActiveCfg = Debug|Any CPU
		{907A1829-B0F9-4D95-B20F-7F1FB559DEAB}.Debug|x86.Build.0 = Debug|Any CPU
		{907A1829-B0F9-4D95-B20F-7F1FB559DEAB}.Release|Any CPU.ActiveCfg = Release|Any CPU
		{907A1829-B0F9-4D95-B20F-7F1FB559DEAB}.Release|Any CPU.Build.0 = Release|Any CPU
		{907A1829-B0F9-4D95-B20F-7F1FB559DEAB}.Release|x64.ActiveCfg = Release|Any CPU
		{907A1829-B0F9-4D95-B20F-7F1FB559DEAB}.Release|x64.Build.0 = Release|Any CPU
		{907A1829-B0F9-4D95-B20F-7F1FB559DEAB}.Release|x86.ActiveCfg = Release|Any CPU
		{907A1829-B0F9-4D95-B20F-7F1FB559DEAB}.Release|x86.Build.0 = Release|Any CPU
		{ADB7B30C-2C8F-43D6-A04E-C95D15599E06}.Debug|Any CPU.ActiveCfg = Debug|Any CPU
		{ADB7B30C-2C8F-43D6-A04E-C95D15599E06}.Debug|Any CPU.Build.0 = Debug|Any CPU
		{ADB7B30C-2C8F-43D6-A04E-C95D15599E06}.Debug|x64.ActiveCfg = Debug|Any CPU
		{ADB7B30C-2C8F-43D6-A04E-C95D15599E06}.Debug|x64.Build.0 = Debug|Any CPU
		{ADB7B30C-2C8F-43D6-A04E-C95D15599E06}.Debug|x86.ActiveCfg = Debug|Any CPU
		{ADB7B30C-2C8F-43D6-A04E-C95D15599E06}.Debug|x86.Build.0 = Debug|Any CPU
		{ADB7B30C-2C8F-43D6-A04E-C95D15599E06}.Release|Any CPU.ActiveCfg = Release|Any CPU
		{ADB7B30C-2C8F-43D6-A04E-C95D15599E06}.Release|Any CPU.Build.0 = Release|Any CPU
		{ADB7B30C-2C8F-43D6-A04E-C95D15599E06}.Release|x64.ActiveCfg = Release|Any CPU
		{ADB7B30C-2C8F-43D6-A04E-C95D15599E06}.Release|x64.Build.0 = Release|Any CPU
		{ADB7B30C-2C8F-43D6-A04E-C95D15599E06}.Release|x86.ActiveCfg = Release|Any CPU
		{ADB7B30C-2C8F-43D6-A04E-C95D15599E06}.Release|x86.Build.0 = Release|Any CPU
		{FC03EA71-6B9E-4FA0-B0E6-2DBCFBCD7A5C}.Debug|Any CPU.ActiveCfg = Debug|Any CPU
		{FC03EA71-6B9E-4FA0-B0E6-2DBCFBCD7A5C}.Debug|Any CPU.Build.0 = Debug|Any CPU
		{FC03EA71-6B9E-4FA0-B0E6-2DBCFBCD7A5C}.Debug|x64.ActiveCfg = Debug|Any CPU
		{FC03EA71-6B9E-4FA0-B0E6-2DBCFBCD7A5C}.Debug|x64.Build.0 = Debug|Any CPU
		{FC03EA71-6B9E-4FA0-B0E6-2DBCFBCD7A5C}.Debug|x86.ActiveCfg = Debug|Any CPU
		{FC03EA71-6B9E-4FA0-B0E6-2DBCFBCD7A5C}.Debug|x86.Build.0 = Debug|Any CPU
		{FC03EA71-6B9E-4FA0-B0E6-2DBCFBCD7A5C}.Release|Any CPU.ActiveCfg = Release|Any CPU
		{FC03EA71-6B9E-4FA0-B0E6-2DBCFBCD7A5C}.Release|Any CPU.Build.0 = Release|Any CPU
		{FC03EA71-6B9E-4FA0-B0E6-2DBCFBCD7A5C}.Release|x64.ActiveCfg = Release|Any CPU
		{FC03EA71-6B9E-4FA0-B0E6-2DBCFBCD7A5C}.Release|x64.Build.0 = Release|Any CPU
		{FC03EA71-6B9E-4FA0-B0E6-2DBCFBCD7A5C}.Release|x86.ActiveCfg = Release|Any CPU
		{FC03EA71-6B9E-4FA0-B0E6-2DBCFBCD7A5C}.Release|x86.Build.0 = Release|Any CPU
		{8AAB2A84-6FD7-4D5F-B9D0-B615A1611B46}.Debug|Any CPU.ActiveCfg = Debug|Any CPU
		{8AAB2A84-6FD7-4D5F-B9D0-B615A1611B46}.Debug|Any CPU.Build.0 = Debug|Any CPU
		{8AAB2A84-6FD7-4D5F-B9D0-B615A1611B46}.Debug|x64.ActiveCfg = Debug|Any CPU
		{8AAB2A84-6FD7-4D5F-B9D0-B615A1611B46}.Debug|x64.Build.0 = Debug|Any CPU
		{8AAB2A84-6FD7-4D5F-B9D0-B615A1611B46}.Debug|x86.ActiveCfg = Debug|Any CPU
		{8AAB2A84-6FD7-4D5F-B9D0-B615A1611B46}.Debug|x86.Build.0 = Debug|Any CPU
		{8AAB2A84-6FD7-4D5F-B9D0-B615A1611B46}.Release|Any CPU.ActiveCfg = Release|Any CPU
		{8AAB2A84-6FD7-4D5F-B9D0-B615A1611B46}.Release|Any CPU.Build.0 = Release|Any CPU
		{8AAB2A84-6FD7-4D5F-B9D0-B615A1611B46}.Release|x64.ActiveCfg = Release|Any CPU
		{8AAB2A84-6FD7-4D5F-B9D0-B615A1611B46}.Release|x64.Build.0 = Release|Any CPU
		{8AAB2A84-6FD7-4D5F-B9D0-B615A1611B46}.Release|x86.ActiveCfg = Release|Any CPU
		{8AAB2A84-6FD7-4D5F-B9D0-B615A1611B46}.Release|x86.Build.0 = Release|Any CPU
		{5705D43A-3B4B-4696-B236-D30146FC033C}.Debug|Any CPU.ActiveCfg = Debug|Any CPU
		{5705D43A-3B4B-4696-B236-D30146FC033C}.Debug|Any CPU.Build.0 = Debug|Any CPU
		{5705D43A-3B4B-4696-B236-D30146FC033C}.Debug|x64.ActiveCfg = Debug|Any CPU
		{5705D43A-3B4B-4696-B236-D30146FC033C}.Debug|x64.Build.0 = Debug|Any CPU
		{5705D43A-3B4B-4696-B236-D30146FC033C}.Debug|x86.ActiveCfg = Debug|Any CPU
		{5705D43A-3B4B-4696-B236-D30146FC033C}.Debug|x86.Build.0 = Debug|Any CPU
		{5705D43A-3B4B-4696-B236-D30146FC033C}.Release|Any CPU.ActiveCfg = Release|Any CPU
		{5705D43A-3B4B-4696-B236-D30146FC033C}.Release|Any CPU.Build.0 = Release|Any CPU
		{5705D43A-3B4B-4696-B236-D30146FC033C}.Release|x64.ActiveCfg = Release|Any CPU
		{5705D43A-3B4B-4696-B236-D30146FC033C}.Release|x64.Build.0 = Release|Any CPU
		{5705D43A-3B4B-4696-B236-D30146FC033C}.Release|x86.ActiveCfg = Release|Any CPU
		{5705D43A-3B4B-4696-B236-D30146FC033C}.Release|x86.Build.0 = Release|Any CPU
		{4A492F53-484B-493D-B0F2-80C285CC29E2}.Debug|Any CPU.ActiveCfg = Debug|Any CPU
		{4A492F53-484B-493D-B0F2-80C285CC29E2}.Debug|Any CPU.Build.0 = Debug|Any CPU
		{4A492F53-484B-493D-B0F2-80C285CC29E2}.Debug|x64.ActiveCfg = Debug|Any CPU
		{4A492F53-484B-493D-B0F2-80C285CC29E2}.Debug|x64.Build.0 = Debug|Any CPU
		{4A492F53-484B-493D-B0F2-80C285CC29E2}.Debug|x86.ActiveCfg = Debug|Any CPU
		{4A492F53-484B-493D-B0F2-80C285CC29E2}.Debug|x86.Build.0 = Debug|Any CPU
		{4A492F53-484B-493D-B0F2-80C285CC29E2}.Release|Any CPU.ActiveCfg = Release|Any CPU
		{4A492F53-484B-493D-B0F2-80C285CC29E2}.Release|Any CPU.Build.0 = Release|Any CPU
		{4A492F53-484B-493D-B0F2-80C285CC29E2}.Release|x64.ActiveCfg = Release|Any CPU
		{4A492F53-484B-493D-B0F2-80C285CC29E2}.Release|x64.Build.0 = Release|Any CPU
		{4A492F53-484B-493D-B0F2-80C285CC29E2}.Release|x86.ActiveCfg = Release|Any CPU
		{4A492F53-484B-493D-B0F2-80C285CC29E2}.Release|x86.Build.0 = Release|Any CPU
		{70223264-67F5-4238-8A51-8F4972D9BC18}.Debug|Any CPU.ActiveCfg = Debug|Any CPU
		{70223264-67F5-4238-8A51-8F4972D9BC18}.Debug|Any CPU.Build.0 = Debug|Any CPU
		{70223264-67F5-4238-8A51-8F4972D9BC18}.Debug|x64.ActiveCfg = Debug|Any CPU
		{70223264-67F5-4238-8A51-8F4972D9BC18}.Debug|x64.Build.0 = Debug|Any CPU
		{70223264-67F5-4238-8A51-8F4972D9BC18}.Debug|x86.ActiveCfg = Debug|Any CPU
		{70223264-67F5-4238-8A51-8F4972D9BC18}.Debug|x86.Build.0 = Debug|Any CPU
		{70223264-67F5-4238-8A51-8F4972D9BC18}.Release|Any CPU.ActiveCfg = Release|Any CPU
		{70223264-67F5-4238-8A51-8F4972D9BC18}.Release|Any CPU.Build.0 = Release|Any CPU
		{70223264-67F5-4238-8A51-8F4972D9BC18}.Release|x64.ActiveCfg = Release|Any CPU
		{70223264-67F5-4238-8A51-8F4972D9BC18}.Release|x64.Build.0 = Release|Any CPU
		{70223264-67F5-4238-8A51-8F4972D9BC18}.Release|x86.ActiveCfg = Release|Any CPU
		{70223264-67F5-4238-8A51-8F4972D9BC18}.Release|x86.Build.0 = Release|Any CPU
		{21D771CB-C528-47B4-846C-BE0DFC7C150D}.Debug|Any CPU.ActiveCfg = Debug|Any CPU
		{21D771CB-C528-47B4-846C-BE0DFC7C150D}.Debug|Any CPU.Build.0 = Debug|Any CPU
		{21D771CB-C528-47B4-846C-BE0DFC7C150D}.Debug|x64.ActiveCfg = Debug|Any CPU
		{21D771CB-C528-47B4-846C-BE0DFC7C150D}.Debug|x64.Build.0 = Debug|Any CPU
		{21D771CB-C528-47B4-846C-BE0DFC7C150D}.Debug|x86.ActiveCfg = Debug|Any CPU
		{21D771CB-C528-47B4-846C-BE0DFC7C150D}.Debug|x86.Build.0 = Debug|Any CPU
		{21D771CB-C528-47B4-846C-BE0DFC7C150D}.Release|Any CPU.ActiveCfg = Release|Any CPU
		{21D771CB-C528-47B4-846C-BE0DFC7C150D}.Release|Any CPU.Build.0 = Release|Any CPU
		{21D771CB-C528-47B4-846C-BE0DFC7C150D}.Release|x64.ActiveCfg = Release|Any CPU
		{21D771CB-C528-47B4-846C-BE0DFC7C150D}.Release|x64.Build.0 = Release|Any CPU
		{21D771CB-C528-47B4-846C-BE0DFC7C150D}.Release|x86.ActiveCfg = Release|Any CPU
		{21D771CB-C528-47B4-846C-BE0DFC7C150D}.Release|x86.Build.0 = Release|Any CPU
		{1EEC5F2D-0AFB-49EE-90B7-DD2017C8E1EA}.Debug|Any CPU.ActiveCfg = Debug|Any CPU
		{1EEC5F2D-0AFB-49EE-90B7-DD2017C8E1EA}.Debug|Any CPU.Build.0 = Debug|Any CPU
		{1EEC5F2D-0AFB-49EE-90B7-DD2017C8E1EA}.Debug|x64.ActiveCfg = Debug|Any CPU
		{1EEC5F2D-0AFB-49EE-90B7-DD2017C8E1EA}.Debug|x64.Build.0 = Debug|Any CPU
		{1EEC5F2D-0AFB-49EE-90B7-DD2017C8E1EA}.Debug|x86.ActiveCfg = Debug|Any CPU
		{1EEC5F2D-0AFB-49EE-90B7-DD2017C8E1EA}.Debug|x86.Build.0 = Debug|Any CPU
		{1EEC5F2D-0AFB-49EE-90B7-DD2017C8E1EA}.Release|Any CPU.ActiveCfg = Release|Any CPU
		{1EEC5F2D-0AFB-49EE-90B7-DD2017C8E1EA}.Release|Any CPU.Build.0 = Release|Any CPU
		{1EEC5F2D-0AFB-49EE-90B7-DD2017C8E1EA}.Release|x64.ActiveCfg = Release|Any CPU
		{1EEC5F2D-0AFB-49EE-90B7-DD2017C8E1EA}.Release|x64.Build.0 = Release|Any CPU
		{1EEC5F2D-0AFB-49EE-90B7-DD2017C8E1EA}.Release|x86.ActiveCfg = Release|Any CPU
		{1EEC5F2D-0AFB-49EE-90B7-DD2017C8E1EA}.Release|x86.Build.0 = Release|Any CPU
		{5A26171A-EC39-4C64-845A-4CC32F9B1414}.Debug|Any CPU.ActiveCfg = Debug|Any CPU
		{5A26171A-EC39-4C64-845A-4CC32F9B1414}.Debug|Any CPU.Build.0 = Debug|Any CPU
		{5A26171A-EC39-4C64-845A-4CC32F9B1414}.Debug|x64.ActiveCfg = Debug|Any CPU
		{5A26171A-EC39-4C64-845A-4CC32F9B1414}.Debug|x64.Build.0 = Debug|Any CPU
		{5A26171A-EC39-4C64-845A-4CC32F9B1414}.Debug|x86.ActiveCfg = Debug|Any CPU
		{5A26171A-EC39-4C64-845A-4CC32F9B1414}.Debug|x86.Build.0 = Debug|Any CPU
		{5A26171A-EC39-4C64-845A-4CC32F9B1414}.Release|Any CPU.ActiveCfg = Release|Any CPU
		{5A26171A-EC39-4C64-845A-4CC32F9B1414}.Release|Any CPU.Build.0 = Release|Any CPU
		{5A26171A-EC39-4C64-845A-4CC32F9B1414}.Release|x64.ActiveCfg = Release|Any CPU
		{5A26171A-EC39-4C64-845A-4CC32F9B1414}.Release|x64.Build.0 = Release|Any CPU
		{5A26171A-EC39-4C64-845A-4CC32F9B1414}.Release|x86.ActiveCfg = Release|Any CPU
		{5A26171A-EC39-4C64-845A-4CC32F9B1414}.Release|x86.Build.0 = Release|Any CPU
		{72773D27-8344-469C-B579-D55A6679D16A}.Debug|Any CPU.ActiveCfg = Debug|Any CPU
		{72773D27-8344-469C-B579-D55A6679D16A}.Debug|Any CPU.Build.0 = Debug|Any CPU
		{72773D27-8344-469C-B579-D55A6679D16A}.Debug|x64.ActiveCfg = Debug|Any CPU
		{72773D27-8344-469C-B579-D55A6679D16A}.Debug|x64.Build.0 = Debug|Any CPU
		{72773D27-8344-469C-B579-D55A6679D16A}.Debug|x86.ActiveCfg = Debug|Any CPU
		{72773D27-8344-469C-B579-D55A6679D16A}.Debug|x86.Build.0 = Debug|Any CPU
		{72773D27-8344-469C-B579-D55A6679D16A}.Release|Any CPU.ActiveCfg = Release|Any CPU
		{72773D27-8344-469C-B579-D55A6679D16A}.Release|Any CPU.Build.0 = Release|Any CPU
		{72773D27-8344-469C-B579-D55A6679D16A}.Release|x64.ActiveCfg = Release|Any CPU
		{72773D27-8344-469C-B579-D55A6679D16A}.Release|x64.Build.0 = Release|Any CPU
		{72773D27-8344-469C-B579-D55A6679D16A}.Release|x86.ActiveCfg = Release|Any CPU
		{72773D27-8344-469C-B579-D55A6679D16A}.Release|x86.Build.0 = Release|Any CPU
		{27CC6593-0AC7-4FC2-BD29-4507095FA22E}.Debug|Any CPU.ActiveCfg = Debug|Any CPU
		{27CC6593-0AC7-4FC2-BD29-4507095FA22E}.Debug|Any CPU.Build.0 = Debug|Any CPU
		{27CC6593-0AC7-4FC2-BD29-4507095FA22E}.Debug|x64.ActiveCfg = Debug|Any CPU
		{27CC6593-0AC7-4FC2-BD29-4507095FA22E}.Debug|x64.Build.0 = Debug|Any CPU
		{27CC6593-0AC7-4FC2-BD29-4507095FA22E}.Debug|x86.ActiveCfg = Debug|Any CPU
		{27CC6593-0AC7-4FC2-BD29-4507095FA22E}.Debug|x86.Build.0 = Debug|Any CPU
		{27CC6593-0AC7-4FC2-BD29-4507095FA22E}.Release|Any CPU.ActiveCfg = Release|Any CPU
		{27CC6593-0AC7-4FC2-BD29-4507095FA22E}.Release|Any CPU.Build.0 = Release|Any CPU
		{27CC6593-0AC7-4FC2-BD29-4507095FA22E}.Release|x64.ActiveCfg = Release|Any CPU
		{27CC6593-0AC7-4FC2-BD29-4507095FA22E}.Release|x64.Build.0 = Release|Any CPU
		{27CC6593-0AC7-4FC2-BD29-4507095FA22E}.Release|x86.ActiveCfg = Release|Any CPU
		{27CC6593-0AC7-4FC2-BD29-4507095FA22E}.Release|x86.Build.0 = Release|Any CPU
		{BC221040-F7BB-4581-8E07-9F2F4DB9538C}.Debug|Any CPU.ActiveCfg = Debug|Any CPU
		{BC221040-F7BB-4581-8E07-9F2F4DB9538C}.Debug|Any CPU.Build.0 = Debug|Any CPU
		{BC221040-F7BB-4581-8E07-9F2F4DB9538C}.Debug|x64.ActiveCfg = Debug|Any CPU
		{BC221040-F7BB-4581-8E07-9F2F4DB9538C}.Debug|x64.Build.0 = Debug|Any CPU
		{BC221040-F7BB-4581-8E07-9F2F4DB9538C}.Debug|x86.ActiveCfg = Debug|Any CPU
		{BC221040-F7BB-4581-8E07-9F2F4DB9538C}.Debug|x86.Build.0 = Debug|Any CPU
		{BC221040-F7BB-4581-8E07-9F2F4DB9538C}.Release|Any CPU.ActiveCfg = Release|Any CPU
		{BC221040-F7BB-4581-8E07-9F2F4DB9538C}.Release|Any CPU.Build.0 = Release|Any CPU
		{BC221040-F7BB-4581-8E07-9F2F4DB9538C}.Release|x64.ActiveCfg = Release|Any CPU
		{BC221040-F7BB-4581-8E07-9F2F4DB9538C}.Release|x64.Build.0 = Release|Any CPU
		{BC221040-F7BB-4581-8E07-9F2F4DB9538C}.Release|x86.ActiveCfg = Release|Any CPU
		{BC221040-F7BB-4581-8E07-9F2F4DB9538C}.Release|x86.Build.0 = Release|Any CPU
		{FC808EA2-B1FD-4B10-A129-455CB3CAB12C}.Debug|Any CPU.ActiveCfg = Debug|Any CPU
		{FC808EA2-B1FD-4B10-A129-455CB3CAB12C}.Debug|Any CPU.Build.0 = Debug|Any CPU
		{FC808EA2-B1FD-4B10-A129-455CB3CAB12C}.Debug|x64.ActiveCfg = Debug|Any CPU
		{FC808EA2-B1FD-4B10-A129-455CB3CAB12C}.Debug|x64.Build.0 = Debug|Any CPU
		{FC808EA2-B1FD-4B10-A129-455CB3CAB12C}.Debug|x86.ActiveCfg = Debug|Any CPU
		{FC808EA2-B1FD-4B10-A129-455CB3CAB12C}.Debug|x86.Build.0 = Debug|Any CPU
		{FC808EA2-B1FD-4B10-A129-455CB3CAB12C}.Release|Any CPU.ActiveCfg = Release|Any CPU
		{FC808EA2-B1FD-4B10-A129-455CB3CAB12C}.Release|Any CPU.Build.0 = Release|Any CPU
		{FC808EA2-B1FD-4B10-A129-455CB3CAB12C}.Release|x64.ActiveCfg = Release|Any CPU
		{FC808EA2-B1FD-4B10-A129-455CB3CAB12C}.Release|x64.Build.0 = Release|Any CPU
		{FC808EA2-B1FD-4B10-A129-455CB3CAB12C}.Release|x86.ActiveCfg = Release|Any CPU
		{FC808EA2-B1FD-4B10-A129-455CB3CAB12C}.Release|x86.Build.0 = Release|Any CPU
		{969A73FB-26BF-4D99-B3E2-F7E41D0A7C80}.Debug|Any CPU.ActiveCfg = Debug|Any CPU
		{969A73FB-26BF-4D99-B3E2-F7E41D0A7C80}.Debug|Any CPU.Build.0 = Debug|Any CPU
		{969A73FB-26BF-4D99-B3E2-F7E41D0A7C80}.Debug|x64.ActiveCfg = Debug|Any CPU
		{969A73FB-26BF-4D99-B3E2-F7E41D0A7C80}.Debug|x64.Build.0 = Debug|Any CPU
		{969A73FB-26BF-4D99-B3E2-F7E41D0A7C80}.Debug|x86.ActiveCfg = Debug|Any CPU
		{969A73FB-26BF-4D99-B3E2-F7E41D0A7C80}.Debug|x86.Build.0 = Debug|Any CPU
		{969A73FB-26BF-4D99-B3E2-F7E41D0A7C80}.Release|Any CPU.ActiveCfg = Release|Any CPU
		{969A73FB-26BF-4D99-B3E2-F7E41D0A7C80}.Release|Any CPU.Build.0 = Release|Any CPU
		{969A73FB-26BF-4D99-B3E2-F7E41D0A7C80}.Release|x64.ActiveCfg = Release|Any CPU
		{969A73FB-26BF-4D99-B3E2-F7E41D0A7C80}.Release|x64.Build.0 = Release|Any CPU
		{969A73FB-26BF-4D99-B3E2-F7E41D0A7C80}.Release|x86.ActiveCfg = Release|Any CPU
		{969A73FB-26BF-4D99-B3E2-F7E41D0A7C80}.Release|x86.Build.0 = Release|Any CPU
		{263098FB-2B08-494F-AE8F-8CAE28CF7006}.Debug|Any CPU.ActiveCfg = Debug|Any CPU
		{263098FB-2B08-494F-AE8F-8CAE28CF7006}.Debug|Any CPU.Build.0 = Debug|Any CPU
		{263098FB-2B08-494F-AE8F-8CAE28CF7006}.Debug|x64.ActiveCfg = Debug|Any CPU
		{263098FB-2B08-494F-AE8F-8CAE28CF7006}.Debug|x64.Build.0 = Debug|Any CPU
		{263098FB-2B08-494F-AE8F-8CAE28CF7006}.Debug|x86.ActiveCfg = Debug|Any CPU
		{263098FB-2B08-494F-AE8F-8CAE28CF7006}.Debug|x86.Build.0 = Debug|Any CPU
		{263098FB-2B08-494F-AE8F-8CAE28CF7006}.Release|Any CPU.ActiveCfg = Release|Any CPU
		{263098FB-2B08-494F-AE8F-8CAE28CF7006}.Release|Any CPU.Build.0 = Release|Any CPU
		{263098FB-2B08-494F-AE8F-8CAE28CF7006}.Release|x64.ActiveCfg = Release|Any CPU
		{263098FB-2B08-494F-AE8F-8CAE28CF7006}.Release|x64.Build.0 = Release|Any CPU
		{263098FB-2B08-494F-AE8F-8CAE28CF7006}.Release|x86.ActiveCfg = Release|Any CPU
		{263098FB-2B08-494F-AE8F-8CAE28CF7006}.Release|x86.Build.0 = Release|Any CPU
		{58A46B14-3E1A-41B5-8BB4-EBE965B63ABB}.Debug|Any CPU.ActiveCfg = Debug|Any CPU
		{58A46B14-3E1A-41B5-8BB4-EBE965B63ABB}.Debug|Any CPU.Build.0 = Debug|Any CPU
		{58A46B14-3E1A-41B5-8BB4-EBE965B63ABB}.Debug|x64.ActiveCfg = Debug|Any CPU
		{58A46B14-3E1A-41B5-8BB4-EBE965B63ABB}.Debug|x64.Build.0 = Debug|Any CPU
		{58A46B14-3E1A-41B5-8BB4-EBE965B63ABB}.Debug|x86.ActiveCfg = Debug|Any CPU
		{58A46B14-3E1A-41B5-8BB4-EBE965B63ABB}.Debug|x86.Build.0 = Debug|Any CPU
		{58A46B14-3E1A-41B5-8BB4-EBE965B63ABB}.Release|Any CPU.ActiveCfg = Release|Any CPU
		{58A46B14-3E1A-41B5-8BB4-EBE965B63ABB}.Release|Any CPU.Build.0 = Release|Any CPU
		{58A46B14-3E1A-41B5-8BB4-EBE965B63ABB}.Release|x64.ActiveCfg = Release|Any CPU
		{58A46B14-3E1A-41B5-8BB4-EBE965B63ABB}.Release|x64.Build.0 = Release|Any CPU
		{58A46B14-3E1A-41B5-8BB4-EBE965B63ABB}.Release|x86.ActiveCfg = Release|Any CPU
		{58A46B14-3E1A-41B5-8BB4-EBE965B63ABB}.Release|x86.Build.0 = Release|Any CPU
		{48351EDA-B263-4212-A079-3CA249EA3997}.Debug|Any CPU.ActiveCfg = Debug|Any CPU
		{48351EDA-B263-4212-A079-3CA249EA3997}.Debug|Any CPU.Build.0 = Debug|Any CPU
		{48351EDA-B263-4212-A079-3CA249EA3997}.Debug|x64.ActiveCfg = Debug|Any CPU
		{48351EDA-B263-4212-A079-3CA249EA3997}.Debug|x64.Build.0 = Debug|Any CPU
		{48351EDA-B263-4212-A079-3CA249EA3997}.Debug|x86.ActiveCfg = Debug|Any CPU
		{48351EDA-B263-4212-A079-3CA249EA3997}.Debug|x86.Build.0 = Debug|Any CPU
		{48351EDA-B263-4212-A079-3CA249EA3997}.Release|Any CPU.ActiveCfg = Release|Any CPU
		{48351EDA-B263-4212-A079-3CA249EA3997}.Release|Any CPU.Build.0 = Release|Any CPU
		{48351EDA-B263-4212-A079-3CA249EA3997}.Release|x64.ActiveCfg = Release|Any CPU
		{48351EDA-B263-4212-A079-3CA249EA3997}.Release|x64.Build.0 = Release|Any CPU
		{48351EDA-B263-4212-A079-3CA249EA3997}.Release|x86.ActiveCfg = Release|Any CPU
		{48351EDA-B263-4212-A079-3CA249EA3997}.Release|x86.Build.0 = Release|Any CPU
		{D3532701-7A1D-4E0F-BD94-A6C02703360F}.Debug|Any CPU.ActiveCfg = Debug|Any CPU
		{D3532701-7A1D-4E0F-BD94-A6C02703360F}.Debug|Any CPU.Build.0 = Debug|Any CPU
		{D3532701-7A1D-4E0F-BD94-A6C02703360F}.Debug|x64.ActiveCfg = Debug|Any CPU
		{D3532701-7A1D-4E0F-BD94-A6C02703360F}.Debug|x64.Build.0 = Debug|Any CPU
		{D3532701-7A1D-4E0F-BD94-A6C02703360F}.Debug|x86.ActiveCfg = Debug|Any CPU
		{D3532701-7A1D-4E0F-BD94-A6C02703360F}.Debug|x86.Build.0 = Debug|Any CPU
		{D3532701-7A1D-4E0F-BD94-A6C02703360F}.Release|Any CPU.ActiveCfg = Release|Any CPU
		{D3532701-7A1D-4E0F-BD94-A6C02703360F}.Release|Any CPU.Build.0 = Release|Any CPU
		{D3532701-7A1D-4E0F-BD94-A6C02703360F}.Release|x64.ActiveCfg = Release|Any CPU
		{D3532701-7A1D-4E0F-BD94-A6C02703360F}.Release|x64.Build.0 = Release|Any CPU
		{D3532701-7A1D-4E0F-BD94-A6C02703360F}.Release|x86.ActiveCfg = Release|Any CPU
		{D3532701-7A1D-4E0F-BD94-A6C02703360F}.Release|x86.Build.0 = Release|Any CPU
		{03174D0C-FF31-44FC-9B33-A5CDE1BE4724}.Debug|Any CPU.ActiveCfg = Debug|Any CPU
		{03174D0C-FF31-44FC-9B33-A5CDE1BE4724}.Debug|Any CPU.Build.0 = Debug|Any CPU
		{03174D0C-FF31-44FC-9B33-A5CDE1BE4724}.Debug|x64.ActiveCfg = Debug|Any CPU
		{03174D0C-FF31-44FC-9B33-A5CDE1BE4724}.Debug|x64.Build.0 = Debug|Any CPU
		{03174D0C-FF31-44FC-9B33-A5CDE1BE4724}.Debug|x86.ActiveCfg = Debug|Any CPU
		{03174D0C-FF31-44FC-9B33-A5CDE1BE4724}.Debug|x86.Build.0 = Debug|Any CPU
		{03174D0C-FF31-44FC-9B33-A5CDE1BE4724}.Release|Any CPU.ActiveCfg = Release|Any CPU
		{03174D0C-FF31-44FC-9B33-A5CDE1BE4724}.Release|Any CPU.Build.0 = Release|Any CPU
		{03174D0C-FF31-44FC-9B33-A5CDE1BE4724}.Release|x64.ActiveCfg = Release|Any CPU
		{03174D0C-FF31-44FC-9B33-A5CDE1BE4724}.Release|x64.Build.0 = Release|Any CPU
		{03174D0C-FF31-44FC-9B33-A5CDE1BE4724}.Release|x86.ActiveCfg = Release|Any CPU
		{03174D0C-FF31-44FC-9B33-A5CDE1BE4724}.Release|x86.Build.0 = Release|Any CPU
		{54011EAF-9CDA-47BF-BECB-3F44311F5CEE}.Debug|Any CPU.ActiveCfg = Debug|Any CPU
		{54011EAF-9CDA-47BF-BECB-3F44311F5CEE}.Debug|Any CPU.Build.0 = Debug|Any CPU
		{54011EAF-9CDA-47BF-BECB-3F44311F5CEE}.Debug|x64.ActiveCfg = Debug|Any CPU
		{54011EAF-9CDA-47BF-BECB-3F44311F5CEE}.Debug|x64.Build.0 = Debug|Any CPU
		{54011EAF-9CDA-47BF-BECB-3F44311F5CEE}.Debug|x86.ActiveCfg = Debug|Any CPU
		{54011EAF-9CDA-47BF-BECB-3F44311F5CEE}.Debug|x86.Build.0 = Debug|Any CPU
		{54011EAF-9CDA-47BF-BECB-3F44311F5CEE}.Release|Any CPU.ActiveCfg = Release|Any CPU
		{54011EAF-9CDA-47BF-BECB-3F44311F5CEE}.Release|Any CPU.Build.0 = Release|Any CPU
		{54011EAF-9CDA-47BF-BECB-3F44311F5CEE}.Release|x64.ActiveCfg = Release|Any CPU
		{54011EAF-9CDA-47BF-BECB-3F44311F5CEE}.Release|x64.Build.0 = Release|Any CPU
		{54011EAF-9CDA-47BF-BECB-3F44311F5CEE}.Release|x86.ActiveCfg = Release|Any CPU
		{54011EAF-9CDA-47BF-BECB-3F44311F5CEE}.Release|x86.Build.0 = Release|Any CPU
		{B96E2689-2A9A-4B85-8DC2-990657256F7B}.Debug|Any CPU.ActiveCfg = Debug|Any CPU
		{B96E2689-2A9A-4B85-8DC2-990657256F7B}.Debug|Any CPU.Build.0 = Debug|Any CPU
		{B96E2689-2A9A-4B85-8DC2-990657256F7B}.Debug|x64.ActiveCfg = Debug|Any CPU
		{B96E2689-2A9A-4B85-8DC2-990657256F7B}.Debug|x64.Build.0 = Debug|Any CPU
		{B96E2689-2A9A-4B85-8DC2-990657256F7B}.Debug|x86.ActiveCfg = Debug|Any CPU
		{B96E2689-2A9A-4B85-8DC2-990657256F7B}.Debug|x86.Build.0 = Debug|Any CPU
		{B96E2689-2A9A-4B85-8DC2-990657256F7B}.Release|Any CPU.ActiveCfg = Release|Any CPU
		{B96E2689-2A9A-4B85-8DC2-990657256F7B}.Release|Any CPU.Build.0 = Release|Any CPU
		{B96E2689-2A9A-4B85-8DC2-990657256F7B}.Release|x64.ActiveCfg = Release|Any CPU
		{B96E2689-2A9A-4B85-8DC2-990657256F7B}.Release|x64.Build.0 = Release|Any CPU
		{B96E2689-2A9A-4B85-8DC2-990657256F7B}.Release|x86.ActiveCfg = Release|Any CPU
		{B96E2689-2A9A-4B85-8DC2-990657256F7B}.Release|x86.Build.0 = Release|Any CPU
		{99565D6A-DA72-4501-828A-FEBF385EF08A}.Debug|Any CPU.ActiveCfg = Debug|Any CPU
		{99565D6A-DA72-4501-828A-FEBF385EF08A}.Debug|Any CPU.Build.0 = Debug|Any CPU
		{99565D6A-DA72-4501-828A-FEBF385EF08A}.Debug|x64.ActiveCfg = Debug|Any CPU
		{99565D6A-DA72-4501-828A-FEBF385EF08A}.Debug|x64.Build.0 = Debug|Any CPU
		{99565D6A-DA72-4501-828A-FEBF385EF08A}.Debug|x86.ActiveCfg = Debug|Any CPU
		{99565D6A-DA72-4501-828A-FEBF385EF08A}.Debug|x86.Build.0 = Debug|Any CPU
		{99565D6A-DA72-4501-828A-FEBF385EF08A}.Release|Any CPU.ActiveCfg = Release|Any CPU
		{99565D6A-DA72-4501-828A-FEBF385EF08A}.Release|Any CPU.Build.0 = Release|Any CPU
		{99565D6A-DA72-4501-828A-FEBF385EF08A}.Release|x64.ActiveCfg = Release|Any CPU
		{99565D6A-DA72-4501-828A-FEBF385EF08A}.Release|x64.Build.0 = Release|Any CPU
		{99565D6A-DA72-4501-828A-FEBF385EF08A}.Release|x86.ActiveCfg = Release|Any CPU
		{99565D6A-DA72-4501-828A-FEBF385EF08A}.Release|x86.Build.0 = Release|Any CPU
		{FABEA41C-B392-4D85-A7EE-8E8FEAA7770E}.Debug|Any CPU.ActiveCfg = Debug|Any CPU
		{FABEA41C-B392-4D85-A7EE-8E8FEAA7770E}.Debug|Any CPU.Build.0 = Debug|Any CPU
		{FABEA41C-B392-4D85-A7EE-8E8FEAA7770E}.Debug|x64.ActiveCfg = Debug|Any CPU
		{FABEA41C-B392-4D85-A7EE-8E8FEAA7770E}.Debug|x64.Build.0 = Debug|Any CPU
		{FABEA41C-B392-4D85-A7EE-8E8FEAA7770E}.Debug|x86.ActiveCfg = Debug|Any CPU
		{FABEA41C-B392-4D85-A7EE-8E8FEAA7770E}.Debug|x86.Build.0 = Debug|Any CPU
		{FABEA41C-B392-4D85-A7EE-8E8FEAA7770E}.Release|Any CPU.ActiveCfg = Release|Any CPU
		{FABEA41C-B392-4D85-A7EE-8E8FEAA7770E}.Release|Any CPU.Build.0 = Release|Any CPU
		{FABEA41C-B392-4D85-A7EE-8E8FEAA7770E}.Release|x64.ActiveCfg = Release|Any CPU
		{FABEA41C-B392-4D85-A7EE-8E8FEAA7770E}.Release|x64.Build.0 = Release|Any CPU
		{FABEA41C-B392-4D85-A7EE-8E8FEAA7770E}.Release|x86.ActiveCfg = Release|Any CPU
		{FABEA41C-B392-4D85-A7EE-8E8FEAA7770E}.Release|x86.Build.0 = Release|Any CPU
		{1D9D8BA1-2B22-4D5F-8018-14471B62CF47}.Debug|Any CPU.ActiveCfg = Debug|Any CPU
		{1D9D8BA1-2B22-4D5F-8018-14471B62CF47}.Debug|Any CPU.Build.0 = Debug|Any CPU
		{1D9D8BA1-2B22-4D5F-8018-14471B62CF47}.Debug|x64.ActiveCfg = Debug|Any CPU
		{1D9D8BA1-2B22-4D5F-8018-14471B62CF47}.Debug|x64.Build.0 = Debug|Any CPU
		{1D9D8BA1-2B22-4D5F-8018-14471B62CF47}.Debug|x86.ActiveCfg = Debug|Any CPU
		{1D9D8BA1-2B22-4D5F-8018-14471B62CF47}.Debug|x86.Build.0 = Debug|Any CPU
		{1D9D8BA1-2B22-4D5F-8018-14471B62CF47}.Release|Any CPU.ActiveCfg = Release|Any CPU
		{1D9D8BA1-2B22-4D5F-8018-14471B62CF47}.Release|Any CPU.Build.0 = Release|Any CPU
		{1D9D8BA1-2B22-4D5F-8018-14471B62CF47}.Release|x64.ActiveCfg = Release|Any CPU
		{1D9D8BA1-2B22-4D5F-8018-14471B62CF47}.Release|x64.Build.0 = Release|Any CPU
		{1D9D8BA1-2B22-4D5F-8018-14471B62CF47}.Release|x86.ActiveCfg = Release|Any CPU
		{1D9D8BA1-2B22-4D5F-8018-14471B62CF47}.Release|x86.Build.0 = Release|Any CPU
		{6D68BAEF-AA71-41E0-833C-B0124F914ED0}.Debug|Any CPU.ActiveCfg = Debug|Any CPU
		{6D68BAEF-AA71-41E0-833C-B0124F914ED0}.Debug|Any CPU.Build.0 = Debug|Any CPU
		{6D68BAEF-AA71-41E0-833C-B0124F914ED0}.Debug|x64.ActiveCfg = Debug|Any CPU
		{6D68BAEF-AA71-41E0-833C-B0124F914ED0}.Debug|x64.Build.0 = Debug|Any CPU
		{6D68BAEF-AA71-41E0-833C-B0124F914ED0}.Debug|x86.ActiveCfg = Debug|Any CPU
		{6D68BAEF-AA71-41E0-833C-B0124F914ED0}.Debug|x86.Build.0 = Debug|Any CPU
		{6D68BAEF-AA71-41E0-833C-B0124F914ED0}.Release|Any CPU.ActiveCfg = Release|Any CPU
		{6D68BAEF-AA71-41E0-833C-B0124F914ED0}.Release|Any CPU.Build.0 = Release|Any CPU
		{6D68BAEF-AA71-41E0-833C-B0124F914ED0}.Release|x64.ActiveCfg = Release|Any CPU
		{6D68BAEF-AA71-41E0-833C-B0124F914ED0}.Release|x64.Build.0 = Release|Any CPU
		{6D68BAEF-AA71-41E0-833C-B0124F914ED0}.Release|x86.ActiveCfg = Release|Any CPU
		{6D68BAEF-AA71-41E0-833C-B0124F914ED0}.Release|x86.Build.0 = Release|Any CPU
		{8B770AD0-148A-4667-98B5-D87A352B32CD}.Debug|Any CPU.ActiveCfg = Debug|Any CPU
		{8B770AD0-148A-4667-98B5-D87A352B32CD}.Debug|Any CPU.Build.0 = Debug|Any CPU
		{8B770AD0-148A-4667-98B5-D87A352B32CD}.Debug|x64.ActiveCfg = Debug|Any CPU
		{8B770AD0-148A-4667-98B5-D87A352B32CD}.Debug|x64.Build.0 = Debug|Any CPU
		{8B770AD0-148A-4667-98B5-D87A352B32CD}.Debug|x86.ActiveCfg = Debug|Any CPU
		{8B770AD0-148A-4667-98B5-D87A352B32CD}.Debug|x86.Build.0 = Debug|Any CPU
		{8B770AD0-148A-4667-98B5-D87A352B32CD}.Release|Any CPU.ActiveCfg = Release|Any CPU
		{8B770AD0-148A-4667-98B5-D87A352B32CD}.Release|Any CPU.Build.0 = Release|Any CPU
		{8B770AD0-148A-4667-98B5-D87A352B32CD}.Release|x64.ActiveCfg = Release|Any CPU
		{8B770AD0-148A-4667-98B5-D87A352B32CD}.Release|x64.Build.0 = Release|Any CPU
		{8B770AD0-148A-4667-98B5-D87A352B32CD}.Release|x86.ActiveCfg = Release|Any CPU
		{8B770AD0-148A-4667-98B5-D87A352B32CD}.Release|x86.Build.0 = Release|Any CPU
		{80C95AB7-2780-4C5A-8647-0087589B14A9}.Debug|Any CPU.ActiveCfg = Debug|Any CPU
		{80C95AB7-2780-4C5A-8647-0087589B14A9}.Debug|Any CPU.Build.0 = Debug|Any CPU
		{80C95AB7-2780-4C5A-8647-0087589B14A9}.Debug|x64.ActiveCfg = Debug|Any CPU
		{80C95AB7-2780-4C5A-8647-0087589B14A9}.Debug|x64.Build.0 = Debug|Any CPU
		{80C95AB7-2780-4C5A-8647-0087589B14A9}.Debug|x86.ActiveCfg = Debug|Any CPU
		{80C95AB7-2780-4C5A-8647-0087589B14A9}.Debug|x86.Build.0 = Debug|Any CPU
		{80C95AB7-2780-4C5A-8647-0087589B14A9}.Release|Any CPU.ActiveCfg = Release|Any CPU
		{80C95AB7-2780-4C5A-8647-0087589B14A9}.Release|Any CPU.Build.0 = Release|Any CPU
		{80C95AB7-2780-4C5A-8647-0087589B14A9}.Release|x64.ActiveCfg = Release|Any CPU
		{80C95AB7-2780-4C5A-8647-0087589B14A9}.Release|x64.Build.0 = Release|Any CPU
		{80C95AB7-2780-4C5A-8647-0087589B14A9}.Release|x86.ActiveCfg = Release|Any CPU
		{80C95AB7-2780-4C5A-8647-0087589B14A9}.Release|x86.Build.0 = Release|Any CPU
		{B4B68514-BB21-4942-B4B9-E6A0DD5E2541}.Debug|Any CPU.ActiveCfg = Debug|Any CPU
		{B4B68514-BB21-4942-B4B9-E6A0DD5E2541}.Debug|Any CPU.Build.0 = Debug|Any CPU
		{B4B68514-BB21-4942-B4B9-E6A0DD5E2541}.Debug|x64.ActiveCfg = Debug|Any CPU
		{B4B68514-BB21-4942-B4B9-E6A0DD5E2541}.Debug|x64.Build.0 = Debug|Any CPU
		{B4B68514-BB21-4942-B4B9-E6A0DD5E2541}.Debug|x86.ActiveCfg = Debug|Any CPU
		{B4B68514-BB21-4942-B4B9-E6A0DD5E2541}.Debug|x86.Build.0 = Debug|Any CPU
		{B4B68514-BB21-4942-B4B9-E6A0DD5E2541}.Release|Any CPU.ActiveCfg = Release|Any CPU
		{B4B68514-BB21-4942-B4B9-E6A0DD5E2541}.Release|Any CPU.Build.0 = Release|Any CPU
		{B4B68514-BB21-4942-B4B9-E6A0DD5E2541}.Release|x64.ActiveCfg = Release|Any CPU
		{B4B68514-BB21-4942-B4B9-E6A0DD5E2541}.Release|x64.Build.0 = Release|Any CPU
		{B4B68514-BB21-4942-B4B9-E6A0DD5E2541}.Release|x86.ActiveCfg = Release|Any CPU
		{B4B68514-BB21-4942-B4B9-E6A0DD5E2541}.Release|x86.Build.0 = Release|Any CPU
		{360636B5-D396-4ABA-916D-C818CA59A8F1}.Debug|Any CPU.ActiveCfg = Debug|Any CPU
		{360636B5-D396-4ABA-916D-C818CA59A8F1}.Debug|Any CPU.Build.0 = Debug|Any CPU
		{360636B5-D396-4ABA-916D-C818CA59A8F1}.Debug|x64.ActiveCfg = Debug|Any CPU
		{360636B5-D396-4ABA-916D-C818CA59A8F1}.Debug|x64.Build.0 = Debug|Any CPU
		{360636B5-D396-4ABA-916D-C818CA59A8F1}.Debug|x86.ActiveCfg = Debug|Any CPU
		{360636B5-D396-4ABA-916D-C818CA59A8F1}.Debug|x86.Build.0 = Debug|Any CPU
		{360636B5-D396-4ABA-916D-C818CA59A8F1}.Release|Any CPU.ActiveCfg = Release|Any CPU
		{360636B5-D396-4ABA-916D-C818CA59A8F1}.Release|Any CPU.Build.0 = Release|Any CPU
		{360636B5-D396-4ABA-916D-C818CA59A8F1}.Release|x64.ActiveCfg = Release|Any CPU
		{360636B5-D396-4ABA-916D-C818CA59A8F1}.Release|x64.Build.0 = Release|Any CPU
		{360636B5-D396-4ABA-916D-C818CA59A8F1}.Release|x86.ActiveCfg = Release|Any CPU
		{360636B5-D396-4ABA-916D-C818CA59A8F1}.Release|x86.Build.0 = Release|Any CPU
		{CE49C96A-6153-4DE7-B4FD-E8FF0AC4E95E}.Debug|Any CPU.ActiveCfg = Debug|Any CPU
		{CE49C96A-6153-4DE7-B4FD-E8FF0AC4E95E}.Debug|Any CPU.Build.0 = Debug|Any CPU
		{CE49C96A-6153-4DE7-B4FD-E8FF0AC4E95E}.Debug|x64.ActiveCfg = Debug|Any CPU
		{CE49C96A-6153-4DE7-B4FD-E8FF0AC4E95E}.Debug|x64.Build.0 = Debug|Any CPU
		{CE49C96A-6153-4DE7-B4FD-E8FF0AC4E95E}.Debug|x86.ActiveCfg = Debug|Any CPU
		{CE49C96A-6153-4DE7-B4FD-E8FF0AC4E95E}.Debug|x86.Build.0 = Debug|Any CPU
		{CE49C96A-6153-4DE7-B4FD-E8FF0AC4E95E}.Release|Any CPU.ActiveCfg = Release|Any CPU
		{CE49C96A-6153-4DE7-B4FD-E8FF0AC4E95E}.Release|Any CPU.Build.0 = Release|Any CPU
		{CE49C96A-6153-4DE7-B4FD-E8FF0AC4E95E}.Release|x64.ActiveCfg = Release|Any CPU
		{CE49C96A-6153-4DE7-B4FD-E8FF0AC4E95E}.Release|x64.Build.0 = Release|Any CPU
		{CE49C96A-6153-4DE7-B4FD-E8FF0AC4E95E}.Release|x86.ActiveCfg = Release|Any CPU
		{CE49C96A-6153-4DE7-B4FD-E8FF0AC4E95E}.Release|x86.Build.0 = Release|Any CPU
		{A4D777E1-9B91-4F06-8F7F-E56DBC449F07}.Debug|Any CPU.ActiveCfg = Debug|Any CPU
		{A4D777E1-9B91-4F06-8F7F-E56DBC449F07}.Debug|Any CPU.Build.0 = Debug|Any CPU
		{A4D777E1-9B91-4F06-8F7F-E56DBC449F07}.Debug|x64.ActiveCfg = Debug|Any CPU
		{A4D777E1-9B91-4F06-8F7F-E56DBC449F07}.Debug|x64.Build.0 = Debug|Any CPU
		{A4D777E1-9B91-4F06-8F7F-E56DBC449F07}.Debug|x86.ActiveCfg = Debug|Any CPU
		{A4D777E1-9B91-4F06-8F7F-E56DBC449F07}.Debug|x86.Build.0 = Debug|Any CPU
		{A4D777E1-9B91-4F06-8F7F-E56DBC449F07}.Release|Any CPU.ActiveCfg = Release|Any CPU
		{A4D777E1-9B91-4F06-8F7F-E56DBC449F07}.Release|Any CPU.Build.0 = Release|Any CPU
		{A4D777E1-9B91-4F06-8F7F-E56DBC449F07}.Release|x64.ActiveCfg = Release|Any CPU
		{A4D777E1-9B91-4F06-8F7F-E56DBC449F07}.Release|x64.Build.0 = Release|Any CPU
		{A4D777E1-9B91-4F06-8F7F-E56DBC449F07}.Release|x86.ActiveCfg = Release|Any CPU
		{A4D777E1-9B91-4F06-8F7F-E56DBC449F07}.Release|x86.Build.0 = Release|Any CPU
		{6E68ADF7-7D13-4827-8C77-4B3397EF88B6}.Debug|Any CPU.ActiveCfg = Debug|Any CPU
		{6E68ADF7-7D13-4827-8C77-4B3397EF88B6}.Debug|Any CPU.Build.0 = Debug|Any CPU
		{6E68ADF7-7D13-4827-8C77-4B3397EF88B6}.Debug|x64.ActiveCfg = Debug|Any CPU
		{6E68ADF7-7D13-4827-8C77-4B3397EF88B6}.Debug|x64.Build.0 = Debug|Any CPU
		{6E68ADF7-7D13-4827-8C77-4B3397EF88B6}.Debug|x86.ActiveCfg = Debug|Any CPU
		{6E68ADF7-7D13-4827-8C77-4B3397EF88B6}.Debug|x86.Build.0 = Debug|Any CPU
		{6E68ADF7-7D13-4827-8C77-4B3397EF88B6}.Release|Any CPU.ActiveCfg = Release|Any CPU
		{6E68ADF7-7D13-4827-8C77-4B3397EF88B6}.Release|Any CPU.Build.0 = Release|Any CPU
		{6E68ADF7-7D13-4827-8C77-4B3397EF88B6}.Release|x64.ActiveCfg = Release|Any CPU
		{6E68ADF7-7D13-4827-8C77-4B3397EF88B6}.Release|x64.Build.0 = Release|Any CPU
		{6E68ADF7-7D13-4827-8C77-4B3397EF88B6}.Release|x86.ActiveCfg = Release|Any CPU
		{6E68ADF7-7D13-4827-8C77-4B3397EF88B6}.Release|x86.Build.0 = Release|Any CPU
		{89C45FA4-443C-48B8-A220-25FC51630288}.Debug|Any CPU.ActiveCfg = Debug|Any CPU
		{89C45FA4-443C-48B8-A220-25FC51630288}.Debug|Any CPU.Build.0 = Debug|Any CPU
		{89C45FA4-443C-48B8-A220-25FC51630288}.Debug|x64.ActiveCfg = Debug|Any CPU
		{89C45FA4-443C-48B8-A220-25FC51630288}.Debug|x64.Build.0 = Debug|Any CPU
		{89C45FA4-443C-48B8-A220-25FC51630288}.Debug|x86.ActiveCfg = Debug|Any CPU
		{89C45FA4-443C-48B8-A220-25FC51630288}.Debug|x86.Build.0 = Debug|Any CPU
		{89C45FA4-443C-48B8-A220-25FC51630288}.Release|Any CPU.ActiveCfg = Release|Any CPU
		{89C45FA4-443C-48B8-A220-25FC51630288}.Release|Any CPU.Build.0 = Release|Any CPU
		{89C45FA4-443C-48B8-A220-25FC51630288}.Release|x64.ActiveCfg = Release|Any CPU
		{89C45FA4-443C-48B8-A220-25FC51630288}.Release|x64.Build.0 = Release|Any CPU
		{89C45FA4-443C-48B8-A220-25FC51630288}.Release|x86.ActiveCfg = Release|Any CPU
		{89C45FA4-443C-48B8-A220-25FC51630288}.Release|x86.Build.0 = Release|Any CPU
		{39A330EE-ADB1-49D7-A97D-BEAA09D63517}.Debug|Any CPU.ActiveCfg = Debug|Any CPU
		{39A330EE-ADB1-49D7-A97D-BEAA09D63517}.Debug|Any CPU.Build.0 = Debug|Any CPU
		{39A330EE-ADB1-49D7-A97D-BEAA09D63517}.Debug|x64.ActiveCfg = Debug|Any CPU
		{39A330EE-ADB1-49D7-A97D-BEAA09D63517}.Debug|x64.Build.0 = Debug|Any CPU
		{39A330EE-ADB1-49D7-A97D-BEAA09D63517}.Debug|x86.ActiveCfg = Debug|Any CPU
		{39A330EE-ADB1-49D7-A97D-BEAA09D63517}.Debug|x86.Build.0 = Debug|Any CPU
		{39A330EE-ADB1-49D7-A97D-BEAA09D63517}.Release|Any CPU.ActiveCfg = Release|Any CPU
		{39A330EE-ADB1-49D7-A97D-BEAA09D63517}.Release|Any CPU.Build.0 = Release|Any CPU
		{39A330EE-ADB1-49D7-A97D-BEAA09D63517}.Release|x64.ActiveCfg = Release|Any CPU
		{39A330EE-ADB1-49D7-A97D-BEAA09D63517}.Release|x64.Build.0 = Release|Any CPU
		{39A330EE-ADB1-49D7-A97D-BEAA09D63517}.Release|x86.ActiveCfg = Release|Any CPU
		{39A330EE-ADB1-49D7-A97D-BEAA09D63517}.Release|x86.Build.0 = Release|Any CPU
	EndGlobalSection
EndGlobal
