
Microsoft Visual Studio Solution File, Format Version 12.00
# Visual Studio 15
VisualStudioVersion = 15.0.26124.0
MinimumVisualStudioVersion = 15.0.26124.0
Project("{FAE04EC0-301F-11D3-BF4B-00C04F79EFBC}") = "Penguin.Cms.Modules.Email.Local", "Penguin.Cms.Modules.Email.Local.csproj", "{F12F59C7-0F4E-47E4-A4C0-EF91BF439CDA}"
EndProject
Project("{FAE04EC0-301F-11D3-BF4B-00C04F79EFBC}") = "Penguin.Cms.Email.DependencyInjection.Local", "..\Penguin.Cms.Email.DependencyInjection\Penguin.Cms.Email.DependencyInjection.Local.csproj", "{8D5FBAD4-AC4E-47AC-BA28-D451C3ED2347}"
EndProject
Project("{FAE04EC0-301F-11D3-BF4B-00C04F79EFBC}") = "Penguin.Cms.Email.Local", "..\Penguin.Cms.Email\Penguin.Cms.Email.Local.csproj", "{6FB3535A-E751-4EE8-B51F-4096A60BC1F6}"
EndProject
Project("{FAE04EC0-301F-11D3-BF4B-00C04F79EFBC}") = "Penguin.Cms.Abstractions.Local", "..\Penguin.Cms.Abstractions\Penguin.Cms.Abstractions.Local.csproj", "{9CF80F42-F82A-40B2-96D4-0A1B0A0B64AD}"
EndProject
Project("{FAE04EC0-301F-11D3-BF4B-00C04F79EFBC}") = "Penguin.DependencyInjection.Abstractions.Local", "..\Penguin.DependencyInjection.Abstractions\Penguin.DependencyInjection.Abstractions.Local.csproj", "{DFC43CA6-89C4-4A42-AA7D-82C8F215AA9F}"
EndProject
Project("{FAE04EC0-301F-11D3-BF4B-00C04F79EFBC}") = "Penguin.Persistence.Abstractions.Local", "..\Penguin.Persistence.Abstractions\Penguin.Persistence.Abstractions.Local.csproj", "{939B9D1F-FF64-4CF5-9EFC-09E1D9D6EF2A}"
EndProject
Project("{FAE04EC0-301F-11D3-BF4B-00C04F79EFBC}") = "Penguin.Entities.Abstractions.Local", "..\Penguin.Entities.Abstractions\Penguin.Entities.Abstractions.Local.csproj", "{AD670228-91CB-4D47-820A-8C48C5AE5964}"
EndProject
Project("{FAE04EC0-301F-11D3-BF4B-00C04F79EFBC}") = "Penguin.Reflection.Extensions.Local", "..\Penguin.Reflection.Extensions\Penguin.Reflection.Extensions.Local.csproj", "{21DA2392-60C8-4BEC-AD72-FF803A3D294A}"
EndProject
Project("{FAE04EC0-301F-11D3-BF4B-00C04F79EFBC}") = "Penguin.Extensions.String.Local", "..\Penguin.Extensions.String\Penguin.Extensions.String.Local.csproj", "{855669A7-A06D-4BCA-93DF-32C0E864C364}"
EndProject
Project("{FAE04EC0-301F-11D3-BF4B-00C04F79EFBC}") = "Penguin.Reflection.Abstractions.Local", "..\Penguin.Reflection.Abstractions\Penguin.Reflection.Abstractions.Local.csproj", "{19A657C9-3AA6-4313-9D54-83577B3A889F}"
EndProject
Project("{FAE04EC0-301F-11D3-BF4B-00C04F79EFBC}") = "Penguin.Cms.Email.Abstractions.Local", "..\Penguin.Cms.Email.Abstractions\Penguin.Cms.Email.Abstractions.Local.csproj", "{0ED80390-B1F4-4CA3-B2C4-6A455A27EF3B}"
EndProject
Project("{FAE04EC0-301F-11D3-BF4B-00C04F79EFBC}") = "Penguin.Email.Abstractions.Local", "..\Penguin.Email.Abstractions\Penguin.Email.Abstractions.Local.csproj", "{5560611C-2DFC-40E2-95D8-26EAAD8A1C31}"
EndProject
Project("{FAE04EC0-301F-11D3-BF4B-00C04F79EFBC}") = "Penguin.Files.Abstractions.Local", "..\Penguin.Files.Abstractions\Penguin.Files.Abstractions.Local.csproj", "{55E263B9-70AF-4B7A-B95F-8BB81123C3FC}"
EndProject
Project("{FAE04EC0-301F-11D3-BF4B-00C04F79EFBC}") = "Penguin.Cms.Files.Local", "..\Penguin.Cms.Files\Penguin.Cms.Files.Local.csproj", "{E0871E3C-CC4D-4679-870D-EC624CA8BD74}"
EndProject
Project("{FAE04EC0-301F-11D3-BF4B-00C04F79EFBC}") = "Penguin.Cms.Entities.Local", "..\Penguin.Cms.Entities\Penguin.Cms.Entities.Local.csproj", "{73A9BB23-707F-409A-895B-185772B79840}"
EndProject
Project("{FAE04EC0-301F-11D3-BF4B-00C04F79EFBC}") = "Penguin.Configuration.Abstractions.Local", "..\Penguin.Configuration.Abstractions\Penguin.Configuration.Abstractions.Local.csproj", "{9A56CCE4-E95E-4501-A09F-7A689742BE9F}"
EndProject
Project("{FAE04EC0-301F-11D3-BF4B-00C04F79EFBC}") = "Penguin.Email.Local", "..\Penguin.Email\Penguin.Email.Local.csproj", "{DF5A60A8-C2DB-4F7F-98F6-1DFC82E82711}"
EndProject
Project("{FAE04EC0-301F-11D3-BF4B-00C04F79EFBC}") = "Penguin.Web.Data.Local", "..\Penguin.Web.Data\Penguin.Web.Data.Local.csproj", "{FEBA47D9-81AD-41E1-B74E-1182B3868B37}"
EndProject
Project("{FAE04EC0-301F-11D3-BF4B-00C04F79EFBC}") = "Penguin.Cms.Email.Templating.Local", "..\Penguin.Cms.Email.Templating\Penguin.Cms.Email.Templating.Local.csproj", "{2829AA0F-BD29-4488-BB66-660516FE0BB9}"
EndProject
Project("{FAE04EC0-301F-11D3-BF4B-00C04F79EFBC}") = "Penguin.Email.Templating.Abstractions.Local", "..\Penguin.Email.Templating.Abstractions\Penguin.Email.Templating.Abstractions.Local.csproj", "{2A84C4A6-D456-465E-B799-A3EC2B09260A}"
EndProject
Project("{FAE04EC0-301F-11D3-BF4B-00C04F79EFBC}") = "Penguin.Templating.Abstractions.Local", "..\Penguin.Templating.Abstractions\Penguin.Templating.Abstractions.Local.csproj", "{9A2EA4FE-8C89-47AA-8029-6A9980BD0C2A}"
EndProject
Project("{FAE04EC0-301F-11D3-BF4B-00C04F79EFBC}") = "Penguin.Cms.Email.Templating.Repositories.Local", "..\Penguin.Cms.Email.Templating.Repositories\Penguin.Cms.Email.Templating.Repositories.Local.csproj", "{E55F4076-1B77-4245-A390-20039B30D589}"
EndProject
Project("{FAE04EC0-301F-11D3-BF4B-00C04F79EFBC}") = "Penguin.Cms.Repositories.Local", "..\Penguin.Cms.Repositories\Penguin.Cms.Repositories.Local.csproj", "{AE921676-7EC2-45CD-A41D-3E76889B0ED6}"
EndProject
Project("{FAE04EC0-301F-11D3-BF4B-00C04F79EFBC}") = "Penguin.Messaging.Core.Local", "..\Penguin.Messaging.Core\Penguin.Messaging.Core.Local.csproj", "{B34524B1-2928-4D20-AE4F-E993C406F14A}"
EndProject
Project("{FAE04EC0-301F-11D3-BF4B-00C04F79EFBC}") = "Penguin.Debugging.Local", "..\Penguin.Debugging\Penguin.Debugging.Local.csproj", "{2BF893AF-9990-4400-AACD-02CB71FE6A0A}"
EndProject
Project("{FAE04EC0-301F-11D3-BF4B-00C04F79EFBC}") = "Penguin.Extensions.Exceptions.Local", "..\Penguin.Extensions.Exceptions\Penguin.Extensions.Exceptions.Local.csproj", "{AB12111D-115B-4221-952E-9C771D26C0AE}"
EndProject
Project("{FAE04EC0-301F-11D3-BF4B-00C04F79EFBC}") = "Penguin.Messaging.Abstractions.Local", "..\Penguin.Messaging.Abstractions\Penguin.Messaging.Abstractions.Local.csproj", "{0EA74DC5-5216-4BF3-875E-92BF0BFCACC4}"
EndProject
Project("{FAE04EC0-301F-11D3-BF4B-00C04F79EFBC}") = "Penguin.Persistence.Repositories.Local", "..\Penguin.Persistence.Repositories\Penguin.Persistence.Repositories.Local.csproj", "{B02F02E9-0049-4EFB-9031-9DF71856BDB4}"
EndProject
Project("{FAE04EC0-301F-11D3-BF4B-00C04F79EFBC}") = "Penguin.Messaging.Persistence.Local", "..\Penguin.Messaging.Persistence\Penguin.Messaging.Persistence.Local.csproj", "{CEE28065-7925-41D7-96A4-C42682A775B7}"
EndProject
Project("{FAE04EC0-301F-11D3-BF4B-00C04F79EFBC}") = "Penguin.Reflection.Local", "..\Penguin.Reflection\Penguin.Reflection.Local.csproj", "{672A0934-92B6-4175-8BF3-21AA3D17A090}"
EndProject
Project("{FAE04EC0-301F-11D3-BF4B-00C04F79EFBC}") = "Penguin.DependencyInjection.Local", "..\Penguin.DependencyInjection\Penguin.DependencyInjection.Local.csproj", "{BA53B2FE-1968-4980-BE41-8833FCCD0567}"
EndProject
Project("{FAE04EC0-301F-11D3-BF4B-00C04F79EFBC}") = "Penguin.Email.Templating.Local", "..\Penguin.Email.Templating\Penguin.Email.Templating.Local.csproj", "{190A03F1-7B85-4823-BD9E-7D512B8749BF}"
EndProject
Project("{FAE04EC0-301F-11D3-BF4B-00C04F79EFBC}") = "Penguin.Cms.Modules.Dynamic.Local", "..\Penguin.Cms.Modules.Dynamic\Penguin.Cms.Modules.Dynamic.Local.csproj", "{C816E2DF-9645-4ED3-B0D3-03540D8A0A84}"
EndProject
Project("{FAE04EC0-301F-11D3-BF4B-00C04F79EFBC}") = "Penguin.Cms.Errors.Local", "..\Penguin.Cms.Errors\Penguin.Cms.Errors.Local.csproj", "{78A8E1F6-ED77-4854-97C2-84F023A75A2C}"
EndProject
Project("{FAE04EC0-301F-11D3-BF4B-00C04F79EFBC}") = "Penguin.Auditing.Abstractions.Local", "..\Penguin.Auditing.Abstractions\Penguin.Auditing.Abstractions.Local.csproj", "{AFF0E178-58A6-413E-BBDE-5D05D7CE1F88}"
EndProject
Project("{FAE04EC0-301F-11D3-BF4B-00C04F79EFBC}") = "Penguin.Cms.Modules.Admin.Local", "..\Penguin.Cms.Modules.Admin\Penguin.Cms.Modules.Admin.Local.csproj", "{9F26E9C5-AEEE-4BC7-AB54-BB6C80EC27E3}"
EndProject
Project("{FAE04EC0-301F-11D3-BF4B-00C04F79EFBC}") = "Penguin.Cms.Modules.Core.Local", "..\Penguin.Cms.Modules.Core\Penguin.Cms.Modules.Core.Local.csproj", "{93C3FE74-C538-4FBC-9979-FAAFA7D02674}"
EndProject
Project("{FAE04EC0-301F-11D3-BF4B-00C04F79EFBC}") = "Penguin.Cms.Core.Local", "..\Penguin.Cms.Core\Penguin.Cms.Core.Local.csproj", "{56768915-437B-4A20-9E49-36B54F25C2F6}"
EndProject
Project("{FAE04EC0-301F-11D3-BF4B-00C04F79EFBC}") = "Penguin.Cms.Web.Local", "..\Penguin.Cms.Web\Penguin.Cms.Web.Local.csproj", "{CB2E4A1C-8003-4861-931E-AA4581FD7FC8}"
EndProject
Project("{FAE04EC0-301F-11D3-BF4B-00C04F79EFBC}") = "Penguin.Configuration.Local", "..\Penguin.Configuration\Penguin.Configuration.Local.csproj", "{A3648C39-ADF0-4B83-93F8-BDD605C975F3}"
EndProject
Project("{FAE04EC0-301F-11D3-BF4B-00C04F79EFBC}") = "Penguin.Extensions.Collections.Local", "..\Penguin.Extensions.Collections\Penguin.Extensions.Collections.Local.csproj", "{5D91F061-377F-46ED-9844-9CE55518BEE5}"
EndProject
Project("{FAE04EC0-301F-11D3-BF4B-00C04F79EFBC}") = "Penguin.Files.Local", "..\Penguin.Files\Penguin.Files.Local.csproj", "{093872AA-F3A2-46F3-A94A-C1F99FE0D351}"
EndProject
Project("{FAE04EC0-301F-11D3-BF4B-00C04F79EFBC}") = "Penguin.Security.Abstractions.Local", "..\Penguin.Security.Abstractions\Penguin.Security.Abstractions.Local.csproj", "{AAC62AE7-B53B-438A-B7EF-6A768824A383}"
EndProject
Project("{FAE04EC0-301F-11D3-BF4B-00C04F79EFBC}") = "Penguin.Messaging.Application.Local", "..\Penguin.Messaging.Application\Penguin.Messaging.Application.Local.csproj", "{EF6948A3-F868-4B4B-A793-3844A7C67264}"
EndProject
Project("{FAE04EC0-301F-11D3-BF4B-00C04F79EFBC}") = "Penguin.Persistence.Database.Local", "..\Penguin.Persistence.Database\Penguin.Persistence.Database.Local.csproj", "{EE9F5B68-4507-4EDA-834F-F2470D647F82}"
EndProject
Project("{FAE04EC0-301F-11D3-BF4B-00C04F79EFBC}") = "Penguin.Threading.BackgroundWorker.Local", "..\Penguin.Threading.BackgroundWorker\Penguin.Threading.BackgroundWorker.Local.csproj", "{DAF83973-7708-42E3-A114-B455047F038B}"
EndProject
Project("{FAE04EC0-301F-11D3-BF4B-00C04F79EFBC}") = "Penguin.Reflection.Serialization.Local", "..\Penguin.Reflection.Serialization\Penguin.Reflection.Serialization.Local.csproj", "{69F1E81F-D47B-47F7-AE74-47068719CDD6}"
EndProject
Project("{FAE04EC0-301F-11D3-BF4B-00C04F79EFBC}") = "Penguin.Reflection.Serialization.Abstractions.Local", "..\Penguin.Reflection.Serialization.Abstractions\Penguin.Reflection.Serialization.Abstractions.Local.csproj", "{338F371D-D2EB-48D3-A002-3DAF501724AC}"
EndProject
Project("{FAE04EC0-301F-11D3-BF4B-00C04F79EFBC}") = "Penguin.Reflection.Serialization.Extensions.Local", "..\Penguin.Reflection.Serialization.Extensions\Penguin.Reflection.Serialization.Extensions.Local.csproj", "{881C0BE2-7172-4962-926B-6F0DE5405D9C}"
EndProject
Project("{FAE04EC0-301F-11D3-BF4B-00C04F79EFBC}") = "Penguin.Testing.Local", "..\Penguin.Testing\Penguin.Testing.Local.csproj", "{B7077375-CD5E-4392-B238-E1EE82AFC4F9}"
EndProject
Project("{FAE04EC0-301F-11D3-BF4B-00C04F79EFBC}") = "Penguin.Web.Abstractions.Local", "..\Penguin.Web.Abstractions\Penguin.Web.Abstractions.Local.csproj", "{149899A5-B5D9-4229-9D66-D69D212ECDFB}"
EndProject
Project("{FAE04EC0-301F-11D3-BF4B-00C04F79EFBC}") = "Penguin.Web.DependencyInjection.Local", "..\Penguin.Web.DependencyInjection\Penguin.Web.DependencyInjection.Local.csproj", "{E7510B24-6D48-4681-9B70-DAFA53AD5391}"
EndProject
Project("{FAE04EC0-301F-11D3-BF4B-00C04F79EFBC}") = "Penguin.Web.Testing.Local", "..\Penguin.Web.Testing\Penguin.Web.Testing.Local.csproj", "{045E5881-30B0-495F-A0D0-51BA3CA5A13F}"
EndProject
Project("{FAE04EC0-301F-11D3-BF4B-00C04F79EFBC}") = "Penguin.Web.Errors.Local", "..\Penguin.Web.Errors\Penguin.Web.Errors.Local.csproj", "{34EBB01A-D098-468C-9D0F-8225F21D1B47}"
EndProject
Project("{FAE04EC0-301F-11D3-BF4B-00C04F79EFBC}") = "Penguin.Web.Mvc.Local", "..\Penguin.Web.Mvc\Penguin.Web.Mvc.Local.csproj", "{5699476D-A2C6-45D2-AED7-49A3E9B44D13}"
EndProject
Project("{FAE04EC0-301F-11D3-BF4B-00C04F79EFBC}") = "Penguin.Web.Mvc.Abstractions.Local", "..\Penguin.Web.Mvc.Abstractions\Penguin.Web.Mvc.Abstractions.Local.csproj", "{CE4FA269-9335-4E6F-9864-66DBA1021227}"
EndProject
Project("{FAE04EC0-301F-11D3-BF4B-00C04F79EFBC}") = "Penguin.Navigation.Abstractions.Local", "..\Penguin.Navigation.Abstractions\Penguin.Navigation.Abstractions.Local.csproj", "{AB23B3DD-20D5-4F55-ABD7-AEA9EF226B6F}"
EndProject
Project("{FAE04EC0-301F-11D3-BF4B-00C04F79EFBC}") = "Penguin.Web.Security.Local", "..\Penguin.Web.Security\Penguin.Web.Security.Local.csproj", "{45598563-9E00-470B-9ABD-D8E428054B57}"
EndProject
Project("{FAE04EC0-301F-11D3-BF4B-00C04F79EFBC}") = "Penguin.Shared.Objects.Local", "..\Penguin.Shared.Objects\Penguin.Shared.Objects.Local.csproj", "{BB6EDD70-2A12-4DEA-9FB0-96D5BD27285F}"
EndProject
Project("{FAE04EC0-301F-11D3-BF4B-00C04F79EFBC}") = "Penguin.Web.Dynamic.Local", "..\Penguin.Web.Dynamic\Penguin.Web.Dynamic.Local.csproj", "{8900DBDB-371B-4298-B0CD-B01D62D382D0}"
EndProject
Project("{FAE04EC0-301F-11D3-BF4B-00C04F79EFBC}") = "Penguin.Web.Email.Templating.Local", "..\Penguin.Web.Email.Templating\Penguin.Web.Email.Templating.Local.csproj", "{81163337-D26E-4D4A-A6B5-7C9CA09E1C7E}"
EndProject
Project("{FAE04EC0-301F-11D3-BF4B-00C04F79EFBC}") = "Penguin.Web.Templating.Local", "..\Penguin.Web.Templating\Penguin.Web.Templating.Local.csproj", "{1C10EA71-8CC6-4984-B6FB-E3FB832A1270}"
EndProject
Global
	GlobalSection(SolutionConfigurationPlatforms) = preSolution
		Debug|Any CPU = Debug|Any CPU
		Debug|x64 = Debug|x64
		Debug|x86 = Debug|x86
		Release|Any CPU = Release|Any CPU
		Release|x64 = Release|x64
		Release|x86 = Release|x86
	EndGlobalSection
	GlobalSection(SolutionProperties) = preSolution
		HideSolutionNode = FALSE
	EndGlobalSection
	GlobalSection(ProjectConfigurationPlatforms) = postSolution
		{F12F59C7-0F4E-47E4-A4C0-EF91BF439CDA}.Debug|Any CPU.ActiveCfg = Debug|Any CPU
		{F12F59C7-0F4E-47E4-A4C0-EF91BF439CDA}.Debug|Any CPU.Build.0 = Debug|Any CPU
		{F12F59C7-0F4E-47E4-A4C0-EF91BF439CDA}.Debug|x64.ActiveCfg = Debug|Any CPU
		{F12F59C7-0F4E-47E4-A4C0-EF91BF439CDA}.Debug|x64.Build.0 = Debug|Any CPU
		{F12F59C7-0F4E-47E4-A4C0-EF91BF439CDA}.Debug|x86.ActiveCfg = Debug|Any CPU
		{F12F59C7-0F4E-47E4-A4C0-EF91BF439CDA}.Debug|x86.Build.0 = Debug|Any CPU
		{F12F59C7-0F4E-47E4-A4C0-EF91BF439CDA}.Release|Any CPU.ActiveCfg = Release|Any CPU
		{F12F59C7-0F4E-47E4-A4C0-EF91BF439CDA}.Release|Any CPU.Build.0 = Release|Any CPU
		{F12F59C7-0F4E-47E4-A4C0-EF91BF439CDA}.Release|x64.ActiveCfg = Release|Any CPU
		{F12F59C7-0F4E-47E4-A4C0-EF91BF439CDA}.Release|x64.Build.0 = Release|Any CPU
		{F12F59C7-0F4E-47E4-A4C0-EF91BF439CDA}.Release|x86.ActiveCfg = Release|Any CPU
		{F12F59C7-0F4E-47E4-A4C0-EF91BF439CDA}.Release|x86.Build.0 = Release|Any CPU
		{8D5FBAD4-AC4E-47AC-BA28-D451C3ED2347}.Debug|Any CPU.ActiveCfg = Debug|Any CPU
		{8D5FBAD4-AC4E-47AC-BA28-D451C3ED2347}.Debug|Any CPU.Build.0 = Debug|Any CPU
		{8D5FBAD4-AC4E-47AC-BA28-D451C3ED2347}.Debug|x64.ActiveCfg = Debug|Any CPU
		{8D5FBAD4-AC4E-47AC-BA28-D451C3ED2347}.Debug|x64.Build.0 = Debug|Any CPU
		{8D5FBAD4-AC4E-47AC-BA28-D451C3ED2347}.Debug|x86.ActiveCfg = Debug|Any CPU
		{8D5FBAD4-AC4E-47AC-BA28-D451C3ED2347}.Debug|x86.Build.0 = Debug|Any CPU
		{8D5FBAD4-AC4E-47AC-BA28-D451C3ED2347}.Release|Any CPU.ActiveCfg = Release|Any CPU
		{8D5FBAD4-AC4E-47AC-BA28-D451C3ED2347}.Release|Any CPU.Build.0 = Release|Any CPU
		{8D5FBAD4-AC4E-47AC-BA28-D451C3ED2347}.Release|x64.ActiveCfg = Release|Any CPU
		{8D5FBAD4-AC4E-47AC-BA28-D451C3ED2347}.Release|x64.Build.0 = Release|Any CPU
		{8D5FBAD4-AC4E-47AC-BA28-D451C3ED2347}.Release|x86.ActiveCfg = Release|Any CPU
		{8D5FBAD4-AC4E-47AC-BA28-D451C3ED2347}.Release|x86.Build.0 = Release|Any CPU
		{6FB3535A-E751-4EE8-B51F-4096A60BC1F6}.Debug|Any CPU.ActiveCfg = Debug|Any CPU
		{6FB3535A-E751-4EE8-B51F-4096A60BC1F6}.Debug|Any CPU.Build.0 = Debug|Any CPU
		{6FB3535A-E751-4EE8-B51F-4096A60BC1F6}.Debug|x64.ActiveCfg = Debug|Any CPU
		{6FB3535A-E751-4EE8-B51F-4096A60BC1F6}.Debug|x64.Build.0 = Debug|Any CPU
		{6FB3535A-E751-4EE8-B51F-4096A60BC1F6}.Debug|x86.ActiveCfg = Debug|Any CPU
		{6FB3535A-E751-4EE8-B51F-4096A60BC1F6}.Debug|x86.Build.0 = Debug|Any CPU
		{6FB3535A-E751-4EE8-B51F-4096A60BC1F6}.Release|Any CPU.ActiveCfg = Release|Any CPU
		{6FB3535A-E751-4EE8-B51F-4096A60BC1F6}.Release|Any CPU.Build.0 = Release|Any CPU
		{6FB3535A-E751-4EE8-B51F-4096A60BC1F6}.Release|x64.ActiveCfg = Release|Any CPU
		{6FB3535A-E751-4EE8-B51F-4096A60BC1F6}.Release|x64.Build.0 = Release|Any CPU
		{6FB3535A-E751-4EE8-B51F-4096A60BC1F6}.Release|x86.ActiveCfg = Release|Any CPU
		{6FB3535A-E751-4EE8-B51F-4096A60BC1F6}.Release|x86.Build.0 = Release|Any CPU
		{9CF80F42-F82A-40B2-96D4-0A1B0A0B64AD}.Debug|Any CPU.ActiveCfg = Debug|Any CPU
		{9CF80F42-F82A-40B2-96D4-0A1B0A0B64AD}.Debug|Any CPU.Build.0 = Debug|Any CPU
		{9CF80F42-F82A-40B2-96D4-0A1B0A0B64AD}.Debug|x64.ActiveCfg = Debug|Any CPU
		{9CF80F42-F82A-40B2-96D4-0A1B0A0B64AD}.Debug|x64.Build.0 = Debug|Any CPU
		{9CF80F42-F82A-40B2-96D4-0A1B0A0B64AD}.Debug|x86.ActiveCfg = Debug|Any CPU
		{9CF80F42-F82A-40B2-96D4-0A1B0A0B64AD}.Debug|x86.Build.0 = Debug|Any CPU
		{9CF80F42-F82A-40B2-96D4-0A1B0A0B64AD}.Release|Any CPU.ActiveCfg = Release|Any CPU
		{9CF80F42-F82A-40B2-96D4-0A1B0A0B64AD}.Release|Any CPU.Build.0 = Release|Any CPU
		{9CF80F42-F82A-40B2-96D4-0A1B0A0B64AD}.Release|x64.ActiveCfg = Release|Any CPU
		{9CF80F42-F82A-40B2-96D4-0A1B0A0B64AD}.Release|x64.Build.0 = Release|Any CPU
		{9CF80F42-F82A-40B2-96D4-0A1B0A0B64AD}.Release|x86.ActiveCfg = Release|Any CPU
		{9CF80F42-F82A-40B2-96D4-0A1B0A0B64AD}.Release|x86.Build.0 = Release|Any CPU
		{DFC43CA6-89C4-4A42-AA7D-82C8F215AA9F}.Debug|Any CPU.ActiveCfg = Debug|Any CPU
		{DFC43CA6-89C4-4A42-AA7D-82C8F215AA9F}.Debug|Any CPU.Build.0 = Debug|Any CPU
		{DFC43CA6-89C4-4A42-AA7D-82C8F215AA9F}.Debug|x64.ActiveCfg = Debug|Any CPU
		{DFC43CA6-89C4-4A42-AA7D-82C8F215AA9F}.Debug|x64.Build.0 = Debug|Any CPU
		{DFC43CA6-89C4-4A42-AA7D-82C8F215AA9F}.Debug|x86.ActiveCfg = Debug|Any CPU
		{DFC43CA6-89C4-4A42-AA7D-82C8F215AA9F}.Debug|x86.Build.0 = Debug|Any CPU
		{DFC43CA6-89C4-4A42-AA7D-82C8F215AA9F}.Release|Any CPU.ActiveCfg = Release|Any CPU
		{DFC43CA6-89C4-4A42-AA7D-82C8F215AA9F}.Release|Any CPU.Build.0 = Release|Any CPU
		{DFC43CA6-89C4-4A42-AA7D-82C8F215AA9F}.Release|x64.ActiveCfg = Release|Any CPU
		{DFC43CA6-89C4-4A42-AA7D-82C8F215AA9F}.Release|x64.Build.0 = Release|Any CPU
		{DFC43CA6-89C4-4A42-AA7D-82C8F215AA9F}.Release|x86.ActiveCfg = Release|Any CPU
		{DFC43CA6-89C4-4A42-AA7D-82C8F215AA9F}.Release|x86.Build.0 = Release|Any CPU
		{939B9D1F-FF64-4CF5-9EFC-09E1D9D6EF2A}.Debug|Any CPU.ActiveCfg = Debug|Any CPU
		{939B9D1F-FF64-4CF5-9EFC-09E1D9D6EF2A}.Debug|Any CPU.Build.0 = Debug|Any CPU
		{939B9D1F-FF64-4CF5-9EFC-09E1D9D6EF2A}.Debug|x64.ActiveCfg = Debug|Any CPU
		{939B9D1F-FF64-4CF5-9EFC-09E1D9D6EF2A}.Debug|x64.Build.0 = Debug|Any CPU
		{939B9D1F-FF64-4CF5-9EFC-09E1D9D6EF2A}.Debug|x86.ActiveCfg = Debug|Any CPU
		{939B9D1F-FF64-4CF5-9EFC-09E1D9D6EF2A}.Debug|x86.Build.0 = Debug|Any CPU
		{939B9D1F-FF64-4CF5-9EFC-09E1D9D6EF2A}.Release|Any CPU.ActiveCfg = Release|Any CPU
		{939B9D1F-FF64-4CF5-9EFC-09E1D9D6EF2A}.Release|Any CPU.Build.0 = Release|Any CPU
		{939B9D1F-FF64-4CF5-9EFC-09E1D9D6EF2A}.Release|x64.ActiveCfg = Release|Any CPU
		{939B9D1F-FF64-4CF5-9EFC-09E1D9D6EF2A}.Release|x64.Build.0 = Release|Any CPU
		{939B9D1F-FF64-4CF5-9EFC-09E1D9D6EF2A}.Release|x86.ActiveCfg = Release|Any CPU
		{939B9D1F-FF64-4CF5-9EFC-09E1D9D6EF2A}.Release|x86.Build.0 = Release|Any CPU
		{AD670228-91CB-4D47-820A-8C48C5AE5964}.Debug|Any CPU.ActiveCfg = Debug|Any CPU
		{AD670228-91CB-4D47-820A-8C48C5AE5964}.Debug|Any CPU.Build.0 = Debug|Any CPU
		{AD670228-91CB-4D47-820A-8C48C5AE5964}.Debug|x64.ActiveCfg = Debug|Any CPU
		{AD670228-91CB-4D47-820A-8C48C5AE5964}.Debug|x64.Build.0 = Debug|Any CPU
		{AD670228-91CB-4D47-820A-8C48C5AE5964}.Debug|x86.ActiveCfg = Debug|Any CPU
		{AD670228-91CB-4D47-820A-8C48C5AE5964}.Debug|x86.Build.0 = Debug|Any CPU
		{AD670228-91CB-4D47-820A-8C48C5AE5964}.Release|Any CPU.ActiveCfg = Release|Any CPU
		{AD670228-91CB-4D47-820A-8C48C5AE5964}.Release|Any CPU.Build.0 = Release|Any CPU
		{AD670228-91CB-4D47-820A-8C48C5AE5964}.Release|x64.ActiveCfg = Release|Any CPU
		{AD670228-91CB-4D47-820A-8C48C5AE5964}.Release|x64.Build.0 = Release|Any CPU
		{AD670228-91CB-4D47-820A-8C48C5AE5964}.Release|x86.ActiveCfg = Release|Any CPU
		{AD670228-91CB-4D47-820A-8C48C5AE5964}.Release|x86.Build.0 = Release|Any CPU
		{21DA2392-60C8-4BEC-AD72-FF803A3D294A}.Debug|Any CPU.ActiveCfg = Debug|Any CPU
		{21DA2392-60C8-4BEC-AD72-FF803A3D294A}.Debug|Any CPU.Build.0 = Debug|Any CPU
		{21DA2392-60C8-4BEC-AD72-FF803A3D294A}.Debug|x64.ActiveCfg = Debug|Any CPU
		{21DA2392-60C8-4BEC-AD72-FF803A3D294A}.Debug|x64.Build.0 = Debug|Any CPU
		{21DA2392-60C8-4BEC-AD72-FF803A3D294A}.Debug|x86.ActiveCfg = Debug|Any CPU
		{21DA2392-60C8-4BEC-AD72-FF803A3D294A}.Debug|x86.Build.0 = Debug|Any CPU
		{21DA2392-60C8-4BEC-AD72-FF803A3D294A}.Release|Any CPU.ActiveCfg = Release|Any CPU
		{21DA2392-60C8-4BEC-AD72-FF803A3D294A}.Release|Any CPU.Build.0 = Release|Any CPU
		{21DA2392-60C8-4BEC-AD72-FF803A3D294A}.Release|x64.ActiveCfg = Release|Any CPU
		{21DA2392-60C8-4BEC-AD72-FF803A3D294A}.Release|x64.Build.0 = Release|Any CPU
		{21DA2392-60C8-4BEC-AD72-FF803A3D294A}.Release|x86.ActiveCfg = Release|Any CPU
		{21DA2392-60C8-4BEC-AD72-FF803A3D294A}.Release|x86.Build.0 = Release|Any CPU
		{855669A7-A06D-4BCA-93DF-32C0E864C364}.Debug|Any CPU.ActiveCfg = Debug|Any CPU
		{855669A7-A06D-4BCA-93DF-32C0E864C364}.Debug|Any CPU.Build.0 = Debug|Any CPU
		{855669A7-A06D-4BCA-93DF-32C0E864C364}.Debug|x64.ActiveCfg = Debug|Any CPU
		{855669A7-A06D-4BCA-93DF-32C0E864C364}.Debug|x64.Build.0 = Debug|Any CPU
		{855669A7-A06D-4BCA-93DF-32C0E864C364}.Debug|x86.ActiveCfg = Debug|Any CPU
		{855669A7-A06D-4BCA-93DF-32C0E864C364}.Debug|x86.Build.0 = Debug|Any CPU
		{855669A7-A06D-4BCA-93DF-32C0E864C364}.Release|Any CPU.ActiveCfg = Release|Any CPU
		{855669A7-A06D-4BCA-93DF-32C0E864C364}.Release|Any CPU.Build.0 = Release|Any CPU
		{855669A7-A06D-4BCA-93DF-32C0E864C364}.Release|x64.ActiveCfg = Release|Any CPU
		{855669A7-A06D-4BCA-93DF-32C0E864C364}.Release|x64.Build.0 = Release|Any CPU
		{855669A7-A06D-4BCA-93DF-32C0E864C364}.Release|x86.ActiveCfg = Release|Any CPU
		{855669A7-A06D-4BCA-93DF-32C0E864C364}.Release|x86.Build.0 = Release|Any CPU
		{19A657C9-3AA6-4313-9D54-83577B3A889F}.Debug|Any CPU.ActiveCfg = Debug|Any CPU
		{19A657C9-3AA6-4313-9D54-83577B3A889F}.Debug|Any CPU.Build.0 = Debug|Any CPU
		{19A657C9-3AA6-4313-9D54-83577B3A889F}.Debug|x64.ActiveCfg = Debug|Any CPU
		{19A657C9-3AA6-4313-9D54-83577B3A889F}.Debug|x64.Build.0 = Debug|Any CPU
		{19A657C9-3AA6-4313-9D54-83577B3A889F}.Debug|x86.ActiveCfg = Debug|Any CPU
		{19A657C9-3AA6-4313-9D54-83577B3A889F}.Debug|x86.Build.0 = Debug|Any CPU
		{19A657C9-3AA6-4313-9D54-83577B3A889F}.Release|Any CPU.ActiveCfg = Release|Any CPU
		{19A657C9-3AA6-4313-9D54-83577B3A889F}.Release|Any CPU.Build.0 = Release|Any CPU
		{19A657C9-3AA6-4313-9D54-83577B3A889F}.Release|x64.ActiveCfg = Release|Any CPU
		{19A657C9-3AA6-4313-9D54-83577B3A889F}.Release|x64.Build.0 = Release|Any CPU
		{19A657C9-3AA6-4313-9D54-83577B3A889F}.Release|x86.ActiveCfg = Release|Any CPU
		{19A657C9-3AA6-4313-9D54-83577B3A889F}.Release|x86.Build.0 = Release|Any CPU
		{0ED80390-B1F4-4CA3-B2C4-6A455A27EF3B}.Debug|Any CPU.ActiveCfg = Debug|Any CPU
		{0ED80390-B1F4-4CA3-B2C4-6A455A27EF3B}.Debug|Any CPU.Build.0 = Debug|Any CPU
		{0ED80390-B1F4-4CA3-B2C4-6A455A27EF3B}.Debug|x64.ActiveCfg = Debug|Any CPU
		{0ED80390-B1F4-4CA3-B2C4-6A455A27EF3B}.Debug|x64.Build.0 = Debug|Any CPU
		{0ED80390-B1F4-4CA3-B2C4-6A455A27EF3B}.Debug|x86.ActiveCfg = Debug|Any CPU
		{0ED80390-B1F4-4CA3-B2C4-6A455A27EF3B}.Debug|x86.Build.0 = Debug|Any CPU
		{0ED80390-B1F4-4CA3-B2C4-6A455A27EF3B}.Release|Any CPU.ActiveCfg = Release|Any CPU
		{0ED80390-B1F4-4CA3-B2C4-6A455A27EF3B}.Release|Any CPU.Build.0 = Release|Any CPU
		{0ED80390-B1F4-4CA3-B2C4-6A455A27EF3B}.Release|x64.ActiveCfg = Release|Any CPU
		{0ED80390-B1F4-4CA3-B2C4-6A455A27EF3B}.Release|x64.Build.0 = Release|Any CPU
		{0ED80390-B1F4-4CA3-B2C4-6A455A27EF3B}.Release|x86.ActiveCfg = Release|Any CPU
		{0ED80390-B1F4-4CA3-B2C4-6A455A27EF3B}.Release|x86.Build.0 = Release|Any CPU
		{5560611C-2DFC-40E2-95D8-26EAAD8A1C31}.Debug|Any CPU.ActiveCfg = Debug|Any CPU
		{5560611C-2DFC-40E2-95D8-26EAAD8A1C31}.Debug|Any CPU.Build.0 = Debug|Any CPU
		{5560611C-2DFC-40E2-95D8-26EAAD8A1C31}.Debug|x64.ActiveCfg = Debug|Any CPU
		{5560611C-2DFC-40E2-95D8-26EAAD8A1C31}.Debug|x64.Build.0 = Debug|Any CPU
		{5560611C-2DFC-40E2-95D8-26EAAD8A1C31}.Debug|x86.ActiveCfg = Debug|Any CPU
		{5560611C-2DFC-40E2-95D8-26EAAD8A1C31}.Debug|x86.Build.0 = Debug|Any CPU
		{5560611C-2DFC-40E2-95D8-26EAAD8A1C31}.Release|Any CPU.ActiveCfg = Release|Any CPU
		{5560611C-2DFC-40E2-95D8-26EAAD8A1C31}.Release|Any CPU.Build.0 = Release|Any CPU
		{5560611C-2DFC-40E2-95D8-26EAAD8A1C31}.Release|x64.ActiveCfg = Release|Any CPU
		{5560611C-2DFC-40E2-95D8-26EAAD8A1C31}.Release|x64.Build.0 = Release|Any CPU
		{5560611C-2DFC-40E2-95D8-26EAAD8A1C31}.Release|x86.ActiveCfg = Release|Any CPU
		{5560611C-2DFC-40E2-95D8-26EAAD8A1C31}.Release|x86.Build.0 = Release|Any CPU
		{55E263B9-70AF-4B7A-B95F-8BB81123C3FC}.Debug|Any CPU.ActiveCfg = Debug|Any CPU
		{55E263B9-70AF-4B7A-B95F-8BB81123C3FC}.Debug|Any CPU.Build.0 = Debug|Any CPU
		{55E263B9-70AF-4B7A-B95F-8BB81123C3FC}.Debug|x64.ActiveCfg = Debug|Any CPU
		{55E263B9-70AF-4B7A-B95F-8BB81123C3FC}.Debug|x64.Build.0 = Debug|Any CPU
		{55E263B9-70AF-4B7A-B95F-8BB81123C3FC}.Debug|x86.ActiveCfg = Debug|Any CPU
		{55E263B9-70AF-4B7A-B95F-8BB81123C3FC}.Debug|x86.Build.0 = Debug|Any CPU
		{55E263B9-70AF-4B7A-B95F-8BB81123C3FC}.Release|Any CPU.ActiveCfg = Release|Any CPU
		{55E263B9-70AF-4B7A-B95F-8BB81123C3FC}.Release|Any CPU.Build.0 = Release|Any CPU
		{55E263B9-70AF-4B7A-B95F-8BB81123C3FC}.Release|x64.ActiveCfg = Release|Any CPU
		{55E263B9-70AF-4B7A-B95F-8BB81123C3FC}.Release|x64.Build.0 = Release|Any CPU
		{55E263B9-70AF-4B7A-B95F-8BB81123C3FC}.Release|x86.ActiveCfg = Release|Any CPU
		{55E263B9-70AF-4B7A-B95F-8BB81123C3FC}.Release|x86.Build.0 = Release|Any CPU
		{E0871E3C-CC4D-4679-870D-EC624CA8BD74}.Debug|Any CPU.ActiveCfg = Debug|Any CPU
		{E0871E3C-CC4D-4679-870D-EC624CA8BD74}.Debug|Any CPU.Build.0 = Debug|Any CPU
		{E0871E3C-CC4D-4679-870D-EC624CA8BD74}.Debug|x64.ActiveCfg = Debug|Any CPU
		{E0871E3C-CC4D-4679-870D-EC624CA8BD74}.Debug|x64.Build.0 = Debug|Any CPU
		{E0871E3C-CC4D-4679-870D-EC624CA8BD74}.Debug|x86.ActiveCfg = Debug|Any CPU
		{E0871E3C-CC4D-4679-870D-EC624CA8BD74}.Debug|x86.Build.0 = Debug|Any CPU
		{E0871E3C-CC4D-4679-870D-EC624CA8BD74}.Release|Any CPU.ActiveCfg = Release|Any CPU
		{E0871E3C-CC4D-4679-870D-EC624CA8BD74}.Release|Any CPU.Build.0 = Release|Any CPU
		{E0871E3C-CC4D-4679-870D-EC624CA8BD74}.Release|x64.ActiveCfg = Release|Any CPU
		{E0871E3C-CC4D-4679-870D-EC624CA8BD74}.Release|x64.Build.0 = Release|Any CPU
		{E0871E3C-CC4D-4679-870D-EC624CA8BD74}.Release|x86.ActiveCfg = Release|Any CPU
		{E0871E3C-CC4D-4679-870D-EC624CA8BD74}.Release|x86.Build.0 = Release|Any CPU
		{73A9BB23-707F-409A-895B-185772B79840}.Debug|Any CPU.ActiveCfg = Debug|Any CPU
		{73A9BB23-707F-409A-895B-185772B79840}.Debug|Any CPU.Build.0 = Debug|Any CPU
		{73A9BB23-707F-409A-895B-185772B79840}.Debug|x64.ActiveCfg = Debug|Any CPU
		{73A9BB23-707F-409A-895B-185772B79840}.Debug|x64.Build.0 = Debug|Any CPU
		{73A9BB23-707F-409A-895B-185772B79840}.Debug|x86.ActiveCfg = Debug|Any CPU
		{73A9BB23-707F-409A-895B-185772B79840}.Debug|x86.Build.0 = Debug|Any CPU
		{73A9BB23-707F-409A-895B-185772B79840}.Release|Any CPU.ActiveCfg = Release|Any CPU
		{73A9BB23-707F-409A-895B-185772B79840}.Release|Any CPU.Build.0 = Release|Any CPU
		{73A9BB23-707F-409A-895B-185772B79840}.Release|x64.ActiveCfg = Release|Any CPU
		{73A9BB23-707F-409A-895B-185772B79840}.Release|x64.Build.0 = Release|Any CPU
		{73A9BB23-707F-409A-895B-185772B79840}.Release|x86.ActiveCfg = Release|Any CPU
		{73A9BB23-707F-409A-895B-185772B79840}.Release|x86.Build.0 = Release|Any CPU
		{9A56CCE4-E95E-4501-A09F-7A689742BE9F}.Debug|Any CPU.ActiveCfg = Debug|Any CPU
		{9A56CCE4-E95E-4501-A09F-7A689742BE9F}.Debug|Any CPU.Build.0 = Debug|Any CPU
		{9A56CCE4-E95E-4501-A09F-7A689742BE9F}.Debug|x64.ActiveCfg = Debug|Any CPU
		{9A56CCE4-E95E-4501-A09F-7A689742BE9F}.Debug|x64.Build.0 = Debug|Any CPU
		{9A56CCE4-E95E-4501-A09F-7A689742BE9F}.Debug|x86.ActiveCfg = Debug|Any CPU
		{9A56CCE4-E95E-4501-A09F-7A689742BE9F}.Debug|x86.Build.0 = Debug|Any CPU
		{9A56CCE4-E95E-4501-A09F-7A689742BE9F}.Release|Any CPU.ActiveCfg = Release|Any CPU
		{9A56CCE4-E95E-4501-A09F-7A689742BE9F}.Release|Any CPU.Build.0 = Release|Any CPU
		{9A56CCE4-E95E-4501-A09F-7A689742BE9F}.Release|x64.ActiveCfg = Release|Any CPU
		{9A56CCE4-E95E-4501-A09F-7A689742BE9F}.Release|x64.Build.0 = Release|Any CPU
		{9A56CCE4-E95E-4501-A09F-7A689742BE9F}.Release|x86.ActiveCfg = Release|Any CPU
		{9A56CCE4-E95E-4501-A09F-7A689742BE9F}.Release|x86.Build.0 = Release|Any CPU
		{DF5A60A8-C2DB-4F7F-98F6-1DFC82E82711}.Debug|Any CPU.ActiveCfg = Debug|Any CPU
		{DF5A60A8-C2DB-4F7F-98F6-1DFC82E82711}.Debug|Any CPU.Build.0 = Debug|Any CPU
		{DF5A60A8-C2DB-4F7F-98F6-1DFC82E82711}.Debug|x64.ActiveCfg = Debug|Any CPU
		{DF5A60A8-C2DB-4F7F-98F6-1DFC82E82711}.Debug|x64.Build.0 = Debug|Any CPU
		{DF5A60A8-C2DB-4F7F-98F6-1DFC82E82711}.Debug|x86.ActiveCfg = Debug|Any CPU
		{DF5A60A8-C2DB-4F7F-98F6-1DFC82E82711}.Debug|x86.Build.0 = Debug|Any CPU
		{DF5A60A8-C2DB-4F7F-98F6-1DFC82E82711}.Release|Any CPU.ActiveCfg = Release|Any CPU
		{DF5A60A8-C2DB-4F7F-98F6-1DFC82E82711}.Release|Any CPU.Build.0 = Release|Any CPU
		{DF5A60A8-C2DB-4F7F-98F6-1DFC82E82711}.Release|x64.ActiveCfg = Release|Any CPU
		{DF5A60A8-C2DB-4F7F-98F6-1DFC82E82711}.Release|x64.Build.0 = Release|Any CPU
		{DF5A60A8-C2DB-4F7F-98F6-1DFC82E82711}.Release|x86.ActiveCfg = Release|Any CPU
		{DF5A60A8-C2DB-4F7F-98F6-1DFC82E82711}.Release|x86.Build.0 = Release|Any CPU
		{FEBA47D9-81AD-41E1-B74E-1182B3868B37}.Debug|Any CPU.ActiveCfg = Debug|Any CPU
		{FEBA47D9-81AD-41E1-B74E-1182B3868B37}.Debug|Any CPU.Build.0 = Debug|Any CPU
		{FEBA47D9-81AD-41E1-B74E-1182B3868B37}.Debug|x64.ActiveCfg = Debug|Any CPU
		{FEBA47D9-81AD-41E1-B74E-1182B3868B37}.Debug|x64.Build.0 = Debug|Any CPU
		{FEBA47D9-81AD-41E1-B74E-1182B3868B37}.Debug|x86.ActiveCfg = Debug|Any CPU
		{FEBA47D9-81AD-41E1-B74E-1182B3868B37}.Debug|x86.Build.0 = Debug|Any CPU
		{FEBA47D9-81AD-41E1-B74E-1182B3868B37}.Release|Any CPU.ActiveCfg = Release|Any CPU
		{FEBA47D9-81AD-41E1-B74E-1182B3868B37}.Release|Any CPU.Build.0 = Release|Any CPU
		{FEBA47D9-81AD-41E1-B74E-1182B3868B37}.Release|x64.ActiveCfg = Release|Any CPU
		{FEBA47D9-81AD-41E1-B74E-1182B3868B37}.Release|x64.Build.0 = Release|Any CPU
		{FEBA47D9-81AD-41E1-B74E-1182B3868B37}.Release|x86.ActiveCfg = Release|Any CPU
		{FEBA47D9-81AD-41E1-B74E-1182B3868B37}.Release|x86.Build.0 = Release|Any CPU
		{2829AA0F-BD29-4488-BB66-660516FE0BB9}.Debug|Any CPU.ActiveCfg = Debug|Any CPU
		{2829AA0F-BD29-4488-BB66-660516FE0BB9}.Debug|Any CPU.Build.0 = Debug|Any CPU
		{2829AA0F-BD29-4488-BB66-660516FE0BB9}.Debug|x64.ActiveCfg = Debug|Any CPU
		{2829AA0F-BD29-4488-BB66-660516FE0BB9}.Debug|x64.Build.0 = Debug|Any CPU
		{2829AA0F-BD29-4488-BB66-660516FE0BB9}.Debug|x86.ActiveCfg = Debug|Any CPU
		{2829AA0F-BD29-4488-BB66-660516FE0BB9}.Debug|x86.Build.0 = Debug|Any CPU
		{2829AA0F-BD29-4488-BB66-660516FE0BB9}.Release|Any CPU.ActiveCfg = Release|Any CPU
		{2829AA0F-BD29-4488-BB66-660516FE0BB9}.Release|Any CPU.Build.0 = Release|Any CPU
		{2829AA0F-BD29-4488-BB66-660516FE0BB9}.Release|x64.ActiveCfg = Release|Any CPU
		{2829AA0F-BD29-4488-BB66-660516FE0BB9}.Release|x64.Build.0 = Release|Any CPU
		{2829AA0F-BD29-4488-BB66-660516FE0BB9}.Release|x86.ActiveCfg = Release|Any CPU
		{2829AA0F-BD29-4488-BB66-660516FE0BB9}.Release|x86.Build.0 = Release|Any CPU
		{2A84C4A6-D456-465E-B799-A3EC2B09260A}.Debug|Any CPU.ActiveCfg = Debug|Any CPU
		{2A84C4A6-D456-465E-B799-A3EC2B09260A}.Debug|Any CPU.Build.0 = Debug|Any CPU
		{2A84C4A6-D456-465E-B799-A3EC2B09260A}.Debug|x64.ActiveCfg = Debug|Any CPU
		{2A84C4A6-D456-465E-B799-A3EC2B09260A}.Debug|x64.Build.0 = Debug|Any CPU
		{2A84C4A6-D456-465E-B799-A3EC2B09260A}.Debug|x86.ActiveCfg = Debug|Any CPU
		{2A84C4A6-D456-465E-B799-A3EC2B09260A}.Debug|x86.Build.0 = Debug|Any CPU
		{2A84C4A6-D456-465E-B799-A3EC2B09260A}.Release|Any CPU.ActiveCfg = Release|Any CPU
		{2A84C4A6-D456-465E-B799-A3EC2B09260A}.Release|Any CPU.Build.0 = Release|Any CPU
		{2A84C4A6-D456-465E-B799-A3EC2B09260A}.Release|x64.ActiveCfg = Release|Any CPU
		{2A84C4A6-D456-465E-B799-A3EC2B09260A}.Release|x64.Build.0 = Release|Any CPU
		{2A84C4A6-D456-465E-B799-A3EC2B09260A}.Release|x86.ActiveCfg = Release|Any CPU
		{2A84C4A6-D456-465E-B799-A3EC2B09260A}.Release|x86.Build.0 = Release|Any CPU
		{9A2EA4FE-8C89-47AA-8029-6A9980BD0C2A}.Debug|Any CPU.ActiveCfg = Debug|Any CPU
		{9A2EA4FE-8C89-47AA-8029-6A9980BD0C2A}.Debug|Any CPU.Build.0 = Debug|Any CPU
		{9A2EA4FE-8C89-47AA-8029-6A9980BD0C2A}.Debug|x64.ActiveCfg = Debug|Any CPU
		{9A2EA4FE-8C89-47AA-8029-6A9980BD0C2A}.Debug|x64.Build.0 = Debug|Any CPU
		{9A2EA4FE-8C89-47AA-8029-6A9980BD0C2A}.Debug|x86.ActiveCfg = Debug|Any CPU
		{9A2EA4FE-8C89-47AA-8029-6A9980BD0C2A}.Debug|x86.Build.0 = Debug|Any CPU
		{9A2EA4FE-8C89-47AA-8029-6A9980BD0C2A}.Release|Any CPU.ActiveCfg = Release|Any CPU
		{9A2EA4FE-8C89-47AA-8029-6A9980BD0C2A}.Release|Any CPU.Build.0 = Release|Any CPU
		{9A2EA4FE-8C89-47AA-8029-6A9980BD0C2A}.Release|x64.ActiveCfg = Release|Any CPU
		{9A2EA4FE-8C89-47AA-8029-6A9980BD0C2A}.Release|x64.Build.0 = Release|Any CPU
		{9A2EA4FE-8C89-47AA-8029-6A9980BD0C2A}.Release|x86.ActiveCfg = Release|Any CPU
		{9A2EA4FE-8C89-47AA-8029-6A9980BD0C2A}.Release|x86.Build.0 = Release|Any CPU
		{E55F4076-1B77-4245-A390-20039B30D589}.Debug|Any CPU.ActiveCfg = Debug|Any CPU
		{E55F4076-1B77-4245-A390-20039B30D589}.Debug|Any CPU.Build.0 = Debug|Any CPU
		{E55F4076-1B77-4245-A390-20039B30D589}.Debug|x64.ActiveCfg = Debug|Any CPU
		{E55F4076-1B77-4245-A390-20039B30D589}.Debug|x64.Build.0 = Debug|Any CPU
		{E55F4076-1B77-4245-A390-20039B30D589}.Debug|x86.ActiveCfg = Debug|Any CPU
		{E55F4076-1B77-4245-A390-20039B30D589}.Debug|x86.Build.0 = Debug|Any CPU
		{E55F4076-1B77-4245-A390-20039B30D589}.Release|Any CPU.ActiveCfg = Release|Any CPU
		{E55F4076-1B77-4245-A390-20039B30D589}.Release|Any CPU.Build.0 = Release|Any CPU
		{E55F4076-1B77-4245-A390-20039B30D589}.Release|x64.ActiveCfg = Release|Any CPU
		{E55F4076-1B77-4245-A390-20039B30D589}.Release|x64.Build.0 = Release|Any CPU
		{E55F4076-1B77-4245-A390-20039B30D589}.Release|x86.ActiveCfg = Release|Any CPU
		{E55F4076-1B77-4245-A390-20039B30D589}.Release|x86.Build.0 = Release|Any CPU
		{AE921676-7EC2-45CD-A41D-3E76889B0ED6}.Debug|Any CPU.ActiveCfg = Debug|Any CPU
		{AE921676-7EC2-45CD-A41D-3E76889B0ED6}.Debug|Any CPU.Build.0 = Debug|Any CPU
		{AE921676-7EC2-45CD-A41D-3E76889B0ED6}.Debug|x64.ActiveCfg = Debug|Any CPU
		{AE921676-7EC2-45CD-A41D-3E76889B0ED6}.Debug|x64.Build.0 = Debug|Any CPU
		{AE921676-7EC2-45CD-A41D-3E76889B0ED6}.Debug|x86.ActiveCfg = Debug|Any CPU
		{AE921676-7EC2-45CD-A41D-3E76889B0ED6}.Debug|x86.Build.0 = Debug|Any CPU
		{AE921676-7EC2-45CD-A41D-3E76889B0ED6}.Release|Any CPU.ActiveCfg = Release|Any CPU
		{AE921676-7EC2-45CD-A41D-3E76889B0ED6}.Release|Any CPU.Build.0 = Release|Any CPU
		{AE921676-7EC2-45CD-A41D-3E76889B0ED6}.Release|x64.ActiveCfg = Release|Any CPU
		{AE921676-7EC2-45CD-A41D-3E76889B0ED6}.Release|x64.Build.0 = Release|Any CPU
		{AE921676-7EC2-45CD-A41D-3E76889B0ED6}.Release|x86.ActiveCfg = Release|Any CPU
		{AE921676-7EC2-45CD-A41D-3E76889B0ED6}.Release|x86.Build.0 = Release|Any CPU
		{B34524B1-2928-4D20-AE4F-E993C406F14A}.Debug|Any CPU.ActiveCfg = Debug|Any CPU
		{B34524B1-2928-4D20-AE4F-E993C406F14A}.Debug|Any CPU.Build.0 = Debug|Any CPU
		{B34524B1-2928-4D20-AE4F-E993C406F14A}.Debug|x64.ActiveCfg = Debug|Any CPU
		{B34524B1-2928-4D20-AE4F-E993C406F14A}.Debug|x64.Build.0 = Debug|Any CPU
		{B34524B1-2928-4D20-AE4F-E993C406F14A}.Debug|x86.ActiveCfg = Debug|Any CPU
		{B34524B1-2928-4D20-AE4F-E993C406F14A}.Debug|x86.Build.0 = Debug|Any CPU
		{B34524B1-2928-4D20-AE4F-E993C406F14A}.Release|Any CPU.ActiveCfg = Release|Any CPU
		{B34524B1-2928-4D20-AE4F-E993C406F14A}.Release|Any CPU.Build.0 = Release|Any CPU
		{B34524B1-2928-4D20-AE4F-E993C406F14A}.Release|x64.ActiveCfg = Release|Any CPU
		{B34524B1-2928-4D20-AE4F-E993C406F14A}.Release|x64.Build.0 = Release|Any CPU
		{B34524B1-2928-4D20-AE4F-E993C406F14A}.Release|x86.ActiveCfg = Release|Any CPU
		{B34524B1-2928-4D20-AE4F-E993C406F14A}.Release|x86.Build.0 = Release|Any CPU
		{2BF893AF-9990-4400-AACD-02CB71FE6A0A}.Debug|Any CPU.ActiveCfg = Debug|Any CPU
		{2BF893AF-9990-4400-AACD-02CB71FE6A0A}.Debug|Any CPU.Build.0 = Debug|Any CPU
		{2BF893AF-9990-4400-AACD-02CB71FE6A0A}.Debug|x64.ActiveCfg = Debug|Any CPU
		{2BF893AF-9990-4400-AACD-02CB71FE6A0A}.Debug|x64.Build.0 = Debug|Any CPU
		{2BF893AF-9990-4400-AACD-02CB71FE6A0A}.Debug|x86.ActiveCfg = Debug|Any CPU
		{2BF893AF-9990-4400-AACD-02CB71FE6A0A}.Debug|x86.Build.0 = Debug|Any CPU
		{2BF893AF-9990-4400-AACD-02CB71FE6A0A}.Release|Any CPU.ActiveCfg = Release|Any CPU
		{2BF893AF-9990-4400-AACD-02CB71FE6A0A}.Release|Any CPU.Build.0 = Release|Any CPU
		{2BF893AF-9990-4400-AACD-02CB71FE6A0A}.Release|x64.ActiveCfg = Release|Any CPU
		{2BF893AF-9990-4400-AACD-02CB71FE6A0A}.Release|x64.Build.0 = Release|Any CPU
		{2BF893AF-9990-4400-AACD-02CB71FE6A0A}.Release|x86.ActiveCfg = Release|Any CPU
		{2BF893AF-9990-4400-AACD-02CB71FE6A0A}.Release|x86.Build.0 = Release|Any CPU
		{AB12111D-115B-4221-952E-9C771D26C0AE}.Debug|Any CPU.ActiveCfg = Debug|Any CPU
		{AB12111D-115B-4221-952E-9C771D26C0AE}.Debug|Any CPU.Build.0 = Debug|Any CPU
		{AB12111D-115B-4221-952E-9C771D26C0AE}.Debug|x64.ActiveCfg = Debug|Any CPU
		{AB12111D-115B-4221-952E-9C771D26C0AE}.Debug|x64.Build.0 = Debug|Any CPU
		{AB12111D-115B-4221-952E-9C771D26C0AE}.Debug|x86.ActiveCfg = Debug|Any CPU
		{AB12111D-115B-4221-952E-9C771D26C0AE}.Debug|x86.Build.0 = Debug|Any CPU
		{AB12111D-115B-4221-952E-9C771D26C0AE}.Release|Any CPU.ActiveCfg = Release|Any CPU
		{AB12111D-115B-4221-952E-9C771D26C0AE}.Release|Any CPU.Build.0 = Release|Any CPU
		{AB12111D-115B-4221-952E-9C771D26C0AE}.Release|x64.ActiveCfg = Release|Any CPU
		{AB12111D-115B-4221-952E-9C771D26C0AE}.Release|x64.Build.0 = Release|Any CPU
		{AB12111D-115B-4221-952E-9C771D26C0AE}.Release|x86.ActiveCfg = Release|Any CPU
		{AB12111D-115B-4221-952E-9C771D26C0AE}.Release|x86.Build.0 = Release|Any CPU
		{0EA74DC5-5216-4BF3-875E-92BF0BFCACC4}.Debug|Any CPU.ActiveCfg = Debug|Any CPU
		{0EA74DC5-5216-4BF3-875E-92BF0BFCACC4}.Debug|Any CPU.Build.0 = Debug|Any CPU
		{0EA74DC5-5216-4BF3-875E-92BF0BFCACC4}.Debug|x64.ActiveCfg = Debug|Any CPU
		{0EA74DC5-5216-4BF3-875E-92BF0BFCACC4}.Debug|x64.Build.0 = Debug|Any CPU
		{0EA74DC5-5216-4BF3-875E-92BF0BFCACC4}.Debug|x86.ActiveCfg = Debug|Any CPU
		{0EA74DC5-5216-4BF3-875E-92BF0BFCACC4}.Debug|x86.Build.0 = Debug|Any CPU
		{0EA74DC5-5216-4BF3-875E-92BF0BFCACC4}.Release|Any CPU.ActiveCfg = Release|Any CPU
		{0EA74DC5-5216-4BF3-875E-92BF0BFCACC4}.Release|Any CPU.Build.0 = Release|Any CPU
		{0EA74DC5-5216-4BF3-875E-92BF0BFCACC4}.Release|x64.ActiveCfg = Release|Any CPU
		{0EA74DC5-5216-4BF3-875E-92BF0BFCACC4}.Release|x64.Build.0 = Release|Any CPU
		{0EA74DC5-5216-4BF3-875E-92BF0BFCACC4}.Release|x86.ActiveCfg = Release|Any CPU
		{0EA74DC5-5216-4BF3-875E-92BF0BFCACC4}.Release|x86.Build.0 = Release|Any CPU
		{B02F02E9-0049-4EFB-9031-9DF71856BDB4}.Debug|Any CPU.ActiveCfg = Debug|Any CPU
		{B02F02E9-0049-4EFB-9031-9DF71856BDB4}.Debug|Any CPU.Build.0 = Debug|Any CPU
		{B02F02E9-0049-4EFB-9031-9DF71856BDB4}.Debug|x64.ActiveCfg = Debug|Any CPU
		{B02F02E9-0049-4EFB-9031-9DF71856BDB4}.Debug|x64.Build.0 = Debug|Any CPU
		{B02F02E9-0049-4EFB-9031-9DF71856BDB4}.Debug|x86.ActiveCfg = Debug|Any CPU
		{B02F02E9-0049-4EFB-9031-9DF71856BDB4}.Debug|x86.Build.0 = Debug|Any CPU
		{B02F02E9-0049-4EFB-9031-9DF71856BDB4}.Release|Any CPU.ActiveCfg = Release|Any CPU
		{B02F02E9-0049-4EFB-9031-9DF71856BDB4}.Release|Any CPU.Build.0 = Release|Any CPU
		{B02F02E9-0049-4EFB-9031-9DF71856BDB4}.Release|x64.ActiveCfg = Release|Any CPU
		{B02F02E9-0049-4EFB-9031-9DF71856BDB4}.Release|x64.Build.0 = Release|Any CPU
		{B02F02E9-0049-4EFB-9031-9DF71856BDB4}.Release|x86.ActiveCfg = Release|Any CPU
		{B02F02E9-0049-4EFB-9031-9DF71856BDB4}.Release|x86.Build.0 = Release|Any CPU
		{CEE28065-7925-41D7-96A4-C42682A775B7}.Debug|Any CPU.ActiveCfg = Debug|Any CPU
		{CEE28065-7925-41D7-96A4-C42682A775B7}.Debug|Any CPU.Build.0 = Debug|Any CPU
		{CEE28065-7925-41D7-96A4-C42682A775B7}.Debug|x64.ActiveCfg = Debug|Any CPU
		{CEE28065-7925-41D7-96A4-C42682A775B7}.Debug|x64.Build.0 = Debug|Any CPU
		{CEE28065-7925-41D7-96A4-C42682A775B7}.Debug|x86.ActiveCfg = Debug|Any CPU
		{CEE28065-7925-41D7-96A4-C42682A775B7}.Debug|x86.Build.0 = Debug|Any CPU
		{CEE28065-7925-41D7-96A4-C42682A775B7}.Release|Any CPU.ActiveCfg = Release|Any CPU
		{CEE28065-7925-41D7-96A4-C42682A775B7}.Release|Any CPU.Build.0 = Release|Any CPU
		{CEE28065-7925-41D7-96A4-C42682A775B7}.Release|x64.ActiveCfg = Release|Any CPU
		{CEE28065-7925-41D7-96A4-C42682A775B7}.Release|x64.Build.0 = Release|Any CPU
		{CEE28065-7925-41D7-96A4-C42682A775B7}.Release|x86.ActiveCfg = Release|Any CPU
		{CEE28065-7925-41D7-96A4-C42682A775B7}.Release|x86.Build.0 = Release|Any CPU
		{672A0934-92B6-4175-8BF3-21AA3D17A090}.Debug|Any CPU.ActiveCfg = Debug|Any CPU
		{672A0934-92B6-4175-8BF3-21AA3D17A090}.Debug|Any CPU.Build.0 = Debug|Any CPU
		{672A0934-92B6-4175-8BF3-21AA3D17A090}.Debug|x64.ActiveCfg = Debug|Any CPU
		{672A0934-92B6-4175-8BF3-21AA3D17A090}.Debug|x64.Build.0 = Debug|Any CPU
		{672A0934-92B6-4175-8BF3-21AA3D17A090}.Debug|x86.ActiveCfg = Debug|Any CPU
		{672A0934-92B6-4175-8BF3-21AA3D17A090}.Debug|x86.Build.0 = Debug|Any CPU
		{672A0934-92B6-4175-8BF3-21AA3D17A090}.Release|Any CPU.ActiveCfg = Release|Any CPU
		{672A0934-92B6-4175-8BF3-21AA3D17A090}.Release|Any CPU.Build.0 = Release|Any CPU
		{672A0934-92B6-4175-8BF3-21AA3D17A090}.Release|x64.ActiveCfg = Release|Any CPU
		{672A0934-92B6-4175-8BF3-21AA3D17A090}.Release|x64.Build.0 = Release|Any CPU
		{672A0934-92B6-4175-8BF3-21AA3D17A090}.Release|x86.ActiveCfg = Release|Any CPU
		{672A0934-92B6-4175-8BF3-21AA3D17A090}.Release|x86.Build.0 = Release|Any CPU
		{BA53B2FE-1968-4980-BE41-8833FCCD0567}.Debug|Any CPU.ActiveCfg = Debug|Any CPU
		{BA53B2FE-1968-4980-BE41-8833FCCD0567}.Debug|Any CPU.Build.0 = Debug|Any CPU
		{BA53B2FE-1968-4980-BE41-8833FCCD0567}.Debug|x64.ActiveCfg = Debug|Any CPU
		{BA53B2FE-1968-4980-BE41-8833FCCD0567}.Debug|x64.Build.0 = Debug|Any CPU
		{BA53B2FE-1968-4980-BE41-8833FCCD0567}.Debug|x86.ActiveCfg = Debug|Any CPU
		{BA53B2FE-1968-4980-BE41-8833FCCD0567}.Debug|x86.Build.0 = Debug|Any CPU
		{BA53B2FE-1968-4980-BE41-8833FCCD0567}.Release|Any CPU.ActiveCfg = Release|Any CPU
		{BA53B2FE-1968-4980-BE41-8833FCCD0567}.Release|Any CPU.Build.0 = Release|Any CPU
		{BA53B2FE-1968-4980-BE41-8833FCCD0567}.Release|x64.ActiveCfg = Release|Any CPU
		{BA53B2FE-1968-4980-BE41-8833FCCD0567}.Release|x64.Build.0 = Release|Any CPU
		{BA53B2FE-1968-4980-BE41-8833FCCD0567}.Release|x86.ActiveCfg = Release|Any CPU
		{BA53B2FE-1968-4980-BE41-8833FCCD0567}.Release|x86.Build.0 = Release|Any CPU
		{190A03F1-7B85-4823-BD9E-7D512B8749BF}.Debug|Any CPU.ActiveCfg = Debug|Any CPU
		{190A03F1-7B85-4823-BD9E-7D512B8749BF}.Debug|Any CPU.Build.0 = Debug|Any CPU
		{190A03F1-7B85-4823-BD9E-7D512B8749BF}.Debug|x64.ActiveCfg = Debug|Any CPU
		{190A03F1-7B85-4823-BD9E-7D512B8749BF}.Debug|x64.Build.0 = Debug|Any CPU
		{190A03F1-7B85-4823-BD9E-7D512B8749BF}.Debug|x86.ActiveCfg = Debug|Any CPU
		{190A03F1-7B85-4823-BD9E-7D512B8749BF}.Debug|x86.Build.0 = Debug|Any CPU
		{190A03F1-7B85-4823-BD9E-7D512B8749BF}.Release|Any CPU.ActiveCfg = Release|Any CPU
		{190A03F1-7B85-4823-BD9E-7D512B8749BF}.Release|Any CPU.Build.0 = Release|Any CPU
		{190A03F1-7B85-4823-BD9E-7D512B8749BF}.Release|x64.ActiveCfg = Release|Any CPU
		{190A03F1-7B85-4823-BD9E-7D512B8749BF}.Release|x64.Build.0 = Release|Any CPU
		{190A03F1-7B85-4823-BD9E-7D512B8749BF}.Release|x86.ActiveCfg = Release|Any CPU
		{190A03F1-7B85-4823-BD9E-7D512B8749BF}.Release|x86.Build.0 = Release|Any CPU
		{C816E2DF-9645-4ED3-B0D3-03540D8A0A84}.Debug|Any CPU.ActiveCfg = Debug|Any CPU
		{C816E2DF-9645-4ED3-B0D3-03540D8A0A84}.Debug|Any CPU.Build.0 = Debug|Any CPU
		{C816E2DF-9645-4ED3-B0D3-03540D8A0A84}.Debug|x64.ActiveCfg = Debug|Any CPU
		{C816E2DF-9645-4ED3-B0D3-03540D8A0A84}.Debug|x64.Build.0 = Debug|Any CPU
		{C816E2DF-9645-4ED3-B0D3-03540D8A0A84}.Debug|x86.ActiveCfg = Debug|Any CPU
		{C816E2DF-9645-4ED3-B0D3-03540D8A0A84}.Debug|x86.Build.0 = Debug|Any CPU
		{C816E2DF-9645-4ED3-B0D3-03540D8A0A84}.Release|Any CPU.ActiveCfg = Release|Any CPU
		{C816E2DF-9645-4ED3-B0D3-03540D8A0A84}.Release|Any CPU.Build.0 = Release|Any CPU
		{C816E2DF-9645-4ED3-B0D3-03540D8A0A84}.Release|x64.ActiveCfg = Release|Any CPU
		{C816E2DF-9645-4ED3-B0D3-03540D8A0A84}.Release|x64.Build.0 = Release|Any CPU
		{C816E2DF-9645-4ED3-B0D3-03540D8A0A84}.Release|x86.ActiveCfg = Release|Any CPU
		{C816E2DF-9645-4ED3-B0D3-03540D8A0A84}.Release|x86.Build.0 = Release|Any CPU
		{78A8E1F6-ED77-4854-97C2-84F023A75A2C}.Debug|Any CPU.ActiveCfg = Debug|Any CPU
		{78A8E1F6-ED77-4854-97C2-84F023A75A2C}.Debug|Any CPU.Build.0 = Debug|Any CPU
		{78A8E1F6-ED77-4854-97C2-84F023A75A2C}.Debug|x64.ActiveCfg = Debug|Any CPU
		{78A8E1F6-ED77-4854-97C2-84F023A75A2C}.Debug|x64.Build.0 = Debug|Any CPU
		{78A8E1F6-ED77-4854-97C2-84F023A75A2C}.Debug|x86.ActiveCfg = Debug|Any CPU
		{78A8E1F6-ED77-4854-97C2-84F023A75A2C}.Debug|x86.Build.0 = Debug|Any CPU
		{78A8E1F6-ED77-4854-97C2-84F023A75A2C}.Release|Any CPU.ActiveCfg = Release|Any CPU
		{78A8E1F6-ED77-4854-97C2-84F023A75A2C}.Release|Any CPU.Build.0 = Release|Any CPU
		{78A8E1F6-ED77-4854-97C2-84F023A75A2C}.Release|x64.ActiveCfg = Release|Any CPU
		{78A8E1F6-ED77-4854-97C2-84F023A75A2C}.Release|x64.Build.0 = Release|Any CPU
		{78A8E1F6-ED77-4854-97C2-84F023A75A2C}.Release|x86.ActiveCfg = Release|Any CPU
		{78A8E1F6-ED77-4854-97C2-84F023A75A2C}.Release|x86.Build.0 = Release|Any CPU
		{AFF0E178-58A6-413E-BBDE-5D05D7CE1F88}.Debug|Any CPU.ActiveCfg = Debug|Any CPU
		{AFF0E178-58A6-413E-BBDE-5D05D7CE1F88}.Debug|Any CPU.Build.0 = Debug|Any CPU
		{AFF0E178-58A6-413E-BBDE-5D05D7CE1F88}.Debug|x64.ActiveCfg = Debug|Any CPU
		{AFF0E178-58A6-413E-BBDE-5D05D7CE1F88}.Debug|x64.Build.0 = Debug|Any CPU
		{AFF0E178-58A6-413E-BBDE-5D05D7CE1F88}.Debug|x86.ActiveCfg = Debug|Any CPU
		{AFF0E178-58A6-413E-BBDE-5D05D7CE1F88}.Debug|x86.Build.0 = Debug|Any CPU
		{AFF0E178-58A6-413E-BBDE-5D05D7CE1F88}.Release|Any CPU.ActiveCfg = Release|Any CPU
		{AFF0E178-58A6-413E-BBDE-5D05D7CE1F88}.Release|Any CPU.Build.0 = Release|Any CPU
		{AFF0E178-58A6-413E-BBDE-5D05D7CE1F88}.Release|x64.ActiveCfg = Release|Any CPU
		{AFF0E178-58A6-413E-BBDE-5D05D7CE1F88}.Release|x64.Build.0 = Release|Any CPU
		{AFF0E178-58A6-413E-BBDE-5D05D7CE1F88}.Release|x86.ActiveCfg = Release|Any CPU
		{AFF0E178-58A6-413E-BBDE-5D05D7CE1F88}.Release|x86.Build.0 = Release|Any CPU
		{9F26E9C5-AEEE-4BC7-AB54-BB6C80EC27E3}.Debug|Any CPU.ActiveCfg = Debug|Any CPU
		{9F26E9C5-AEEE-4BC7-AB54-BB6C80EC27E3}.Debug|Any CPU.Build.0 = Debug|Any CPU
		{9F26E9C5-AEEE-4BC7-AB54-BB6C80EC27E3}.Debug|x64.ActiveCfg = Debug|Any CPU
		{9F26E9C5-AEEE-4BC7-AB54-BB6C80EC27E3}.Debug|x64.Build.0 = Debug|Any CPU
		{9F26E9C5-AEEE-4BC7-AB54-BB6C80EC27E3}.Debug|x86.ActiveCfg = Debug|Any CPU
		{9F26E9C5-AEEE-4BC7-AB54-BB6C80EC27E3}.Debug|x86.Build.0 = Debug|Any CPU
		{9F26E9C5-AEEE-4BC7-AB54-BB6C80EC27E3}.Release|Any CPU.ActiveCfg = Release|Any CPU
		{9F26E9C5-AEEE-4BC7-AB54-BB6C80EC27E3}.Release|Any CPU.Build.0 = Release|Any CPU
		{9F26E9C5-AEEE-4BC7-AB54-BB6C80EC27E3}.Release|x64.ActiveCfg = Release|Any CPU
		{9F26E9C5-AEEE-4BC7-AB54-BB6C80EC27E3}.Release|x64.Build.0 = Release|Any CPU
		{9F26E9C5-AEEE-4BC7-AB54-BB6C80EC27E3}.Release|x86.ActiveCfg = Release|Any CPU
		{9F26E9C5-AEEE-4BC7-AB54-BB6C80EC27E3}.Release|x86.Build.0 = Release|Any CPU
		{93C3FE74-C538-4FBC-9979-FAAFA7D02674}.Debug|Any CPU.ActiveCfg = Debug|Any CPU
		{93C3FE74-C538-4FBC-9979-FAAFA7D02674}.Debug|Any CPU.Build.0 = Debug|Any CPU
		{93C3FE74-C538-4FBC-9979-FAAFA7D02674}.Debug|x64.ActiveCfg = Debug|Any CPU
		{93C3FE74-C538-4FBC-9979-FAAFA7D02674}.Debug|x64.Build.0 = Debug|Any CPU
		{93C3FE74-C538-4FBC-9979-FAAFA7D02674}.Debug|x86.ActiveCfg = Debug|Any CPU
		{93C3FE74-C538-4FBC-9979-FAAFA7D02674}.Debug|x86.Build.0 = Debug|Any CPU
		{93C3FE74-C538-4FBC-9979-FAAFA7D02674}.Release|Any CPU.ActiveCfg = Release|Any CPU
		{93C3FE74-C538-4FBC-9979-FAAFA7D02674}.Release|Any CPU.Build.0 = Release|Any CPU
		{93C3FE74-C538-4FBC-9979-FAAFA7D02674}.Release|x64.ActiveCfg = Release|Any CPU
		{93C3FE74-C538-4FBC-9979-FAAFA7D02674}.Release|x64.Build.0 = Release|Any CPU
		{93C3FE74-C538-4FBC-9979-FAAFA7D02674}.Release|x86.ActiveCfg = Release|Any CPU
		{93C3FE74-C538-4FBC-9979-FAAFA7D02674}.Release|x86.Build.0 = Release|Any CPU
		{56768915-437B-4A20-9E49-36B54F25C2F6}.Debug|Any CPU.ActiveCfg = Debug|Any CPU
		{56768915-437B-4A20-9E49-36B54F25C2F6}.Debug|Any CPU.Build.0 = Debug|Any CPU
		{56768915-437B-4A20-9E49-36B54F25C2F6}.Debug|x64.ActiveCfg = Debug|Any CPU
		{56768915-437B-4A20-9E49-36B54F25C2F6}.Debug|x64.Build.0 = Debug|Any CPU
		{56768915-437B-4A20-9E49-36B54F25C2F6}.Debug|x86.ActiveCfg = Debug|Any CPU
		{56768915-437B-4A20-9E49-36B54F25C2F6}.Debug|x86.Build.0 = Debug|Any CPU
		{56768915-437B-4A20-9E49-36B54F25C2F6}.Release|Any CPU.ActiveCfg = Release|Any CPU
		{56768915-437B-4A20-9E49-36B54F25C2F6}.Release|Any CPU.Build.0 = Release|Any CPU
		{56768915-437B-4A20-9E49-36B54F25C2F6}.Release|x64.ActiveCfg = Release|Any CPU
		{56768915-437B-4A20-9E49-36B54F25C2F6}.Release|x64.Build.0 = Release|Any CPU
		{56768915-437B-4A20-9E49-36B54F25C2F6}.Release|x86.ActiveCfg = Release|Any CPU
		{56768915-437B-4A20-9E49-36B54F25C2F6}.Release|x86.Build.0 = Release|Any CPU
		{CB2E4A1C-8003-4861-931E-AA4581FD7FC8}.Debug|Any CPU.ActiveCfg = Debug|Any CPU
		{CB2E4A1C-8003-4861-931E-AA4581FD7FC8}.Debug|Any CPU.Build.0 = Debug|Any CPU
		{CB2E4A1C-8003-4861-931E-AA4581FD7FC8}.Debug|x64.ActiveCfg = Debug|Any CPU
		{CB2E4A1C-8003-4861-931E-AA4581FD7FC8}.Debug|x64.Build.0 = Debug|Any CPU
		{CB2E4A1C-8003-4861-931E-AA4581FD7FC8}.Debug|x86.ActiveCfg = Debug|Any CPU
		{CB2E4A1C-8003-4861-931E-AA4581FD7FC8}.Debug|x86.Build.0 = Debug|Any CPU
		{CB2E4A1C-8003-4861-931E-AA4581FD7FC8}.Release|Any CPU.ActiveCfg = Release|Any CPU
		{CB2E4A1C-8003-4861-931E-AA4581FD7FC8}.Release|Any CPU.Build.0 = Release|Any CPU
		{CB2E4A1C-8003-4861-931E-AA4581FD7FC8}.Release|x64.ActiveCfg = Release|Any CPU
		{CB2E4A1C-8003-4861-931E-AA4581FD7FC8}.Release|x64.Build.0 = Release|Any CPU
		{CB2E4A1C-8003-4861-931E-AA4581FD7FC8}.Release|x86.ActiveCfg = Release|Any CPU
		{CB2E4A1C-8003-4861-931E-AA4581FD7FC8}.Release|x86.Build.0 = Release|Any CPU
		{A3648C39-ADF0-4B83-93F8-BDD605C975F3}.Debug|Any CPU.ActiveCfg = Debug|Any CPU
		{A3648C39-ADF0-4B83-93F8-BDD605C975F3}.Debug|Any CPU.Build.0 = Debug|Any CPU
		{A3648C39-ADF0-4B83-93F8-BDD605C975F3}.Debug|x64.ActiveCfg = Debug|Any CPU
		{A3648C39-ADF0-4B83-93F8-BDD605C975F3}.Debug|x64.Build.0 = Debug|Any CPU
		{A3648C39-ADF0-4B83-93F8-BDD605C975F3}.Debug|x86.ActiveCfg = Debug|Any CPU
		{A3648C39-ADF0-4B83-93F8-BDD605C975F3}.Debug|x86.Build.0 = Debug|Any CPU
		{A3648C39-ADF0-4B83-93F8-BDD605C975F3}.Release|Any CPU.ActiveCfg = Release|Any CPU
		{A3648C39-ADF0-4B83-93F8-BDD605C975F3}.Release|Any CPU.Build.0 = Release|Any CPU
		{A3648C39-ADF0-4B83-93F8-BDD605C975F3}.Release|x64.ActiveCfg = Release|Any CPU
		{A3648C39-ADF0-4B83-93F8-BDD605C975F3}.Release|x64.Build.0 = Release|Any CPU
		{A3648C39-ADF0-4B83-93F8-BDD605C975F3}.Release|x86.ActiveCfg = Release|Any CPU
		{A3648C39-ADF0-4B83-93F8-BDD605C975F3}.Release|x86.Build.0 = Release|Any CPU
		{5D91F061-377F-46ED-9844-9CE55518BEE5}.Debug|Any CPU.ActiveCfg = Debug|Any CPU
		{5D91F061-377F-46ED-9844-9CE55518BEE5}.Debug|Any CPU.Build.0 = Debug|Any CPU
		{5D91F061-377F-46ED-9844-9CE55518BEE5}.Debug|x64.ActiveCfg = Debug|Any CPU
		{5D91F061-377F-46ED-9844-9CE55518BEE5}.Debug|x64.Build.0 = Debug|Any CPU
		{5D91F061-377F-46ED-9844-9CE55518BEE5}.Debug|x86.ActiveCfg = Debug|Any CPU
		{5D91F061-377F-46ED-9844-9CE55518BEE5}.Debug|x86.Build.0 = Debug|Any CPU
		{5D91F061-377F-46ED-9844-9CE55518BEE5}.Release|Any CPU.ActiveCfg = Release|Any CPU
		{5D91F061-377F-46ED-9844-9CE55518BEE5}.Release|Any CPU.Build.0 = Release|Any CPU
		{5D91F061-377F-46ED-9844-9CE55518BEE5}.Release|x64.ActiveCfg = Release|Any CPU
		{5D91F061-377F-46ED-9844-9CE55518BEE5}.Release|x64.Build.0 = Release|Any CPU
		{5D91F061-377F-46ED-9844-9CE55518BEE5}.Release|x86.ActiveCfg = Release|Any CPU
		{5D91F061-377F-46ED-9844-9CE55518BEE5}.Release|x86.Build.0 = Release|Any CPU
		{093872AA-F3A2-46F3-A94A-C1F99FE0D351}.Debug|Any CPU.ActiveCfg = Debug|Any CPU
		{093872AA-F3A2-46F3-A94A-C1F99FE0D351}.Debug|Any CPU.Build.0 = Debug|Any CPU
		{093872AA-F3A2-46F3-A94A-C1F99FE0D351}.Debug|x64.ActiveCfg = Debug|Any CPU
		{093872AA-F3A2-46F3-A94A-C1F99FE0D351}.Debug|x64.Build.0 = Debug|Any CPU
		{093872AA-F3A2-46F3-A94A-C1F99FE0D351}.Debug|x86.ActiveCfg = Debug|Any CPU
		{093872AA-F3A2-46F3-A94A-C1F99FE0D351}.Debug|x86.Build.0 = Debug|Any CPU
		{093872AA-F3A2-46F3-A94A-C1F99FE0D351}.Release|Any CPU.ActiveCfg = Release|Any CPU
		{093872AA-F3A2-46F3-A94A-C1F99FE0D351}.Release|Any CPU.Build.0 = Release|Any CPU
		{093872AA-F3A2-46F3-A94A-C1F99FE0D351}.Release|x64.ActiveCfg = Release|Any CPU
		{093872AA-F3A2-46F3-A94A-C1F99FE0D351}.Release|x64.Build.0 = Release|Any CPU
		{093872AA-F3A2-46F3-A94A-C1F99FE0D351}.Release|x86.ActiveCfg = Release|Any CPU
		{093872AA-F3A2-46F3-A94A-C1F99FE0D351}.Release|x86.Build.0 = Release|Any CPU
		{AAC62AE7-B53B-438A-B7EF-6A768824A383}.Debug|Any CPU.ActiveCfg = Debug|Any CPU
		{AAC62AE7-B53B-438A-B7EF-6A768824A383}.Debug|Any CPU.Build.0 = Debug|Any CPU
		{AAC62AE7-B53B-438A-B7EF-6A768824A383}.Debug|x64.ActiveCfg = Debug|Any CPU
		{AAC62AE7-B53B-438A-B7EF-6A768824A383}.Debug|x64.Build.0 = Debug|Any CPU
		{AAC62AE7-B53B-438A-B7EF-6A768824A383}.Debug|x86.ActiveCfg = Debug|Any CPU
		{AAC62AE7-B53B-438A-B7EF-6A768824A383}.Debug|x86.Build.0 = Debug|Any CPU
		{AAC62AE7-B53B-438A-B7EF-6A768824A383}.Release|Any CPU.ActiveCfg = Release|Any CPU
		{AAC62AE7-B53B-438A-B7EF-6A768824A383}.Release|Any CPU.Build.0 = Release|Any CPU
		{AAC62AE7-B53B-438A-B7EF-6A768824A383}.Release|x64.ActiveCfg = Release|Any CPU
		{AAC62AE7-B53B-438A-B7EF-6A768824A383}.Release|x64.Build.0 = Release|Any CPU
		{AAC62AE7-B53B-438A-B7EF-6A768824A383}.Release|x86.ActiveCfg = Release|Any CPU
		{AAC62AE7-B53B-438A-B7EF-6A768824A383}.Release|x86.Build.0 = Release|Any CPU
		{EF6948A3-F868-4B4B-A793-3844A7C67264}.Debug|Any CPU.ActiveCfg = Debug|Any CPU
		{EF6948A3-F868-4B4B-A793-3844A7C67264}.Debug|Any CPU.Build.0 = Debug|Any CPU
		{EF6948A3-F868-4B4B-A793-3844A7C67264}.Debug|x64.ActiveCfg = Debug|Any CPU
		{EF6948A3-F868-4B4B-A793-3844A7C67264}.Debug|x64.Build.0 = Debug|Any CPU
		{EF6948A3-F868-4B4B-A793-3844A7C67264}.Debug|x86.ActiveCfg = Debug|Any CPU
		{EF6948A3-F868-4B4B-A793-3844A7C67264}.Debug|x86.Build.0 = Debug|Any CPU
		{EF6948A3-F868-4B4B-A793-3844A7C67264}.Release|Any CPU.ActiveCfg = Release|Any CPU
		{EF6948A3-F868-4B4B-A793-3844A7C67264}.Release|Any CPU.Build.0 = Release|Any CPU
		{EF6948A3-F868-4B4B-A793-3844A7C67264}.Release|x64.ActiveCfg = Release|Any CPU
		{EF6948A3-F868-4B4B-A793-3844A7C67264}.Release|x64.Build.0 = Release|Any CPU
		{EF6948A3-F868-4B4B-A793-3844A7C67264}.Release|x86.ActiveCfg = Release|Any CPU
		{EF6948A3-F868-4B4B-A793-3844A7C67264}.Release|x86.Build.0 = Release|Any CPU
		{EE9F5B68-4507-4EDA-834F-F2470D647F82}.Debug|Any CPU.ActiveCfg = Debug|Any CPU
		{EE9F5B68-4507-4EDA-834F-F2470D647F82}.Debug|Any CPU.Build.0 = Debug|Any CPU
		{EE9F5B68-4507-4EDA-834F-F2470D647F82}.Debug|x64.ActiveCfg = Debug|Any CPU
		{EE9F5B68-4507-4EDA-834F-F2470D647F82}.Debug|x64.Build.0 = Debug|Any CPU
		{EE9F5B68-4507-4EDA-834F-F2470D647F82}.Debug|x86.ActiveCfg = Debug|Any CPU
		{EE9F5B68-4507-4EDA-834F-F2470D647F82}.Debug|x86.Build.0 = Debug|Any CPU
		{EE9F5B68-4507-4EDA-834F-F2470D647F82}.Release|Any CPU.ActiveCfg = Release|Any CPU
		{EE9F5B68-4507-4EDA-834F-F2470D647F82}.Release|Any CPU.Build.0 = Release|Any CPU
		{EE9F5B68-4507-4EDA-834F-F2470D647F82}.Release|x64.ActiveCfg = Release|Any CPU
		{EE9F5B68-4507-4EDA-834F-F2470D647F82}.Release|x64.Build.0 = Release|Any CPU
		{EE9F5B68-4507-4EDA-834F-F2470D647F82}.Release|x86.ActiveCfg = Release|Any CPU
		{EE9F5B68-4507-4EDA-834F-F2470D647F82}.Release|x86.Build.0 = Release|Any CPU
		{DAF83973-7708-42E3-A114-B455047F038B}.Debug|Any CPU.ActiveCfg = Debug|Any CPU
		{DAF83973-7708-42E3-A114-B455047F038B}.Debug|Any CPU.Build.0 = Debug|Any CPU
		{DAF83973-7708-42E3-A114-B455047F038B}.Debug|x64.ActiveCfg = Debug|Any CPU
		{DAF83973-7708-42E3-A114-B455047F038B}.Debug|x64.Build.0 = Debug|Any CPU
		{DAF83973-7708-42E3-A114-B455047F038B}.Debug|x86.ActiveCfg = Debug|Any CPU
		{DAF83973-7708-42E3-A114-B455047F038B}.Debug|x86.Build.0 = Debug|Any CPU
		{DAF83973-7708-42E3-A114-B455047F038B}.Release|Any CPU.ActiveCfg = Release|Any CPU
		{DAF83973-7708-42E3-A114-B455047F038B}.Release|Any CPU.Build.0 = Release|Any CPU
		{DAF83973-7708-42E3-A114-B455047F038B}.Release|x64.ActiveCfg = Release|Any CPU
		{DAF83973-7708-42E3-A114-B455047F038B}.Release|x64.Build.0 = Release|Any CPU
		{DAF83973-7708-42E3-A114-B455047F038B}.Release|x86.ActiveCfg = Release|Any CPU
		{DAF83973-7708-42E3-A114-B455047F038B}.Release|x86.Build.0 = Release|Any CPU
		{69F1E81F-D47B-47F7-AE74-47068719CDD6}.Debug|Any CPU.ActiveCfg = Debug|Any CPU
		{69F1E81F-D47B-47F7-AE74-47068719CDD6}.Debug|Any CPU.Build.0 = Debug|Any CPU
		{69F1E81F-D47B-47F7-AE74-47068719CDD6}.Debug|x64.ActiveCfg = Debug|Any CPU
		{69F1E81F-D47B-47F7-AE74-47068719CDD6}.Debug|x64.Build.0 = Debug|Any CPU
		{69F1E81F-D47B-47F7-AE74-47068719CDD6}.Debug|x86.ActiveCfg = Debug|Any CPU
		{69F1E81F-D47B-47F7-AE74-47068719CDD6}.Debug|x86.Build.0 = Debug|Any CPU
		{69F1E81F-D47B-47F7-AE74-47068719CDD6}.Release|Any CPU.ActiveCfg = Release|Any CPU
		{69F1E81F-D47B-47F7-AE74-47068719CDD6}.Release|Any CPU.Build.0 = Release|Any CPU
		{69F1E81F-D47B-47F7-AE74-47068719CDD6}.Release|x64.ActiveCfg = Release|Any CPU
		{69F1E81F-D47B-47F7-AE74-47068719CDD6}.Release|x64.Build.0 = Release|Any CPU
		{69F1E81F-D47B-47F7-AE74-47068719CDD6}.Release|x86.ActiveCfg = Release|Any CPU
		{69F1E81F-D47B-47F7-AE74-47068719CDD6}.Release|x86.Build.0 = Release|Any CPU
		{338F371D-D2EB-48D3-A002-3DAF501724AC}.Debug|Any CPU.ActiveCfg = Debug|Any CPU
		{338F371D-D2EB-48D3-A002-3DAF501724AC}.Debug|Any CPU.Build.0 = Debug|Any CPU
		{338F371D-D2EB-48D3-A002-3DAF501724AC}.Debug|x64.ActiveCfg = Debug|Any CPU
		{338F371D-D2EB-48D3-A002-3DAF501724AC}.Debug|x64.Build.0 = Debug|Any CPU
		{338F371D-D2EB-48D3-A002-3DAF501724AC}.Debug|x86.ActiveCfg = Debug|Any CPU
		{338F371D-D2EB-48D3-A002-3DAF501724AC}.Debug|x86.Build.0 = Debug|Any CPU
		{338F371D-D2EB-48D3-A002-3DAF501724AC}.Release|Any CPU.ActiveCfg = Release|Any CPU
		{338F371D-D2EB-48D3-A002-3DAF501724AC}.Release|Any CPU.Build.0 = Release|Any CPU
		{338F371D-D2EB-48D3-A002-3DAF501724AC}.Release|x64.ActiveCfg = Release|Any CPU
		{338F371D-D2EB-48D3-A002-3DAF501724AC}.Release|x64.Build.0 = Release|Any CPU
		{338F371D-D2EB-48D3-A002-3DAF501724AC}.Release|x86.ActiveCfg = Release|Any CPU
		{338F371D-D2EB-48D3-A002-3DAF501724AC}.Release|x86.Build.0 = Release|Any CPU
		{881C0BE2-7172-4962-926B-6F0DE5405D9C}.Debug|Any CPU.ActiveCfg = Debug|Any CPU
		{881C0BE2-7172-4962-926B-6F0DE5405D9C}.Debug|Any CPU.Build.0 = Debug|Any CPU
		{881C0BE2-7172-4962-926B-6F0DE5405D9C}.Debug|x64.ActiveCfg = Debug|Any CPU
		{881C0BE2-7172-4962-926B-6F0DE5405D9C}.Debug|x64.Build.0 = Debug|Any CPU
		{881C0BE2-7172-4962-926B-6F0DE5405D9C}.Debug|x86.ActiveCfg = Debug|Any CPU
		{881C0BE2-7172-4962-926B-6F0DE5405D9C}.Debug|x86.Build.0 = Debug|Any CPU
		{881C0BE2-7172-4962-926B-6F0DE5405D9C}.Release|Any CPU.ActiveCfg = Release|Any CPU
		{881C0BE2-7172-4962-926B-6F0DE5405D9C}.Release|Any CPU.Build.0 = Release|Any CPU
		{881C0BE2-7172-4962-926B-6F0DE5405D9C}.Release|x64.ActiveCfg = Release|Any CPU
		{881C0BE2-7172-4962-926B-6F0DE5405D9C}.Release|x64.Build.0 = Release|Any CPU
		{881C0BE2-7172-4962-926B-6F0DE5405D9C}.Release|x86.ActiveCfg = Release|Any CPU
		{881C0BE2-7172-4962-926B-6F0DE5405D9C}.Release|x86.Build.0 = Release|Any CPU
		{B7077375-CD5E-4392-B238-E1EE82AFC4F9}.Debug|Any CPU.ActiveCfg = Debug|Any CPU
		{B7077375-CD5E-4392-B238-E1EE82AFC4F9}.Debug|Any CPU.Build.0 = Debug|Any CPU
		{B7077375-CD5E-4392-B238-E1EE82AFC4F9}.Debug|x64.ActiveCfg = Debug|Any CPU
		{B7077375-CD5E-4392-B238-E1EE82AFC4F9}.Debug|x64.Build.0 = Debug|Any CPU
		{B7077375-CD5E-4392-B238-E1EE82AFC4F9}.Debug|x86.ActiveCfg = Debug|Any CPU
		{B7077375-CD5E-4392-B238-E1EE82AFC4F9}.Debug|x86.Build.0 = Debug|Any CPU
		{B7077375-CD5E-4392-B238-E1EE82AFC4F9}.Release|Any CPU.ActiveCfg = Release|Any CPU
		{B7077375-CD5E-4392-B238-E1EE82AFC4F9}.Release|Any CPU.Build.0 = Release|Any CPU
		{B7077375-CD5E-4392-B238-E1EE82AFC4F9}.Release|x64.ActiveCfg = Release|Any CPU
		{B7077375-CD5E-4392-B238-E1EE82AFC4F9}.Release|x64.Build.0 = Release|Any CPU
		{B7077375-CD5E-4392-B238-E1EE82AFC4F9}.Release|x86.ActiveCfg = Release|Any CPU
		{B7077375-CD5E-4392-B238-E1EE82AFC4F9}.Release|x86.Build.0 = Release|Any CPU
		{149899A5-B5D9-4229-9D66-D69D212ECDFB}.Debug|Any CPU.ActiveCfg = Debug|Any CPU
		{149899A5-B5D9-4229-9D66-D69D212ECDFB}.Debug|Any CPU.Build.0 = Debug|Any CPU
		{149899A5-B5D9-4229-9D66-D69D212ECDFB}.Debug|x64.ActiveCfg = Debug|Any CPU
		{149899A5-B5D9-4229-9D66-D69D212ECDFB}.Debug|x64.Build.0 = Debug|Any CPU
		{149899A5-B5D9-4229-9D66-D69D212ECDFB}.Debug|x86.ActiveCfg = Debug|Any CPU
		{149899A5-B5D9-4229-9D66-D69D212ECDFB}.Debug|x86.Build.0 = Debug|Any CPU
		{149899A5-B5D9-4229-9D66-D69D212ECDFB}.Release|Any CPU.ActiveCfg = Release|Any CPU
		{149899A5-B5D9-4229-9D66-D69D212ECDFB}.Release|Any CPU.Build.0 = Release|Any CPU
		{149899A5-B5D9-4229-9D66-D69D212ECDFB}.Release|x64.ActiveCfg = Release|Any CPU
		{149899A5-B5D9-4229-9D66-D69D212ECDFB}.Release|x64.Build.0 = Release|Any CPU
		{149899A5-B5D9-4229-9D66-D69D212ECDFB}.Release|x86.ActiveCfg = Release|Any CPU
		{149899A5-B5D9-4229-9D66-D69D212ECDFB}.Release|x86.Build.0 = Release|Any CPU
		{E7510B24-6D48-4681-9B70-DAFA53AD5391}.Debug|Any CPU.ActiveCfg = Debug|Any CPU
		{E7510B24-6D48-4681-9B70-DAFA53AD5391}.Debug|Any CPU.Build.0 = Debug|Any CPU
		{E7510B24-6D48-4681-9B70-DAFA53AD5391}.Debug|x64.ActiveCfg = Debug|Any CPU
		{E7510B24-6D48-4681-9B70-DAFA53AD5391}.Debug|x64.Build.0 = Debug|Any CPU
		{E7510B24-6D48-4681-9B70-DAFA53AD5391}.Debug|x86.ActiveCfg = Debug|Any CPU
		{E7510B24-6D48-4681-9B70-DAFA53AD5391}.Debug|x86.Build.0 = Debug|Any CPU
		{E7510B24-6D48-4681-9B70-DAFA53AD5391}.Release|Any CPU.ActiveCfg = Release|Any CPU
		{E7510B24-6D48-4681-9B70-DAFA53AD5391}.Release|Any CPU.Build.0 = Release|Any CPU
		{E7510B24-6D48-4681-9B70-DAFA53AD5391}.Release|x64.ActiveCfg = Release|Any CPU
		{E7510B24-6D48-4681-9B70-DAFA53AD5391}.Release|x64.Build.0 = Release|Any CPU
		{E7510B24-6D48-4681-9B70-DAFA53AD5391}.Release|x86.ActiveCfg = Release|Any CPU
		{E7510B24-6D48-4681-9B70-DAFA53AD5391}.Release|x86.Build.0 = Release|Any CPU
		{045E5881-30B0-495F-A0D0-51BA3CA5A13F}.Debug|Any CPU.ActiveCfg = Debug|Any CPU
		{045E5881-30B0-495F-A0D0-51BA3CA5A13F}.Debug|Any CPU.Build.0 = Debug|Any CPU
		{045E5881-30B0-495F-A0D0-51BA3CA5A13F}.Debug|x64.ActiveCfg = Debug|Any CPU
		{045E5881-30B0-495F-A0D0-51BA3CA5A13F}.Debug|x64.Build.0 = Debug|Any CPU
		{045E5881-30B0-495F-A0D0-51BA3CA5A13F}.Debug|x86.ActiveCfg = Debug|Any CPU
		{045E5881-30B0-495F-A0D0-51BA3CA5A13F}.Debug|x86.Build.0 = Debug|Any CPU
		{045E5881-30B0-495F-A0D0-51BA3CA5A13F}.Release|Any CPU.ActiveCfg = Release|Any CPU
		{045E5881-30B0-495F-A0D0-51BA3CA5A13F}.Release|Any CPU.Build.0 = Release|Any CPU
		{045E5881-30B0-495F-A0D0-51BA3CA5A13F}.Release|x64.ActiveCfg = Release|Any CPU
		{045E5881-30B0-495F-A0D0-51BA3CA5A13F}.Release|x64.Build.0 = Release|Any CPU
		{045E5881-30B0-495F-A0D0-51BA3CA5A13F}.Release|x86.ActiveCfg = Release|Any CPU
		{045E5881-30B0-495F-A0D0-51BA3CA5A13F}.Release|x86.Build.0 = Release|Any CPU
		{34EBB01A-D098-468C-9D0F-8225F21D1B47}.Debug|Any CPU.ActiveCfg = Debug|Any CPU
		{34EBB01A-D098-468C-9D0F-8225F21D1B47}.Debug|Any CPU.Build.0 = Debug|Any CPU
		{34EBB01A-D098-468C-9D0F-8225F21D1B47}.Debug|x64.ActiveCfg = Debug|Any CPU
		{34EBB01A-D098-468C-9D0F-8225F21D1B47}.Debug|x64.Build.0 = Debug|Any CPU
		{34EBB01A-D098-468C-9D0F-8225F21D1B47}.Debug|x86.ActiveCfg = Debug|Any CPU
		{34EBB01A-D098-468C-9D0F-8225F21D1B47}.Debug|x86.Build.0 = Debug|Any CPU
		{34EBB01A-D098-468C-9D0F-8225F21D1B47}.Release|Any CPU.ActiveCfg = Release|Any CPU
		{34EBB01A-D098-468C-9D0F-8225F21D1B47}.Release|Any CPU.Build.0 = Release|Any CPU
		{34EBB01A-D098-468C-9D0F-8225F21D1B47}.Release|x64.ActiveCfg = Release|Any CPU
		{34EBB01A-D098-468C-9D0F-8225F21D1B47}.Release|x64.Build.0 = Release|Any CPU
		{34EBB01A-D098-468C-9D0F-8225F21D1B47}.Release|x86.ActiveCfg = Release|Any CPU
		{34EBB01A-D098-468C-9D0F-8225F21D1B47}.Release|x86.Build.0 = Release|Any CPU
		{5699476D-A2C6-45D2-AED7-49A3E9B44D13}.Debug|Any CPU.ActiveCfg = Debug|Any CPU
		{5699476D-A2C6-45D2-AED7-49A3E9B44D13}.Debug|Any CPU.Build.0 = Debug|Any CPU
		{5699476D-A2C6-45D2-AED7-49A3E9B44D13}.Debug|x64.ActiveCfg = Debug|Any CPU
		{5699476D-A2C6-45D2-AED7-49A3E9B44D13}.Debug|x64.Build.0 = Debug|Any CPU
		{5699476D-A2C6-45D2-AED7-49A3E9B44D13}.Debug|x86.ActiveCfg = Debug|Any CPU
		{5699476D-A2C6-45D2-AED7-49A3E9B44D13}.Debug|x86.Build.0 = Debug|Any CPU
		{5699476D-A2C6-45D2-AED7-49A3E9B44D13}.Release|Any CPU.ActiveCfg = Release|Any CPU
		{5699476D-A2C6-45D2-AED7-49A3E9B44D13}.Release|Any CPU.Build.0 = Release|Any CPU
		{5699476D-A2C6-45D2-AED7-49A3E9B44D13}.Release|x64.ActiveCfg = Release|Any CPU
		{5699476D-A2C6-45D2-AED7-49A3E9B44D13}.Release|x64.Build.0 = Release|Any CPU
		{5699476D-A2C6-45D2-AED7-49A3E9B44D13}.Release|x86.ActiveCfg = Release|Any CPU
		{5699476D-A2C6-45D2-AED7-49A3E9B44D13}.Release|x86.Build.0 = Release|Any CPU
		{CE4FA269-9335-4E6F-9864-66DBA1021227}.Debug|Any CPU.ActiveCfg = Debug|Any CPU
		{CE4FA269-9335-4E6F-9864-66DBA1021227}.Debug|Any CPU.Build.0 = Debug|Any CPU
		{CE4FA269-9335-4E6F-9864-66DBA1021227}.Debug|x64.ActiveCfg = Debug|Any CPU
		{CE4FA269-9335-4E6F-9864-66DBA1021227}.Debug|x64.Build.0 = Debug|Any CPU
		{CE4FA269-9335-4E6F-9864-66DBA1021227}.Debug|x86.ActiveCfg = Debug|Any CPU
		{CE4FA269-9335-4E6F-9864-66DBA1021227}.Debug|x86.Build.0 = Debug|Any CPU
		{CE4FA269-9335-4E6F-9864-66DBA1021227}.Release|Any CPU.ActiveCfg = Release|Any CPU
		{CE4FA269-9335-4E6F-9864-66DBA1021227}.Release|Any CPU.Build.0 = Release|Any CPU
		{CE4FA269-9335-4E6F-9864-66DBA1021227}.Release|x64.ActiveCfg = Release|Any CPU
		{CE4FA269-9335-4E6F-9864-66DBA1021227}.Release|x64.Build.0 = Release|Any CPU
		{CE4FA269-9335-4E6F-9864-66DBA1021227}.Release|x86.ActiveCfg = Release|Any CPU
		{CE4FA269-9335-4E6F-9864-66DBA1021227}.Release|x86.Build.0 = Release|Any CPU
		{AB23B3DD-20D5-4F55-ABD7-AEA9EF226B6F}.Debug|Any CPU.ActiveCfg = Debug|Any CPU
		{AB23B3DD-20D5-4F55-ABD7-AEA9EF226B6F}.Debug|Any CPU.Build.0 = Debug|Any CPU
		{AB23B3DD-20D5-4F55-ABD7-AEA9EF226B6F}.Debug|x64.ActiveCfg = Debug|Any CPU
		{AB23B3DD-20D5-4F55-ABD7-AEA9EF226B6F}.Debug|x64.Build.0 = Debug|Any CPU
		{AB23B3DD-20D5-4F55-ABD7-AEA9EF226B6F}.Debug|x86.ActiveCfg = Debug|Any CPU
		{AB23B3DD-20D5-4F55-ABD7-AEA9EF226B6F}.Debug|x86.Build.0 = Debug|Any CPU
		{AB23B3DD-20D5-4F55-ABD7-AEA9EF226B6F}.Release|Any CPU.ActiveCfg = Release|Any CPU
		{AB23B3DD-20D5-4F55-ABD7-AEA9EF226B6F}.Release|Any CPU.Build.0 = Release|Any CPU
		{AB23B3DD-20D5-4F55-ABD7-AEA9EF226B6F}.Release|x64.ActiveCfg = Release|Any CPU
		{AB23B3DD-20D5-4F55-ABD7-AEA9EF226B6F}.Release|x64.Build.0 = Release|Any CPU
		{AB23B3DD-20D5-4F55-ABD7-AEA9EF226B6F}.Release|x86.ActiveCfg = Release|Any CPU
		{AB23B3DD-20D5-4F55-ABD7-AEA9EF226B6F}.Release|x86.Build.0 = Release|Any CPU
		{45598563-9E00-470B-9ABD-D8E428054B57}.Debug|Any CPU.ActiveCfg = Debug|Any CPU
		{45598563-9E00-470B-9ABD-D8E428054B57}.Debug|Any CPU.Build.0 = Debug|Any CPU
		{45598563-9E00-470B-9ABD-D8E428054B57}.Debug|x64.ActiveCfg = Debug|Any CPU
		{45598563-9E00-470B-9ABD-D8E428054B57}.Debug|x64.Build.0 = Debug|Any CPU
		{45598563-9E00-470B-9ABD-D8E428054B57}.Debug|x86.ActiveCfg = Debug|Any CPU
		{45598563-9E00-470B-9ABD-D8E428054B57}.Debug|x86.Build.0 = Debug|Any CPU
		{45598563-9E00-470B-9ABD-D8E428054B57}.Release|Any CPU.ActiveCfg = Release|Any CPU
		{45598563-9E00-470B-9ABD-D8E428054B57}.Release|Any CPU.Build.0 = Release|Any CPU
		{45598563-9E00-470B-9ABD-D8E428054B57}.Release|x64.ActiveCfg = Release|Any CPU
		{45598563-9E00-470B-9ABD-D8E428054B57}.Release|x64.Build.0 = Release|Any CPU
		{45598563-9E00-470B-9ABD-D8E428054B57}.Release|x86.ActiveCfg = Release|Any CPU
		{45598563-9E00-470B-9ABD-D8E428054B57}.Release|x86.Build.0 = Release|Any CPU
		{BB6EDD70-2A12-4DEA-9FB0-96D5BD27285F}.Debug|Any CPU.ActiveCfg = Debug|Any CPU
		{BB6EDD70-2A12-4DEA-9FB0-96D5BD27285F}.Debug|Any CPU.Build.0 = Debug|Any CPU
		{BB6EDD70-2A12-4DEA-9FB0-96D5BD27285F}.Debug|x64.ActiveCfg = Debug|Any CPU
		{BB6EDD70-2A12-4DEA-9FB0-96D5BD27285F}.Debug|x64.Build.0 = Debug|Any CPU
		{BB6EDD70-2A12-4DEA-9FB0-96D5BD27285F}.Debug|x86.ActiveCfg = Debug|Any CPU
		{BB6EDD70-2A12-4DEA-9FB0-96D5BD27285F}.Debug|x86.Build.0 = Debug|Any CPU
		{BB6EDD70-2A12-4DEA-9FB0-96D5BD27285F}.Release|Any CPU.ActiveCfg = Release|Any CPU
		{BB6EDD70-2A12-4DEA-9FB0-96D5BD27285F}.Release|Any CPU.Build.0 = Release|Any CPU
		{BB6EDD70-2A12-4DEA-9FB0-96D5BD27285F}.Release|x64.ActiveCfg = Release|Any CPU
		{BB6EDD70-2A12-4DEA-9FB0-96D5BD27285F}.Release|x64.Build.0 = Release|Any CPU
		{BB6EDD70-2A12-4DEA-9FB0-96D5BD27285F}.Release|x86.ActiveCfg = Release|Any CPU
		{BB6EDD70-2A12-4DEA-9FB0-96D5BD27285F}.Release|x86.Build.0 = Release|Any CPU
		{8900DBDB-371B-4298-B0CD-B01D62D382D0}.Debug|Any CPU.ActiveCfg = Debug|Any CPU
		{8900DBDB-371B-4298-B0CD-B01D62D382D0}.Debug|Any CPU.Build.0 = Debug|Any CPU
		{8900DBDB-371B-4298-B0CD-B01D62D382D0}.Debug|x64.ActiveCfg = Debug|Any CPU
		{8900DBDB-371B-4298-B0CD-B01D62D382D0}.Debug|x64.Build.0 = Debug|Any CPU
		{8900DBDB-371B-4298-B0CD-B01D62D382D0}.Debug|x86.ActiveCfg = Debug|Any CPU
		{8900DBDB-371B-4298-B0CD-B01D62D382D0}.Debug|x86.Build.0 = Debug|Any CPU
		{8900DBDB-371B-4298-B0CD-B01D62D382D0}.Release|Any CPU.ActiveCfg = Release|Any CPU
		{8900DBDB-371B-4298-B0CD-B01D62D382D0}.Release|Any CPU.Build.0 = Release|Any CPU
		{8900DBDB-371B-4298-B0CD-B01D62D382D0}.Release|x64.ActiveCfg = Release|Any CPU
		{8900DBDB-371B-4298-B0CD-B01D62D382D0}.Release|x64.Build.0 = Release|Any CPU
		{8900DBDB-371B-4298-B0CD-B01D62D382D0}.Release|x86.ActiveCfg = Release|Any CPU
		{8900DBDB-371B-4298-B0CD-B01D62D382D0}.Release|x86.Build.0 = Release|Any CPU
		{81163337-D26E-4D4A-A6B5-7C9CA09E1C7E}.Debug|Any CPU.ActiveCfg = Debug|Any CPU
		{81163337-D26E-4D4A-A6B5-7C9CA09E1C7E}.Debug|Any CPU.Build.0 = Debug|Any CPU
		{81163337-D26E-4D4A-A6B5-7C9CA09E1C7E}.Debug|x64.ActiveCfg = Debug|Any CPU
		{81163337-D26E-4D4A-A6B5-7C9CA09E1C7E}.Debug|x64.Build.0 = Debug|Any CPU
		{81163337-D26E-4D4A-A6B5-7C9CA09E1C7E}.Debug|x86.ActiveCfg = Debug|Any CPU
		{81163337-D26E-4D4A-A6B5-7C9CA09E1C7E}.Debug|x86.Build.0 = Debug|Any CPU
		{81163337-D26E-4D4A-A6B5-7C9CA09E1C7E}.Release|Any CPU.ActiveCfg = Release|Any CPU
		{81163337-D26E-4D4A-A6B5-7C9CA09E1C7E}.Release|Any CPU.Build.0 = Release|Any CPU
		{81163337-D26E-4D4A-A6B5-7C9CA09E1C7E}.Release|x64.ActiveCfg = Release|Any CPU
		{81163337-D26E-4D4A-A6B5-7C9CA09E1C7E}.Release|x64.Build.0 = Release|Any CPU
		{81163337-D26E-4D4A-A6B5-7C9CA09E1C7E}.Release|x86.ActiveCfg = Release|Any CPU
		{81163337-D26E-4D4A-A6B5-7C9CA09E1C7E}.Release|x86.Build.0 = Release|Any CPU
		{1C10EA71-8CC6-4984-B6FB-E3FB832A1270}.Debug|Any CPU.ActiveCfg = Debug|Any CPU
		{1C10EA71-8CC6-4984-B6FB-E3FB832A1270}.Debug|Any CPU.Build.0 = Debug|Any CPU
		{1C10EA71-8CC6-4984-B6FB-E3FB832A1270}.Debug|x64.ActiveCfg = Debug|Any CPU
		{1C10EA71-8CC6-4984-B6FB-E3FB832A1270}.Debug|x64.Build.0 = Debug|Any CPU
		{1C10EA71-8CC6-4984-B6FB-E3FB832A1270}.Debug|x86.ActiveCfg = Debug|Any CPU
		{1C10EA71-8CC6-4984-B6FB-E3FB832A1270}.Debug|x86.Build.0 = Debug|Any CPU
		{1C10EA71-8CC6-4984-B6FB-E3FB832A1270}.Release|Any CPU.ActiveCfg = Release|Any CPU
		{1C10EA71-8CC6-4984-B6FB-E3FB832A1270}.Release|Any CPU.Build.0 = Release|Any CPU
		{1C10EA71-8CC6-4984-B6FB-E3FB832A1270}.Release|x64.ActiveCfg = Release|Any CPU
		{1C10EA71-8CC6-4984-B6FB-E3FB832A1270}.Release|x64.Build.0 = Release|Any CPU
		{1C10EA71-8CC6-4984-B6FB-E3FB832A1270}.Release|x86.ActiveCfg = Release|Any CPU
		{1C10EA71-8CC6-4984-B6FB-E3FB832A1270}.Release|x86.Build.0 = Release|Any CPU
	EndGlobalSection
EndGlobal
